
Microsoft Visual Studio Solution File, Format Version 12.00
# Visual Studio Version 16
VisualStudioVersion = 16.0.29613.14
MinimumVisualStudioVersion = 10.0.40219.1
Project("{8BC9CEB8-8B4A-11D0-8D11-00A0C91BC942}") = "Win10-Install", "Win10-Install\Win10-Install.vcxproj", "{0A758D24-3B2C-4ACE-B768-70D6EDC98456}"
EndProject
Project("{8BC9CEB8-8B4A-11D0-8D11-00A0C91BC942}") = "Win10-Startup", "Win10-Startup\Win10-Startup.vcxproj", "{F1CEA721-6349-4433-A45C-F0C51A0D73AC}"
EndProject
Project("{6141683F-8A12-4E36-9623-2EB02B2C2303}") = "Install", "Install\Install.isproj", "{AA5FE79E-C903-4376-9773-E2666A4A2935}"
	ProjectSection(ProjectDependencies) = postProject
		{F1CEA721-6349-4433-A45C-F0C51A0D73AC} = {F1CEA721-6349-4433-A45C-F0C51A0D73AC}
		{0A758D24-3B2C-4ACE-B768-70D6EDC98456} = {0A758D24-3B2C-4ACE-B768-70D6EDC98456}
		{D73FF72A-76AE-458E-AB77-FD05BF61D65E} = {D73FF72A-76AE-458E-AB77-FD05BF61D65E}
		{885D5E76-D32E-4BAC-9449-2213DB94720B} = {885D5E76-D32E-4BAC-9449-2213DB94720B}
		{21FB6577-9282-4493-A3D6-D7608D55690D} = {21FB6577-9282-4493-A3D6-D7608D55690D}
	EndProjectSection
EndProject
Project("{8BC9CEB8-8B4A-11D0-8D11-00A0C91BC942}") = "Win10-RunOnce", "Win10-RunOnce\Win10-RunOnce.vcxproj", "{21FB6577-9282-4493-A3D6-D7608D55690D}"
EndProject
Project("{8BC9CEB8-8B4A-11D0-8D11-00A0C91BC942}") = "Install-PostBuild", "Install-PostBuild\Install-PostBuild.vcxproj", "{BB87CC43-D196-4349-96D2-BAF23D372891}"
	ProjectSection(ProjectDependencies) = postProject
		{F1CEA721-6349-4433-A45C-F0C51A0D73AC} = {F1CEA721-6349-4433-A45C-F0C51A0D73AC}
		{0A758D24-3B2C-4ACE-B768-70D6EDC98456} = {0A758D24-3B2C-4ACE-B768-70D6EDC98456}
		{D73FF72A-76AE-458E-AB77-FD05BF61D65E} = {D73FF72A-76AE-458E-AB77-FD05BF61D65E}
		{885D5E76-D32E-4BAC-9449-2213DB94720B} = {885D5E76-D32E-4BAC-9449-2213DB94720B}
		{21FB6577-9282-4493-A3D6-D7608D55690D} = {21FB6577-9282-4493-A3D6-D7608D55690D}
		{AA5FE79E-C903-4376-9773-E2666A4A2935} = {AA5FE79E-C903-4376-9773-E2666A4A2935}
	EndProjectSection
EndProject
Project("{8BC9CEB8-8B4A-11D0-8D11-00A0C91BC942}") = "rx_net_bridge", "rx_net_bridge\rx_net_bridge.vcxproj", "{D73FF72A-76AE-458E-AB77-FD05BF61D65E}"
EndProject
Project("{8BC9CEB8-8B4A-11D0-8D11-00A0C91BC942}") = "rx_route", "rx_route\rx_route.vcxproj", "{885D5E76-D32E-4BAC-9449-2213DB94720B}"
EndProject
Project("{54435603-DBB4-11D2-8724-00A0C9A8B90C}") = "InstallElo", "InstallElo\InstallElo.vdproj", "{E1741AA0-DA48-491A-A4FE-8D9DB1757EAE}"
EndProject
Global
	GlobalSection(SolutionConfigurationPlatforms) = preSolution
		CD_ROM|Any CPU = CD_ROM|Any CPU
		CD_ROM|Mixed Platforms = CD_ROM|Mixed Platforms
		CD_ROM|Win32 = CD_ROM|Win32
		CD_ROM|x64 = CD_ROM|x64
		Debug|Any CPU = Debug|Any CPU
		Debug|Mixed Platforms = Debug|Mixed Platforms
		Debug|Win32 = Debug|Win32
		Debug|x64 = Debug|x64
		Debug-Remote|Any CPU = Debug-Remote|Any CPU
		Debug-Remote|Mixed Platforms = Debug-Remote|Mixed Platforms
		Debug-Remote|Win32 = Debug-Remote|Win32
		Debug-Remote|x64 = Debug-Remote|x64
		DVD-5|Any CPU = DVD-5|Any CPU
		DVD-5|Mixed Platforms = DVD-5|Mixed Platforms
		DVD-5|Win32 = DVD-5|Win32
		DVD-5|x64 = DVD-5|x64
		Release|Any CPU = Release|Any CPU
		Release|Mixed Platforms = Release|Mixed Platforms
		Release|Win32 = Release|Win32
		Release|x64 = Release|x64
		SingleImage|Any CPU = SingleImage|Any CPU
		SingleImage|Mixed Platforms = SingleImage|Mixed Platforms
		SingleImage|Win32 = SingleImage|Win32
		SingleImage|x64 = SingleImage|x64
	EndGlobalSection
	GlobalSection(ProjectConfigurationPlatforms) = postSolution
		{0A758D24-3B2C-4ACE-B768-70D6EDC98456}.CD_ROM|Any CPU.ActiveCfg = Debug-Remote|x64
		{0A758D24-3B2C-4ACE-B768-70D6EDC98456}.CD_ROM|Mixed Platforms.ActiveCfg = Debug-Remote|x64
		{0A758D24-3B2C-4ACE-B768-70D6EDC98456}.CD_ROM|Mixed Platforms.Build.0 = Debug-Remote|x64
		{0A758D24-3B2C-4ACE-B768-70D6EDC98456}.CD_ROM|Win32.ActiveCfg = Release|x64
		{0A758D24-3B2C-4ACE-B768-70D6EDC98456}.CD_ROM|x64.ActiveCfg = Release|x64
		{0A758D24-3B2C-4ACE-B768-70D6EDC98456}.CD_ROM|x64.Build.0 = Release|x64
		{0A758D24-3B2C-4ACE-B768-70D6EDC98456}.Debug|Any CPU.ActiveCfg = Debug|x64
		{0A758D24-3B2C-4ACE-B768-70D6EDC98456}.Debug|Mixed Platforms.ActiveCfg = Debug|x64
		{0A758D24-3B2C-4ACE-B768-70D6EDC98456}.Debug|Mixed Platforms.Build.0 = Debug|x64
		{0A758D24-3B2C-4ACE-B768-70D6EDC98456}.Debug|Win32.ActiveCfg = Debug|x64
		{0A758D24-3B2C-4ACE-B768-70D6EDC98456}.Debug|x64.ActiveCfg = Debug|x64
		{0A758D24-3B2C-4ACE-B768-70D6EDC98456}.Debug|x64.Build.0 = Debug|x64
		{0A758D24-3B2C-4ACE-B768-70D6EDC98456}.Debug-Remote|Any CPU.ActiveCfg = Debug-Remote|x64
		{0A758D24-3B2C-4ACE-B768-70D6EDC98456}.Debug-Remote|Mixed Platforms.ActiveCfg = Debug-Remote|x64
		{0A758D24-3B2C-4ACE-B768-70D6EDC98456}.Debug-Remote|Mixed Platforms.Build.0 = Debug-Remote|x64
		{0A758D24-3B2C-4ACE-B768-70D6EDC98456}.Debug-Remote|Win32.ActiveCfg = Debug-Remote|x64
		{0A758D24-3B2C-4ACE-B768-70D6EDC98456}.Debug-Remote|x64.ActiveCfg = Debug-Remote|x64
		{0A758D24-3B2C-4ACE-B768-70D6EDC98456}.DVD-5|Any CPU.ActiveCfg = Debug-Remote|x64
		{0A758D24-3B2C-4ACE-B768-70D6EDC98456}.DVD-5|Mixed Platforms.ActiveCfg = Debug-Remote|x64
		{0A758D24-3B2C-4ACE-B768-70D6EDC98456}.DVD-5|Mixed Platforms.Build.0 = Debug-Remote|x64
		{0A758D24-3B2C-4ACE-B768-70D6EDC98456}.DVD-5|Win32.ActiveCfg = Debug-Remote|x64
		{0A758D24-3B2C-4ACE-B768-70D6EDC98456}.DVD-5|x64.ActiveCfg = Debug-Remote|x64
		{0A758D24-3B2C-4ACE-B768-70D6EDC98456}.DVD-5|x64.Build.0 = Debug-Remote|x64
		{0A758D24-3B2C-4ACE-B768-70D6EDC98456}.Release|Any CPU.ActiveCfg = Release|x64
		{0A758D24-3B2C-4ACE-B768-70D6EDC98456}.Release|Mixed Platforms.ActiveCfg = Release|x64
		{0A758D24-3B2C-4ACE-B768-70D6EDC98456}.Release|Mixed Platforms.Build.0 = Release|x64
		{0A758D24-3B2C-4ACE-B768-70D6EDC98456}.Release|Win32.ActiveCfg = Release|x64
		{0A758D24-3B2C-4ACE-B768-70D6EDC98456}.Release|Win32.Build.0 = Release|x64
		{0A758D24-3B2C-4ACE-B768-70D6EDC98456}.Release|x64.ActiveCfg = Release|x64
		{0A758D24-3B2C-4ACE-B768-70D6EDC98456}.SingleImage|Any CPU.ActiveCfg = Debug-Remote|x64
		{0A758D24-3B2C-4ACE-B768-70D6EDC98456}.SingleImage|Mixed Platforms.ActiveCfg = Debug-Remote|x64
		{0A758D24-3B2C-4ACE-B768-70D6EDC98456}.SingleImage|Mixed Platforms.Build.0 = Debug-Remote|x64
		{0A758D24-3B2C-4ACE-B768-70D6EDC98456}.SingleImage|Win32.ActiveCfg = Release|x64
		{0A758D24-3B2C-4ACE-B768-70D6EDC98456}.SingleImage|x64.ActiveCfg = Release|x64
		{0A758D24-3B2C-4ACE-B768-70D6EDC98456}.SingleImage|x64.Build.0 = Release|x64
		{F1CEA721-6349-4433-A45C-F0C51A0D73AC}.CD_ROM|Any CPU.ActiveCfg = Release|x64
		{F1CEA721-6349-4433-A45C-F0C51A0D73AC}.CD_ROM|Mixed Platforms.ActiveCfg = Release|x64
		{F1CEA721-6349-4433-A45C-F0C51A0D73AC}.CD_ROM|Mixed Platforms.Build.0 = Release|x64
		{F1CEA721-6349-4433-A45C-F0C51A0D73AC}.CD_ROM|Win32.ActiveCfg = Debug-Remote|x64
		{F1CEA721-6349-4433-A45C-F0C51A0D73AC}.CD_ROM|x64.ActiveCfg = Debug-Remote|x64
		{F1CEA721-6349-4433-A45C-F0C51A0D73AC}.CD_ROM|x64.Build.0 = Debug-Remote|x64
		{F1CEA721-6349-4433-A45C-F0C51A0D73AC}.Debug|Any CPU.ActiveCfg = Debug|x64
		{F1CEA721-6349-4433-A45C-F0C51A0D73AC}.Debug|Mixed Platforms.ActiveCfg = Debug|x64
		{F1CEA721-6349-4433-A45C-F0C51A0D73AC}.Debug|Mixed Platforms.Build.0 = Debug|x64
		{F1CEA721-6349-4433-A45C-F0C51A0D73AC}.Debug|Win32.ActiveCfg = Debug|x64
		{F1CEA721-6349-4433-A45C-F0C51A0D73AC}.Debug|x64.ActiveCfg = Debug|x64
		{F1CEA721-6349-4433-A45C-F0C51A0D73AC}.Debug|x64.Build.0 = Debug|x64
		{F1CEA721-6349-4433-A45C-F0C51A0D73AC}.Debug-Remote|Any CPU.ActiveCfg = Debug-Remote|x64
		{F1CEA721-6349-4433-A45C-F0C51A0D73AC}.Debug-Remote|Mixed Platforms.ActiveCfg = Debug-Remote|x64
		{F1CEA721-6349-4433-A45C-F0C51A0D73AC}.Debug-Remote|Mixed Platforms.Build.0 = Debug-Remote|x64
		{F1CEA721-6349-4433-A45C-F0C51A0D73AC}.Debug-Remote|Win32.ActiveCfg = Debug|x64
		{F1CEA721-6349-4433-A45C-F0C51A0D73AC}.Debug-Remote|x64.ActiveCfg = Debug-Remote|x64
		{F1CEA721-6349-4433-A45C-F0C51A0D73AC}.Debug-Remote|x64.Build.0 = Debug-Remote|x64
		{F1CEA721-6349-4433-A45C-F0C51A0D73AC}.DVD-5|Any CPU.ActiveCfg = Debug|x64
		{F1CEA721-6349-4433-A45C-F0C51A0D73AC}.DVD-5|Mixed Platforms.ActiveCfg = Debug|x64
		{F1CEA721-6349-4433-A45C-F0C51A0D73AC}.DVD-5|Mixed Platforms.Build.0 = Debug|x64
		{F1CEA721-6349-4433-A45C-F0C51A0D73AC}.DVD-5|Win32.ActiveCfg = Debug-Remote|x64
		{F1CEA721-6349-4433-A45C-F0C51A0D73AC}.DVD-5|x64.ActiveCfg = Debug-Remote|x64
		{F1CEA721-6349-4433-A45C-F0C51A0D73AC}.DVD-5|x64.Build.0 = Debug-Remote|x64
		{F1CEA721-6349-4433-A45C-F0C51A0D73AC}.Release|Any CPU.ActiveCfg = Release|x64
		{F1CEA721-6349-4433-A45C-F0C51A0D73AC}.Release|Mixed Platforms.ActiveCfg = Release|x64
		{F1CEA721-6349-4433-A45C-F0C51A0D73AC}.Release|Mixed Platforms.Build.0 = Release|x64
		{F1CEA721-6349-4433-A45C-F0C51A0D73AC}.Release|Win32.ActiveCfg = Release|x64
		{F1CEA721-6349-4433-A45C-F0C51A0D73AC}.Release|Win32.Build.0 = Release|x64
		{F1CEA721-6349-4433-A45C-F0C51A0D73AC}.Release|x64.ActiveCfg = Release|x64
		{F1CEA721-6349-4433-A45C-F0C51A0D73AC}.Release|x64.Build.0 = Release|x64
		{F1CEA721-6349-4433-A45C-F0C51A0D73AC}.SingleImage|Any CPU.ActiveCfg = Release|x64
		{F1CEA721-6349-4433-A45C-F0C51A0D73AC}.SingleImage|Mixed Platforms.ActiveCfg = Release|x64
		{F1CEA721-6349-4433-A45C-F0C51A0D73AC}.SingleImage|Mixed Platforms.Build.0 = Release|x64
		{F1CEA721-6349-4433-A45C-F0C51A0D73AC}.SingleImage|Win32.ActiveCfg = Debug-Remote|x64
		{F1CEA721-6349-4433-A45C-F0C51A0D73AC}.SingleImage|x64.ActiveCfg = Debug-Remote|x64
		{F1CEA721-6349-4433-A45C-F0C51A0D73AC}.SingleImage|x64.Build.0 = Debug-Remote|x64
		{AA5FE79E-C903-4376-9773-E2666A4A2935}.CD_ROM|Any CPU.ActiveCfg = CD_ROM
		{AA5FE79E-C903-4376-9773-E2666A4A2935}.CD_ROM|Any CPU.Build.0 = CD_ROM
		{AA5FE79E-C903-4376-9773-E2666A4A2935}.CD_ROM|Mixed Platforms.ActiveCfg = CD_ROM
		{AA5FE79E-C903-4376-9773-E2666A4A2935}.CD_ROM|Mixed Platforms.Build.0 = CD_ROM
		{AA5FE79E-C903-4376-9773-E2666A4A2935}.CD_ROM|Win32.ActiveCfg = CD_ROM
		{AA5FE79E-C903-4376-9773-E2666A4A2935}.CD_ROM|Win32.Build.0 = CD_ROM
		{AA5FE79E-C903-4376-9773-E2666A4A2935}.CD_ROM|x64.ActiveCfg = CD_ROM
		{AA5FE79E-C903-4376-9773-E2666A4A2935}.CD_ROM|x64.Build.0 = CD_ROM
		{AA5FE79E-C903-4376-9773-E2666A4A2935}.Debug|Any CPU.ActiveCfg = DVD-5
		{AA5FE79E-C903-4376-9773-E2666A4A2935}.Debug|Any CPU.Build.0 = DVD-5
		{AA5FE79E-C903-4376-9773-E2666A4A2935}.Debug|Mixed Platforms.ActiveCfg = DVD-5
		{AA5FE79E-C903-4376-9773-E2666A4A2935}.Debug|Mixed Platforms.Build.0 = DVD-5
		{AA5FE79E-C903-4376-9773-E2666A4A2935}.Debug|Win32.ActiveCfg = DVD-5
		{AA5FE79E-C903-4376-9773-E2666A4A2935}.Debug|Win32.Build.0 = DVD-5
		{AA5FE79E-C903-4376-9773-E2666A4A2935}.Debug|x64.ActiveCfg = DVD-5
		{AA5FE79E-C903-4376-9773-E2666A4A2935}.Debug|x64.Build.0 = DVD-5
		{AA5FE79E-C903-4376-9773-E2666A4A2935}.Debug-Remote|Any CPU.ActiveCfg = DVD-5
		{AA5FE79E-C903-4376-9773-E2666A4A2935}.Debug-Remote|Any CPU.Build.0 = DVD-5
		{AA5FE79E-C903-4376-9773-E2666A4A2935}.Debug-Remote|Mixed Platforms.ActiveCfg = DVD-5
		{AA5FE79E-C903-4376-9773-E2666A4A2935}.Debug-Remote|Mixed Platforms.Build.0 = DVD-5
		{AA5FE79E-C903-4376-9773-E2666A4A2935}.Debug-Remote|Win32.ActiveCfg = DVD-5
		{AA5FE79E-C903-4376-9773-E2666A4A2935}.Debug-Remote|Win32.Build.0 = DVD-5
		{AA5FE79E-C903-4376-9773-E2666A4A2935}.Debug-Remote|x64.ActiveCfg = DVD-5
		{AA5FE79E-C903-4376-9773-E2666A4A2935}.DVD-5|Any CPU.ActiveCfg = DVD-5
		{AA5FE79E-C903-4376-9773-E2666A4A2935}.DVD-5|Any CPU.Build.0 = DVD-5
		{AA5FE79E-C903-4376-9773-E2666A4A2935}.DVD-5|Mixed Platforms.ActiveCfg = DVD-5
		{AA5FE79E-C903-4376-9773-E2666A4A2935}.DVD-5|Mixed Platforms.Build.0 = DVD-5
		{AA5FE79E-C903-4376-9773-E2666A4A2935}.DVD-5|Win32.ActiveCfg = DVD-5
		{AA5FE79E-C903-4376-9773-E2666A4A2935}.DVD-5|Win32.Build.0 = DVD-5
		{AA5FE79E-C903-4376-9773-E2666A4A2935}.DVD-5|x64.ActiveCfg = DVD-5
		{AA5FE79E-C903-4376-9773-E2666A4A2935}.DVD-5|x64.Build.0 = DVD-5
		{AA5FE79E-C903-4376-9773-E2666A4A2935}.Release|Any CPU.ActiveCfg = SingleImage
		{AA5FE79E-C903-4376-9773-E2666A4A2935}.Release|Any CPU.Build.0 = SingleImage
		{AA5FE79E-C903-4376-9773-E2666A4A2935}.Release|Mixed Platforms.ActiveCfg = SingleImage
		{AA5FE79E-C903-4376-9773-E2666A4A2935}.Release|Mixed Platforms.Build.0 = SingleImage
		{AA5FE79E-C903-4376-9773-E2666A4A2935}.Release|Win32.ActiveCfg = SingleImage
		{AA5FE79E-C903-4376-9773-E2666A4A2935}.Release|Win32.Build.0 = SingleImage
		{AA5FE79E-C903-4376-9773-E2666A4A2935}.Release|x64.ActiveCfg = SingleImage
		{AA5FE79E-C903-4376-9773-E2666A4A2935}.Release|x64.Build.0 = SingleImage
		{AA5FE79E-C903-4376-9773-E2666A4A2935}.SingleImage|Any CPU.ActiveCfg = SingleImage
		{AA5FE79E-C903-4376-9773-E2666A4A2935}.SingleImage|Any CPU.Build.0 = SingleImage
		{AA5FE79E-C903-4376-9773-E2666A4A2935}.SingleImage|Mixed Platforms.ActiveCfg = SingleImage
		{AA5FE79E-C903-4376-9773-E2666A4A2935}.SingleImage|Mixed Platforms.Build.0 = SingleImage
		{AA5FE79E-C903-4376-9773-E2666A4A2935}.SingleImage|Win32.ActiveCfg = SingleImage
		{AA5FE79E-C903-4376-9773-E2666A4A2935}.SingleImage|Win32.Build.0 = SingleImage
		{AA5FE79E-C903-4376-9773-E2666A4A2935}.SingleImage|x64.ActiveCfg = SingleImage
		{AA5FE79E-C903-4376-9773-E2666A4A2935}.SingleImage|x64.Build.0 = SingleImage
		{21FB6577-9282-4493-A3D6-D7608D55690D}.CD_ROM|Any CPU.ActiveCfg = Release|Win32
		{21FB6577-9282-4493-A3D6-D7608D55690D}.CD_ROM|Mixed Platforms.ActiveCfg = Release|Win32
		{21FB6577-9282-4493-A3D6-D7608D55690D}.CD_ROM|Mixed Platforms.Build.0 = Release|Win32
		{21FB6577-9282-4493-A3D6-D7608D55690D}.CD_ROM|Win32.ActiveCfg = Release|Win32
		{21FB6577-9282-4493-A3D6-D7608D55690D}.CD_ROM|Win32.Build.0 = Release|Win32
		{21FB6577-9282-4493-A3D6-D7608D55690D}.CD_ROM|x64.ActiveCfg = Release|Win32
		{21FB6577-9282-4493-A3D6-D7608D55690D}.Debug|Any CPU.ActiveCfg = Debug|Win32
		{21FB6577-9282-4493-A3D6-D7608D55690D}.Debug|Mixed Platforms.ActiveCfg = Debug|Win32
		{21FB6577-9282-4493-A3D6-D7608D55690D}.Debug|Mixed Platforms.Build.0 = Debug|Win32
		{21FB6577-9282-4493-A3D6-D7608D55690D}.Debug|Win32.ActiveCfg = Debug|Win32
		{21FB6577-9282-4493-A3D6-D7608D55690D}.Debug|Win32.Build.0 = Debug|Win32
		{21FB6577-9282-4493-A3D6-D7608D55690D}.Debug|x64.ActiveCfg = Debug|x64
		{21FB6577-9282-4493-A3D6-D7608D55690D}.Debug-Remote|Any CPU.ActiveCfg = Debug|Win32
		{21FB6577-9282-4493-A3D6-D7608D55690D}.Debug-Remote|Mixed Platforms.ActiveCfg = Debug|Win32
		{21FB6577-9282-4493-A3D6-D7608D55690D}.Debug-Remote|Mixed Platforms.Build.0 = Debug|Win32
		{21FB6577-9282-4493-A3D6-D7608D55690D}.Debug-Remote|Win32.ActiveCfg = Debug|Win32
		{21FB6577-9282-4493-A3D6-D7608D55690D}.Debug-Remote|Win32.Build.0 = Debug|Win32
		{21FB6577-9282-4493-A3D6-D7608D55690D}.Debug-Remote|x64.ActiveCfg = Debug|Win32
		{21FB6577-9282-4493-A3D6-D7608D55690D}.DVD-5|Any CPU.ActiveCfg = Debug|Win32
		{21FB6577-9282-4493-A3D6-D7608D55690D}.DVD-5|Mixed Platforms.ActiveCfg = Debug|Win32
		{21FB6577-9282-4493-A3D6-D7608D55690D}.DVD-5|Mixed Platforms.Build.0 = Debug|Win32
		{21FB6577-9282-4493-A3D6-D7608D55690D}.DVD-5|Win32.ActiveCfg = Debug|Win32
		{21FB6577-9282-4493-A3D6-D7608D55690D}.DVD-5|Win32.Build.0 = Debug|Win32
		{21FB6577-9282-4493-A3D6-D7608D55690D}.DVD-5|x64.ActiveCfg = Debug|Win32
		{21FB6577-9282-4493-A3D6-D7608D55690D}.Release|Any CPU.ActiveCfg = Release|Win32
		{21FB6577-9282-4493-A3D6-D7608D55690D}.Release|Mixed Platforms.ActiveCfg = Release|Win32
		{21FB6577-9282-4493-A3D6-D7608D55690D}.Release|Mixed Platforms.Build.0 = Release|Win32
		{21FB6577-9282-4493-A3D6-D7608D55690D}.Release|Win32.ActiveCfg = Release|Win32
		{21FB6577-9282-4493-A3D6-D7608D55690D}.Release|Win32.Build.0 = Release|Win32
		{21FB6577-9282-4493-A3D6-D7608D55690D}.Release|x64.ActiveCfg = Release|x64
		{21FB6577-9282-4493-A3D6-D7608D55690D}.Release|x64.Build.0 = Release|x64
		{21FB6577-9282-4493-A3D6-D7608D55690D}.SingleImage|Any CPU.ActiveCfg = Release|Win32
		{21FB6577-9282-4493-A3D6-D7608D55690D}.SingleImage|Mixed Platforms.ActiveCfg = Release|Win32
		{21FB6577-9282-4493-A3D6-D7608D55690D}.SingleImage|Mixed Platforms.Build.0 = Release|Win32
		{21FB6577-9282-4493-A3D6-D7608D55690D}.SingleImage|Win32.ActiveCfg = Release|Win32
		{21FB6577-9282-4493-A3D6-D7608D55690D}.SingleImage|Win32.Build.0 = Release|Win32
		{21FB6577-9282-4493-A3D6-D7608D55690D}.SingleImage|x64.ActiveCfg = Release|Win32
		{BB87CC43-D196-4349-96D2-BAF23D372891}.CD_ROM|Any CPU.ActiveCfg = Release|Win32
		{BB87CC43-D196-4349-96D2-BAF23D372891}.CD_ROM|Mixed Platforms.ActiveCfg = Release|Win32
		{BB87CC43-D196-4349-96D2-BAF23D372891}.CD_ROM|Mixed Platforms.Build.0 = Release|Win32
		{BB87CC43-D196-4349-96D2-BAF23D372891}.CD_ROM|Win32.ActiveCfg = Release|Win32
		{BB87CC43-D196-4349-96D2-BAF23D372891}.CD_ROM|Win32.Build.0 = Release|Win32
		{BB87CC43-D196-4349-96D2-BAF23D372891}.CD_ROM|x64.ActiveCfg = Release|Win32
		{BB87CC43-D196-4349-96D2-BAF23D372891}.Debug|Any CPU.ActiveCfg = Debug|Win32
		{BB87CC43-D196-4349-96D2-BAF23D372891}.Debug|Mixed Platforms.ActiveCfg = Debug|Win32
		{BB87CC43-D196-4349-96D2-BAF23D372891}.Debug|Mixed Platforms.Build.0 = Debug|Win32
		{BB87CC43-D196-4349-96D2-BAF23D372891}.Debug|Win32.ActiveCfg = Debug|Win32
		{BB87CC43-D196-4349-96D2-BAF23D372891}.Debug|Win32.Build.0 = Debug|Win32
		{BB87CC43-D196-4349-96D2-BAF23D372891}.Debug|x64.ActiveCfg = Debug|Win32
		{BB87CC43-D196-4349-96D2-BAF23D372891}.Debug-Remote|Any CPU.ActiveCfg = Debug|Win32
		{BB87CC43-D196-4349-96D2-BAF23D372891}.Debug-Remote|Mixed Platforms.ActiveCfg = Debug|Win32
		{BB87CC43-D196-4349-96D2-BAF23D372891}.Debug-Remote|Mixed Platforms.Build.0 = Debug|Win32
		{BB87CC43-D196-4349-96D2-BAF23D372891}.Debug-Remote|Win32.ActiveCfg = Debug|Win32
		{BB87CC43-D196-4349-96D2-BAF23D372891}.Debug-Remote|Win32.Build.0 = Debug|Win32
		{BB87CC43-D196-4349-96D2-BAF23D372891}.Debug-Remote|x64.ActiveCfg = Debug|Win32
		{BB87CC43-D196-4349-96D2-BAF23D372891}.DVD-5|Any CPU.ActiveCfg = Debug|Win32
		{BB87CC43-D196-4349-96D2-BAF23D372891}.DVD-5|Mixed Platforms.ActiveCfg = Debug|Win32
		{BB87CC43-D196-4349-96D2-BAF23D372891}.DVD-5|Mixed Platforms.Build.0 = Debug|Win32
		{BB87CC43-D196-4349-96D2-BAF23D372891}.DVD-5|Win32.ActiveCfg = Debug|Win32
		{BB87CC43-D196-4349-96D2-BAF23D372891}.DVD-5|Win32.Build.0 = Debug|Win32
		{BB87CC43-D196-4349-96D2-BAF23D372891}.DVD-5|x64.ActiveCfg = Debug|Win32
		{BB87CC43-D196-4349-96D2-BAF23D372891}.Release|Any CPU.ActiveCfg = Release|Win32
		{BB87CC43-D196-4349-96D2-BAF23D372891}.Release|Mixed Platforms.ActiveCfg = Release|Win32
		{BB87CC43-D196-4349-96D2-BAF23D372891}.Release|Mixed Platforms.Build.0 = Release|Win32
		{BB87CC43-D196-4349-96D2-BAF23D372891}.Release|Win32.ActiveCfg = Release|Win32
		{BB87CC43-D196-4349-96D2-BAF23D372891}.Release|Win32.Build.0 = Release|Win32
		{BB87CC43-D196-4349-96D2-BAF23D372891}.Release|x64.ActiveCfg = Release|Win32
		{BB87CC43-D196-4349-96D2-BAF23D372891}.Release|x64.Build.0 = Release|Win32
		{BB87CC43-D196-4349-96D2-BAF23D372891}.SingleImage|Any CPU.ActiveCfg = Release|Win32
		{BB87CC43-D196-4349-96D2-BAF23D372891}.SingleImage|Mixed Platforms.ActiveCfg = Release|Win32
		{BB87CC43-D196-4349-96D2-BAF23D372891}.SingleImage|Mixed Platforms.Build.0 = Release|Win32
		{BB87CC43-D196-4349-96D2-BAF23D372891}.SingleImage|Win32.ActiveCfg = Release|Win32
		{BB87CC43-D196-4349-96D2-BAF23D372891}.SingleImage|Win32.Build.0 = Release|Win32
		{BB87CC43-D196-4349-96D2-BAF23D372891}.SingleImage|x64.ActiveCfg = Release|Win32
		{D73FF72A-76AE-458E-AB77-FD05BF61D65E}.CD_ROM|Any CPU.ActiveCfg = Release|Win32
		{D73FF72A-76AE-458E-AB77-FD05BF61D65E}.CD_ROM|Mixed Platforms.ActiveCfg = Release|Win32
		{D73FF72A-76AE-458E-AB77-FD05BF61D65E}.CD_ROM|Mixed Platforms.Build.0 = Release|Win32
		{D73FF72A-76AE-458E-AB77-FD05BF61D65E}.CD_ROM|Win32.ActiveCfg = Release|Win32
		{D73FF72A-76AE-458E-AB77-FD05BF61D65E}.CD_ROM|Win32.Build.0 = Release|Win32
		{D73FF72A-76AE-458E-AB77-FD05BF61D65E}.CD_ROM|x64.ActiveCfg = Release|x64
		{D73FF72A-76AE-458E-AB77-FD05BF61D65E}.CD_ROM|x64.Build.0 = Release|x64
		{D73FF72A-76AE-458E-AB77-FD05BF61D65E}.Debug|Any CPU.ActiveCfg = Debug|Win32
		{D73FF72A-76AE-458E-AB77-FD05BF61D65E}.Debug|Mixed Platforms.ActiveCfg = Debug|Win32
		{D73FF72A-76AE-458E-AB77-FD05BF61D65E}.Debug|Mixed Platforms.Build.0 = Debug|Win32
		{D73FF72A-76AE-458E-AB77-FD05BF61D65E}.Debug|Win32.ActiveCfg = Debug|Win32
		{D73FF72A-76AE-458E-AB77-FD05BF61D65E}.Debug|Win32.Build.0 = Debug|Win32
		{D73FF72A-76AE-458E-AB77-FD05BF61D65E}.Debug|x64.ActiveCfg = Debug|x64
		{D73FF72A-76AE-458E-AB77-FD05BF61D65E}.Debug|x64.Build.0 = Debug|x64
		{D73FF72A-76AE-458E-AB77-FD05BF61D65E}.Debug-Remote|Any CPU.ActiveCfg = Debug|Win32
		{D73FF72A-76AE-458E-AB77-FD05BF61D65E}.Debug-Remote|Mixed Platforms.ActiveCfg = Debug|Win32
		{D73FF72A-76AE-458E-AB77-FD05BF61D65E}.Debug-Remote|Mixed Platforms.Build.0 = Debug|Win32
		{D73FF72A-76AE-458E-AB77-FD05BF61D65E}.Debug-Remote|Win32.ActiveCfg = Debug|Win32
		{D73FF72A-76AE-458E-AB77-FD05BF61D65E}.Debug-Remote|Win32.Build.0 = Debug|Win32
		{D73FF72A-76AE-458E-AB77-FD05BF61D65E}.Debug-Remote|x64.ActiveCfg = Remote-Debug|x64
		{D73FF72A-76AE-458E-AB77-FD05BF61D65E}.DVD-5|Any CPU.ActiveCfg = Debug|Win32
		{D73FF72A-76AE-458E-AB77-FD05BF61D65E}.DVD-5|Mixed Platforms.ActiveCfg = Debug|Win32
		{D73FF72A-76AE-458E-AB77-FD05BF61D65E}.DVD-5|Mixed Platforms.Build.0 = Debug|Win32
		{D73FF72A-76AE-458E-AB77-FD05BF61D65E}.DVD-5|Win32.ActiveCfg = Debug|Win32
		{D73FF72A-76AE-458E-AB77-FD05BF61D65E}.DVD-5|Win32.Build.0 = Debug|Win32
		{D73FF72A-76AE-458E-AB77-FD05BF61D65E}.DVD-5|x64.ActiveCfg = Debug|x64
		{D73FF72A-76AE-458E-AB77-FD05BF61D65E}.DVD-5|x64.Build.0 = Debug|x64
		{D73FF72A-76AE-458E-AB77-FD05BF61D65E}.Release|Any CPU.ActiveCfg = Release|Win32
		{D73FF72A-76AE-458E-AB77-FD05BF61D65E}.Release|Mixed Platforms.ActiveCfg = Release|Win32
		{D73FF72A-76AE-458E-AB77-FD05BF61D65E}.Release|Mixed Platforms.Build.0 = Release|Win32
		{D73FF72A-76AE-458E-AB77-FD05BF61D65E}.Release|Win32.ActiveCfg = Release|Win32
		{D73FF72A-76AE-458E-AB77-FD05BF61D65E}.Release|Win32.Build.0 = Release|Win32
		{D73FF72A-76AE-458E-AB77-FD05BF61D65E}.Release|x64.ActiveCfg = Release|x64
		{D73FF72A-76AE-458E-AB77-FD05BF61D65E}.Release|x64.Build.0 = Release|x64
		{D73FF72A-76AE-458E-AB77-FD05BF61D65E}.SingleImage|Any CPU.ActiveCfg = Release|Win32
		{D73FF72A-76AE-458E-AB77-FD05BF61D65E}.SingleImage|Mixed Platforms.ActiveCfg = Release|Win32
		{D73FF72A-76AE-458E-AB77-FD05BF61D65E}.SingleImage|Mixed Platforms.Build.0 = Release|Win32
		{D73FF72A-76AE-458E-AB77-FD05BF61D65E}.SingleImage|Win32.ActiveCfg = Release|Win32
		{D73FF72A-76AE-458E-AB77-FD05BF61D65E}.SingleImage|Win32.Build.0 = Release|Win32
		{D73FF72A-76AE-458E-AB77-FD05BF61D65E}.SingleImage|x64.ActiveCfg = Release|x64
		{D73FF72A-76AE-458E-AB77-FD05BF61D65E}.SingleImage|x64.Build.0 = Release|x64
		{885D5E76-D32E-4BAC-9449-2213DB94720B}.CD_ROM|Any CPU.ActiveCfg = Release|Win32
		{885D5E76-D32E-4BAC-9449-2213DB94720B}.CD_ROM|Mixed Platforms.ActiveCfg = Release|Win32
		{885D5E76-D32E-4BAC-9449-2213DB94720B}.CD_ROM|Mixed Platforms.Build.0 = Release|Win32
		{885D5E76-D32E-4BAC-9449-2213DB94720B}.CD_ROM|Win32.ActiveCfg = Release|Win32
		{885D5E76-D32E-4BAC-9449-2213DB94720B}.CD_ROM|Win32.Build.0 = Release|Win32
		{885D5E76-D32E-4BAC-9449-2213DB94720B}.CD_ROM|x64.ActiveCfg = Release|Win32
		{885D5E76-D32E-4BAC-9449-2213DB94720B}.Debug|Any CPU.ActiveCfg = Debug|Win32
		{885D5E76-D32E-4BAC-9449-2213DB94720B}.Debug|Mixed Platforms.ActiveCfg = Debug|Win32
		{885D5E76-D32E-4BAC-9449-2213DB94720B}.Debug|Mixed Platforms.Build.0 = Debug|Win32
		{885D5E76-D32E-4BAC-9449-2213DB94720B}.Debug|Win32.ActiveCfg = Debug|Win32
		{885D5E76-D32E-4BAC-9449-2213DB94720B}.Debug|Win32.Build.0 = Debug|Win32
		{885D5E76-D32E-4BAC-9449-2213DB94720B}.Debug|x64.ActiveCfg = Debug|Win32
		{885D5E76-D32E-4BAC-9449-2213DB94720B}.Debug-Remote|Any CPU.ActiveCfg = Debug|Win32
		{885D5E76-D32E-4BAC-9449-2213DB94720B}.Debug-Remote|Mixed Platforms.ActiveCfg = Debug|Win32
		{885D5E76-D32E-4BAC-9449-2213DB94720B}.Debug-Remote|Mixed Platforms.Build.0 = Debug|Win32
		{885D5E76-D32E-4BAC-9449-2213DB94720B}.Debug-Remote|Win32.ActiveCfg = Debug|Win32
		{885D5E76-D32E-4BAC-9449-2213DB94720B}.Debug-Remote|Win32.Build.0 = Debug|Win32
		{885D5E76-D32E-4BAC-9449-2213DB94720B}.Debug-Remote|x64.ActiveCfg = Debug|Win32
		{885D5E76-D32E-4BAC-9449-2213DB94720B}.DVD-5|Any CPU.ActiveCfg = Debug|Win32
		{885D5E76-D32E-4BAC-9449-2213DB94720B}.DVD-5|Mixed Platforms.ActiveCfg = Debug|Win32
		{885D5E76-D32E-4BAC-9449-2213DB94720B}.DVD-5|Mixed Platforms.Build.0 = Debug|Win32
		{885D5E76-D32E-4BAC-9449-2213DB94720B}.DVD-5|Win32.ActiveCfg = Debug|Win32
		{885D5E76-D32E-4BAC-9449-2213DB94720B}.DVD-5|Win32.Build.0 = Debug|Win32
		{885D5E76-D32E-4BAC-9449-2213DB94720B}.DVD-5|x64.ActiveCfg = Debug|Win32
		{885D5E76-D32E-4BAC-9449-2213DB94720B}.Release|Any CPU.ActiveCfg = Release|Win32
		{885D5E76-D32E-4BAC-9449-2213DB94720B}.Release|Mixed Platforms.ActiveCfg = Release|Win32
		{885D5E76-D32E-4BAC-9449-2213DB94720B}.Release|Mixed Platforms.Build.0 = Release|Win32
		{885D5E76-D32E-4BAC-9449-2213DB94720B}.Release|Win32.ActiveCfg = Release|Win32
		{885D5E76-D32E-4BAC-9449-2213DB94720B}.Release|Win32.Build.0 = Release|Win32
		{885D5E76-D32E-4BAC-9449-2213DB94720B}.Release|x64.ActiveCfg = Release|Win32
		{885D5E76-D32E-4BAC-9449-2213DB94720B}.Release|x64.Build.0 = Release|Win32
		{885D5E76-D32E-4BAC-9449-2213DB94720B}.SingleImage|Any CPU.ActiveCfg = Release|Win32
		{885D5E76-D32E-4BAC-9449-2213DB94720B}.SingleImage|Mixed Platforms.ActiveCfg = Release|Win32
		{885D5E76-D32E-4BAC-9449-2213DB94720B}.SingleImage|Mixed Platforms.Build.0 = Release|Win32
		{885D5E76-D32E-4BAC-9449-2213DB94720B}.SingleImage|Win32.ActiveCfg = Release|Win32
		{885D5E76-D32E-4BAC-9449-2213DB94720B}.SingleImage|Win32.Build.0 = Release|Win32
		{885D5E76-D32E-4BAC-9449-2213DB94720B}.SingleImage|x64.ActiveCfg = Release|Win32
		{E1741AA0-DA48-491A-A4FE-8D9DB1757EAE}.CD_ROM|Any CPU.ActiveCfg = Release
		{E1741AA0-DA48-491A-A4FE-8D9DB1757EAE}.CD_ROM|Mixed Platforms.ActiveCfg = Release
		{E1741AA0-DA48-491A-A4FE-8D9DB1757EAE}.CD_ROM|Win32.ActiveCfg = Release
		{E1741AA0-DA48-491A-A4FE-8D9DB1757EAE}.CD_ROM|x64.ActiveCfg = Release
		{E1741AA0-DA48-491A-A4FE-8D9DB1757EAE}.Debug|Any CPU.ActiveCfg = Debug
		{E1741AA0-DA48-491A-A4FE-8D9DB1757EAE}.Debug|Mixed Platforms.ActiveCfg = Debug
		{E1741AA0-DA48-491A-A4FE-8D9DB1757EAE}.Debug|Win32.ActiveCfg = Debug
		{E1741AA0-DA48-491A-A4FE-8D9DB1757EAE}.Debug|x64.ActiveCfg = Debug
		{E1741AA0-DA48-491A-A4FE-8D9DB1757EAE}.Debug-Remote|Any CPU.ActiveCfg = Debug
		{E1741AA0-DA48-491A-A4FE-8D9DB1757EAE}.Debug-Remote|Mixed Platforms.ActiveCfg = Debug
		{E1741AA0-DA48-491A-A4FE-8D9DB1757EAE}.Debug-Remote|Win32.ActiveCfg = Debug
		{E1741AA0-DA48-491A-A4FE-8D9DB1757EAE}.Debug-Remote|x64.ActiveCfg = Debug
		{E1741AA0-DA48-491A-A4FE-8D9DB1757EAE}.DVD-5|Any CPU.ActiveCfg = Debug
		{E1741AA0-DA48-491A-A4FE-8D9DB1757EAE}.DVD-5|Mixed Platforms.ActiveCfg = Debug
		{E1741AA0-DA48-491A-A4FE-8D9DB1757EAE}.DVD-5|Win32.ActiveCfg = Debug
		{E1741AA0-DA48-491A-A4FE-8D9DB1757EAE}.DVD-5|x64.ActiveCfg = Debug
		{E1741AA0-DA48-491A-A4FE-8D9DB1757EAE}.Release|Any CPU.ActiveCfg = Release
		{E1741AA0-DA48-491A-A4FE-8D9DB1757EAE}.Release|Mixed Platforms.ActiveCfg = Release
		{E1741AA0-DA48-491A-A4FE-8D9DB1757EAE}.Release|Win32.ActiveCfg = Release
		{E1741AA0-DA48-491A-A4FE-8D9DB1757EAE}.Release|x64.ActiveCfg = Release
		{E1741AA0-DA48-491A-A4FE-8D9DB1757EAE}.SingleImage|Any CPU.ActiveCfg = Release
		{E1741AA0-DA48-491A-A4FE-8D9DB1757EAE}.SingleImage|Mixed Platforms.ActiveCfg = Release
		{E1741AA0-DA48-491A-A4FE-8D9DB1757EAE}.SingleImage|Win32.ActiveCfg = Release
		{E1741AA0-DA48-491A-A4FE-8D9DB1757EAE}.SingleImage|x64.ActiveCfg = Release
	EndGlobalSection
	GlobalSection(SolutionProperties) = preSolution
		HideSolutionNode = FALSE
	EndGlobalSection
	GlobalSection(ExtensibilityGlobals) = postSolution
		SolutionGuid = {6A028090-A4B8-44FC-87E9-F516A812406F}
	EndGlobalSection
EndGlobal
