
Microsoft Visual Studio Solution File, Format Version 12.00
# Visual Studio Version 16
VisualStudioVersion = 16.0.29613.14
MinimumVisualStudioVersion = 10.0.40219.1
Project("{8BC9CEB8-8B4A-11D0-8D11-00A0C91BC942}") = "rx_head_ctrl", "rx_head_ctrl\rx_head_ctrl.vcxproj", "{55419B30-3C89-4522-AB6A-1E4ACD506AB4}"
	ProjectSection(ProjectDependencies) = postProject
		{23DE4F53-96A4-44A2-9A16-FFC6CCB25311} = {23DE4F53-96A4-44A2-9A16-FFC6CCB25311}
		{21DD6C9C-813D-43D1-9C17-7428BED26DE5} = {21DD6C9C-813D-43D1-9C17-7428BED26DE5}
		{531D50FB-5C99-4DF6-B152-8A0CFB84D4C7} = {531D50FB-5C99-4DF6-B152-8A0CFB84D4C7}
	EndProjectSection
EndProject
Project("{8BC9CEB8-8B4A-11D0-8D11-00A0C91BC942}") = "rx_main_ctrl", "rx_main_ctrl\rx_main_ctrl.vcxproj", "{329F61C4-C8A5-424B-95CF-9E62F17A704F}"
	ProjectSection(ProjectDependencies) = postProject
		{23DE4F53-96A4-44A2-9A16-FFC6CCB25311} = {23DE4F53-96A4-44A2-9A16-FFC6CCB25311}
		{21DD6C9C-813D-43D1-9C17-7428BED26DE5} = {21DD6C9C-813D-43D1-9C17-7428BED26DE5}
		{67C98FEC-CEAA-4CF0-B8D2-D2941276E9F3} = {67C98FEC-CEAA-4CF0-B8D2-D2941276E9F3}
		{91897CF4-70AC-4E05-B75E-E05CBC3EDCF9} = {91897CF4-70AC-4E05-B75E-E05CBC3EDCF9}
		{531D50FB-5C99-4DF6-B152-8A0CFB84D4C7} = {531D50FB-5C99-4DF6-B152-8A0CFB84D4C7}
	EndProjectSection
EndProject
Project("{8BC9CEB8-8B4A-11D0-8D11-00A0C91BC942}") = "rx_common_lib", "rx_common_lib\rx_common_lib.vcxproj", "{23DE4F53-96A4-44A2-9A16-FFC6CCB25311}"
	ProjectSection(ProjectDependencies) = postProject
		{531D50FB-5C99-4DF6-B152-8A0CFB84D4C7} = {531D50FB-5C99-4DF6-B152-8A0CFB84D4C7}
	EndProjectSection
EndProject
Project("{8BC9CEB8-8B4A-11D0-8D11-00A0C91BC942}") = "rx_tif_lib", "rx_tif_lib\rx_tif_lib.vcxproj", "{21DD6C9C-813D-43D1-9C17-7428BED26DE5}"
EndProject
Project("{8BC9CEB8-8B4A-11D0-8D11-00A0C91BC942}") = "TinyXML", "Externals\TinyXML\TinyXML.vcxproj", "{531D50FB-5C99-4DF6-B152-8A0CFB84D4C7}"
EndProject
Project("{8BC9CEB8-8B4A-11D0-8D11-00A0C91BC942}") = "rx_rip_lib", "rx_rip_lib\rx_rip_lib.vcxproj", "{67C98FEC-CEAA-4CF0-B8D2-D2941276E9F3}"
	ProjectSection(ProjectDependencies) = postProject
		{23DE4F53-96A4-44A2-9A16-FFC6CCB25311} = {23DE4F53-96A4-44A2-9A16-FFC6CCB25311}
		{21DD6C9C-813D-43D1-9C17-7428BED26DE5} = {21DD6C9C-813D-43D1-9C17-7428BED26DE5}
		{531D50FB-5C99-4DF6-B152-8A0CFB84D4C7} = {531D50FB-5C99-4DF6-B152-8A0CFB84D4C7}
	EndProjectSection
EndProject
Project("{8BC9CEB8-8B4A-11D0-8D11-00A0C91BC942}") = "rx_spooler_ctrl", "rx_spooler_ctrl\rx_spooler_ctrl.vcxproj", "{244C0F1D-D67E-44C8-AF32-3B67E0290272}"
	ProjectSection(ProjectDependencies) = postProject
		{23DE4F53-96A4-44A2-9A16-FFC6CCB25311} = {23DE4F53-96A4-44A2-9A16-FFC6CCB25311}
		{21DD6C9C-813D-43D1-9C17-7428BED26DE5} = {21DD6C9C-813D-43D1-9C17-7428BED26DE5}
		{67C98FEC-CEAA-4CF0-B8D2-D2941276E9F3} = {67C98FEC-CEAA-4CF0-B8D2-D2941276E9F3}
		{531D50FB-5C99-4DF6-B152-8A0CFB84D4C7} = {531D50FB-5C99-4DF6-B152-8A0CFB84D4C7}
	EndProjectSection
EndProject
Project("{8BC9CEB8-8B4A-11D0-8D11-00A0C91BC942}") = "rx_encoder_ctrl", "rx_encoder_ctrl\rx_encoder_ctrl.vcxproj", "{73EBAA62-29D6-440C-93E0-EC4FBAFBCF44}"
	ProjectSection(ProjectDependencies) = postProject
		{23DE4F53-96A4-44A2-9A16-FFC6CCB25311} = {23DE4F53-96A4-44A2-9A16-FFC6CCB25311}
	EndProjectSection
EndProject
Project("{8BC9CEB8-8B4A-11D0-8D11-00A0C91BC942}") = "rx_fluid_ctrl", "rx_fluid_ctrl\rx_fluid_ctrl.vcxproj", "{DCFE5803-A832-48D9-9898-6079E96FDD25}"
	ProjectSection(ProjectDependencies) = postProject
		{23DE4F53-96A4-44A2-9A16-FFC6CCB25311} = {23DE4F53-96A4-44A2-9A16-FFC6CCB25311}
	EndProjectSection
EndProject
Project("{8BC9CEB8-8B4A-11D0-8D11-00A0C91BC942}") = "rx_stepper_ctrl", "rx_stepper_ctrl\rx_stepper_ctrl.vcxproj", "{F3D0BE1B-1F74-4EC5-8233-7C204F0FEEED}"
	ProjectSection(ProjectDependencies) = postProject
		{23DE4F53-96A4-44A2-9A16-FFC6CCB25311} = {23DE4F53-96A4-44A2-9A16-FFC6CCB25311}
	EndProjectSection
EndProject
Project("{8BC9CEB8-8B4A-11D0-8D11-00A0C91BC942}") = "rx_boot", "rx_boot\rx_boot.vcxproj", "{8FCB91B6-1469-458E-AE97-5C1BB0677EB1}"
	ProjectSection(ProjectDependencies) = postProject
		{23DE4F53-96A4-44A2-9A16-FFC6CCB25311} = {23DE4F53-96A4-44A2-9A16-FFC6CCB25311}
	EndProjectSection
EndProject
Project("{FAE04EC0-301F-11D3-BF4B-00C04F79EFBC}") = "rx_common_lib_cs", "rx_common_lib_cs\rx_common_lib_cs.csproj", "{97412D0E-6CD1-4E4E-92F9-1460DEEDB44A}"
EndProject
Project("{8BC9CEB8-8B4A-11D0-8D11-00A0C91BC942}") = "Win10-Install", "Win10\Win10-Install\Win10-Install.vcxproj", "{0A758D24-3B2C-4ACE-B768-70D6EDC98456}"
EndProject
Project("{8BC9CEB8-8B4A-11D0-8D11-00A0C91BC942}") = "Win10-Startup", "Win10\Win10-Startup\Win10-Startup.vcxproj", "{F1CEA721-6349-4433-A45C-F0C51A0D73AC}"
EndProject
Project("{8BC9CEB8-8B4A-11D0-8D11-00A0C91BC942}") = "rx_dhcp_server", "rx_dhcp_server\rx_dhcp_server.vcxproj", "{8020907D-1CE6-4B2E-B3AF-BF4763B79BD0}"
	ProjectSection(ProjectDependencies) = postProject
		{23DE4F53-96A4-44A2-9A16-FFC6CCB25311} = {23DE4F53-96A4-44A2-9A16-FFC6CCB25311}
		{531D50FB-5C99-4DF6-B152-8A0CFB84D4C7} = {531D50FB-5C99-4DF6-B152-8A0CFB84D4C7}
	EndProjectSection
EndProject
Project("{FAE04EC0-301F-11D3-BF4B-00C04F79EFBC}") = "rx_digiprint_gui", "rx_digiprint_gui\rx_digiprint_gui.csproj", "{310AEC03-B35E-4E08-9A77-6CFF0597BC46}"
EndProject
Project("{8BC9CEB8-8B4A-11D0-8D11-00A0C91BC942}") = "rx_head_cond", "rx_head_cond\rx_head_cond.vcxproj", "{6E0898A6-6840-4B32-A9B8-4D8916DD1B49}"
EndProject
Project("{8BC9CEB8-8B4A-11D0-8D11-00A0C91BC942}") = "rx_fluid_nios", "rx_fluid_nios\rx_fluid_nios.vcxproj", "{9CFACFD4-6EE4-432A-A687-D52259365D06}"
EndProject
Project("{8BC9CEB8-8B4A-11D0-8D11-00A0C91BC942}") = "rx_head_nios", "rx_head_nios\rx_head_nios.vcxproj", "{1FEAA138-76F9-4F0D-8C4C-12866B047A40}"
EndProject
Project("{8BC9CEB8-8B4A-11D0-8D11-00A0C91BC942}") = "rx_pecore_lib", "rx_pecore_lib\rx_pecore_lib.vcxproj", "{91897CF4-70AC-4E05-B75E-E05CBC3EDCF9}"
EndProject
Global
	GlobalSection(SolutionConfigurationPlatforms) = preSolution
		Release|Win32 = Release|Win32
		Release|x64 = Release|x64
		Release|x86 = Release|x86
		Release-lx|Win32 = Release-lx|Win32
		Release-lx|x64 = Release-lx|x64
		Release-lx|x86 = Release-lx|x86
		Release-soc|Win32 = Release-soc|Win32
		Release-soc|x64 = Release-soc|x64
		Release-soc|x86 = Release-soc|x86
	EndGlobalSection
	GlobalSection(ProjectConfigurationPlatforms) = postSolution
		{55419B30-3C89-4522-AB6A-1E4ACD506AB4}.Release|Win32.ActiveCfg = Release|Win32
		{55419B30-3C89-4522-AB6A-1E4ACD506AB4}.Release|Win32.Build.0 = Release|Win32
		{55419B30-3C89-4522-AB6A-1E4ACD506AB4}.Release|x64.ActiveCfg = Release-soc|Win32
		{55419B30-3C89-4522-AB6A-1E4ACD506AB4}.Release|x64.Build.0 = Release-soc|Win32
		{55419B30-3C89-4522-AB6A-1E4ACD506AB4}.Release|x86.ActiveCfg = Release|Win32
		{55419B30-3C89-4522-AB6A-1E4ACD506AB4}.Release|x86.Build.0 = Release|Win32
		{55419B30-3C89-4522-AB6A-1E4ACD506AB4}.Release-lx|Win32.ActiveCfg = Release|Win32
		{55419B30-3C89-4522-AB6A-1E4ACD506AB4}.Release-lx|Win32.Build.0 = Release|Win32
		{55419B30-3C89-4522-AB6A-1E4ACD506AB4}.Release-lx|x64.ActiveCfg = Release|Win32
		{55419B30-3C89-4522-AB6A-1E4ACD506AB4}.Release-lx|x86.ActiveCfg = Release|Win32
		{55419B30-3C89-4522-AB6A-1E4ACD506AB4}.Release-lx|x86.Build.0 = Release|Win32
		{55419B30-3C89-4522-AB6A-1E4ACD506AB4}.Release-soc|Win32.ActiveCfg = Release-soc|Win32
		{55419B30-3C89-4522-AB6A-1E4ACD506AB4}.Release-soc|Win32.Build.0 = Release-soc|Win32
		{55419B30-3C89-4522-AB6A-1E4ACD506AB4}.Release-soc|x64.ActiveCfg = Release-soc|Win32
		{55419B30-3C89-4522-AB6A-1E4ACD506AB4}.Release-soc|x64.Build.0 = Release-soc|Win32
		{55419B30-3C89-4522-AB6A-1E4ACD506AB4}.Release-soc|x86.ActiveCfg = Release-soc|Win32
		{55419B30-3C89-4522-AB6A-1E4ACD506AB4}.Release-soc|x86.Build.0 = Release-soc|Win32
		{329F61C4-C8A5-424B-95CF-9E62F17A704F}.Release|Win32.ActiveCfg = Release|Win32
		{329F61C4-C8A5-424B-95CF-9E62F17A704F}.Release|Win32.Build.0 = Release|Win32
		{329F61C4-C8A5-424B-95CF-9E62F17A704F}.Release|x64.ActiveCfg = Release|x64
		{329F61C4-C8A5-424B-95CF-9E62F17A704F}.Release|x64.Build.0 = Release|x64
		{329F61C4-C8A5-424B-95CF-9E62F17A704F}.Release|x86.ActiveCfg = Release|Win32
		{329F61C4-C8A5-424B-95CF-9E62F17A704F}.Release|x86.Build.0 = Release|Win32
		{329F61C4-C8A5-424B-95CF-9E62F17A704F}.Release-lx|Win32.ActiveCfg = Release-lx|Win32
		{329F61C4-C8A5-424B-95CF-9E62F17A704F}.Release-lx|Win32.Build.0 = Release-lx|Win32
		{329F61C4-C8A5-424B-95CF-9E62F17A704F}.Release-lx|x64.ActiveCfg = Release-lx|Win32
		{329F61C4-C8A5-424B-95CF-9E62F17A704F}.Release-lx|x86.ActiveCfg = Release-lx|Win32
		{329F61C4-C8A5-424B-95CF-9E62F17A704F}.Release-lx|x86.Build.0 = Release-lx|Win32
		{329F61C4-C8A5-424B-95CF-9E62F17A704F}.Release-soc|Win32.ActiveCfg = Release-soc|Win32
		{329F61C4-C8A5-424B-95CF-9E62F17A704F}.Release-soc|x64.ActiveCfg = Release-soc|x64
		{329F61C4-C8A5-424B-95CF-9E62F17A704F}.Release-soc|x86.ActiveCfg = Release-soc|Win32
		{329F61C4-C8A5-424B-95CF-9E62F17A704F}.Release-soc|x86.Build.0 = Release-soc|Win32
		{23DE4F53-96A4-44A2-9A16-FFC6CCB25311}.Release|Win32.ActiveCfg = Release|Win32
		{23DE4F53-96A4-44A2-9A16-FFC6CCB25311}.Release|Win32.Build.0 = Release|Win32
		{23DE4F53-96A4-44A2-9A16-FFC6CCB25311}.Release|x64.ActiveCfg = Release-soc|x64
		{23DE4F53-96A4-44A2-9A16-FFC6CCB25311}.Release|x64.Build.0 = Release-soc|x64
		{23DE4F53-96A4-44A2-9A16-FFC6CCB25311}.Release|x86.ActiveCfg = Release-soc|Win32
		{23DE4F53-96A4-44A2-9A16-FFC6CCB25311}.Release|x86.Build.0 = Release-soc|Win32
		{23DE4F53-96A4-44A2-9A16-FFC6CCB25311}.Release-lx|Win32.ActiveCfg = Release-lx|Win32
		{23DE4F53-96A4-44A2-9A16-FFC6CCB25311}.Release-lx|Win32.Build.0 = Release-lx|Win32
		{23DE4F53-96A4-44A2-9A16-FFC6CCB25311}.Release-lx|x64.ActiveCfg = Release-soc|x64
		{23DE4F53-96A4-44A2-9A16-FFC6CCB25311}.Release-lx|x64.Build.0 = Release-soc|x64
		{23DE4F53-96A4-44A2-9A16-FFC6CCB25311}.Release-lx|x86.ActiveCfg = Release-soc|Win32
		{23DE4F53-96A4-44A2-9A16-FFC6CCB25311}.Release-lx|x86.Build.0 = Release-soc|Win32
		{23DE4F53-96A4-44A2-9A16-FFC6CCB25311}.Release-soc|Win32.ActiveCfg = Release-soc|Win32
		{23DE4F53-96A4-44A2-9A16-FFC6CCB25311}.Release-soc|Win32.Build.0 = Release-soc|Win32
		{23DE4F53-96A4-44A2-9A16-FFC6CCB25311}.Release-soc|x64.ActiveCfg = Release-soc|x64
		{23DE4F53-96A4-44A2-9A16-FFC6CCB25311}.Release-soc|x86.ActiveCfg = Release-soc|Win32
		{23DE4F53-96A4-44A2-9A16-FFC6CCB25311}.Release-soc|x86.Build.0 = Release-soc|Win32
		{21DD6C9C-813D-43D1-9C17-7428BED26DE5}.Release|Win32.ActiveCfg = Release|Win32
		{21DD6C9C-813D-43D1-9C17-7428BED26DE5}.Release|Win32.Build.0 = Release|Win32
		{21DD6C9C-813D-43D1-9C17-7428BED26DE5}.Release|x64.ActiveCfg = Release|Win32
		{21DD6C9C-813D-43D1-9C17-7428BED26DE5}.Release|x86.ActiveCfg = Release|Win32
		{21DD6C9C-813D-43D1-9C17-7428BED26DE5}.Release|x86.Build.0 = Release|Win32
		{21DD6C9C-813D-43D1-9C17-7428BED26DE5}.Release-lx|Win32.ActiveCfg = Release-lx|Win32
		{21DD6C9C-813D-43D1-9C17-7428BED26DE5}.Release-lx|Win32.Build.0 = Release-lx|Win32
		{21DD6C9C-813D-43D1-9C17-7428BED26DE5}.Release-lx|x64.ActiveCfg = Release-lx|Win32
		{21DD6C9C-813D-43D1-9C17-7428BED26DE5}.Release-lx|x86.ActiveCfg = Release-lx|Win32
		{21DD6C9C-813D-43D1-9C17-7428BED26DE5}.Release-lx|x86.Build.0 = Release-lx|Win32
		{21DD6C9C-813D-43D1-9C17-7428BED26DE5}.Release-soc|Win32.ActiveCfg = Release-soc|Win32
		{21DD6C9C-813D-43D1-9C17-7428BED26DE5}.Release-soc|Win32.Build.0 = Release-soc|Win32
		{21DD6C9C-813D-43D1-9C17-7428BED26DE5}.Release-soc|x64.ActiveCfg = Release-soc|x64
		{21DD6C9C-813D-43D1-9C17-7428BED26DE5}.Release-soc|x86.ActiveCfg = Release-soc|Win32
		{21DD6C9C-813D-43D1-9C17-7428BED26DE5}.Release-soc|x86.Build.0 = Release-soc|Win32
		{531D50FB-5C99-4DF6-B152-8A0CFB84D4C7}.Release|Win32.ActiveCfg = Release|Win32
		{531D50FB-5C99-4DF6-B152-8A0CFB84D4C7}.Release|Win32.Build.0 = Release|Win32
		{531D50FB-5C99-4DF6-B152-8A0CFB84D4C7}.Release|x64.ActiveCfg = Release|x64
		{531D50FB-5C99-4DF6-B152-8A0CFB84D4C7}.Release|x64.Build.0 = Release|x64
		{531D50FB-5C99-4DF6-B152-8A0CFB84D4C7}.Release|x86.ActiveCfg = Release|Win32
		{531D50FB-5C99-4DF6-B152-8A0CFB84D4C7}.Release|x86.Build.0 = Release|Win32
		{531D50FB-5C99-4DF6-B152-8A0CFB84D4C7}.Release-lx|Win32.ActiveCfg = Release-lx|Win32
		{531D50FB-5C99-4DF6-B152-8A0CFB84D4C7}.Release-lx|Win32.Build.0 = Release-lx|Win32
		{531D50FB-5C99-4DF6-B152-8A0CFB84D4C7}.Release-lx|x64.ActiveCfg = Release-lx|x64
		{531D50FB-5C99-4DF6-B152-8A0CFB84D4C7}.Release-lx|x64.Build.0 = Release-lx|x64
		{531D50FB-5C99-4DF6-B152-8A0CFB84D4C7}.Release-lx|x86.ActiveCfg = Release-lx|Win32
		{531D50FB-5C99-4DF6-B152-8A0CFB84D4C7}.Release-lx|x86.Build.0 = Release-lx|Win32
		{531D50FB-5C99-4DF6-B152-8A0CFB84D4C7}.Release-soc|Win32.ActiveCfg = Release-soc|Win32
		{531D50FB-5C99-4DF6-B152-8A0CFB84D4C7}.Release-soc|Win32.Build.0 = Release-soc|Win32
		{531D50FB-5C99-4DF6-B152-8A0CFB84D4C7}.Release-soc|x64.ActiveCfg = Release-soc|x64
		{531D50FB-5C99-4DF6-B152-8A0CFB84D4C7}.Release-soc|x64.Build.0 = Release-soc|x64
		{531D50FB-5C99-4DF6-B152-8A0CFB84D4C7}.Release-soc|x86.ActiveCfg = Release-soc|Win32
		{531D50FB-5C99-4DF6-B152-8A0CFB84D4C7}.Release-soc|x86.Build.0 = Release-soc|Win32
		{67C98FEC-CEAA-4CF0-B8D2-D2941276E9F3}.Release|Win32.ActiveCfg = Release|Win32
		{67C98FEC-CEAA-4CF0-B8D2-D2941276E9F3}.Release|Win32.Build.0 = Release|Win32
		{67C98FEC-CEAA-4CF0-B8D2-D2941276E9F3}.Release|x64.ActiveCfg = Release|x64
		{67C98FEC-CEAA-4CF0-B8D2-D2941276E9F3}.Release|x64.Build.0 = Release|x64
		{67C98FEC-CEAA-4CF0-B8D2-D2941276E9F3}.Release|x86.ActiveCfg = Release|Win32
		{67C98FEC-CEAA-4CF0-B8D2-D2941276E9F3}.Release|x86.Build.0 = Release|Win32
		{67C98FEC-CEAA-4CF0-B8D2-D2941276E9F3}.Release-lx|Win32.ActiveCfg = Release-lx|Win32
		{67C98FEC-CEAA-4CF0-B8D2-D2941276E9F3}.Release-lx|Win32.Build.0 = Release-lx|Win32
		{67C98FEC-CEAA-4CF0-B8D2-D2941276E9F3}.Release-lx|x64.ActiveCfg = Release-lx|x64
		{67C98FEC-CEAA-4CF0-B8D2-D2941276E9F3}.Release-lx|x64.Build.0 = Release-lx|x64
		{67C98FEC-CEAA-4CF0-B8D2-D2941276E9F3}.Release-lx|x86.ActiveCfg = Release-lx|Win32
		{67C98FEC-CEAA-4CF0-B8D2-D2941276E9F3}.Release-lx|x86.Build.0 = Release-lx|Win32
		{67C98FEC-CEAA-4CF0-B8D2-D2941276E9F3}.Release-soc|Win32.ActiveCfg = Release-soc|Win32
		{67C98FEC-CEAA-4CF0-B8D2-D2941276E9F3}.Release-soc|Win32.Build.0 = Release-soc|Win32
		{67C98FEC-CEAA-4CF0-B8D2-D2941276E9F3}.Release-soc|x64.ActiveCfg = Release-soc|x64
		{67C98FEC-CEAA-4CF0-B8D2-D2941276E9F3}.Release-soc|x64.Build.0 = Release-soc|x64
		{67C98FEC-CEAA-4CF0-B8D2-D2941276E9F3}.Release-soc|x86.ActiveCfg = Release-soc|Win32
		{67C98FEC-CEAA-4CF0-B8D2-D2941276E9F3}.Release-soc|x86.Build.0 = Release-soc|Win32
		{244C0F1D-D67E-44C8-AF32-3B67E0290272}.Release|Win32.ActiveCfg = Release|Win32
		{244C0F1D-D67E-44C8-AF32-3B67E0290272}.Release|Win32.Build.0 = Release|Win32
		{244C0F1D-D67E-44C8-AF32-3B67E0290272}.Release|x64.ActiveCfg = Release|x64
		{244C0F1D-D67E-44C8-AF32-3B67E0290272}.Release|x64.Build.0 = Release|x64
		{244C0F1D-D67E-44C8-AF32-3B67E0290272}.Release|x86.ActiveCfg = Release|Win32
		{244C0F1D-D67E-44C8-AF32-3B67E0290272}.Release|x86.Build.0 = Release|Win32
		{244C0F1D-D67E-44C8-AF32-3B67E0290272}.Release-lx|Win32.ActiveCfg = Release-lx|Win32
		{244C0F1D-D67E-44C8-AF32-3B67E0290272}.Release-lx|Win32.Build.0 = Release-lx|Win32
		{244C0F1D-D67E-44C8-AF32-3B67E0290272}.Release-lx|x64.ActiveCfg = Release-lx|x64
		{244C0F1D-D67E-44C8-AF32-3B67E0290272}.Release-lx|x64.Build.0 = Release-lx|x64
		{244C0F1D-D67E-44C8-AF32-3B67E0290272}.Release-lx|x86.ActiveCfg = Release-lx|Win32
		{244C0F1D-D67E-44C8-AF32-3B67E0290272}.Release-lx|x86.Build.0 = Release-lx|Win32
		{244C0F1D-D67E-44C8-AF32-3B67E0290272}.Release-soc|Win32.ActiveCfg = Release-soc|Win32
		{244C0F1D-D67E-44C8-AF32-3B67E0290272}.Release-soc|Win32.Build.0 = Release-soc|Win32
		{244C0F1D-D67E-44C8-AF32-3B67E0290272}.Release-soc|x64.ActiveCfg = Release-soc|x64
		{244C0F1D-D67E-44C8-AF32-3B67E0290272}.Release-soc|x64.Build.0 = Release-soc|x64
		{244C0F1D-D67E-44C8-AF32-3B67E0290272}.Release-soc|x86.ActiveCfg = Release-soc|Win32
		{244C0F1D-D67E-44C8-AF32-3B67E0290272}.Release-soc|x86.Build.0 = Release-soc|Win32
		{73EBAA62-29D6-440C-93E0-EC4FBAFBCF44}.Release|Win32.ActiveCfg = Release-soc|Win32
		{73EBAA62-29D6-440C-93E0-EC4FBAFBCF44}.Release|Win32.Build.0 = Release-soc|Win32
		{73EBAA62-29D6-440C-93E0-EC4FBAFBCF44}.Release|x64.ActiveCfg = Release-soc|Win32
		{73EBAA62-29D6-440C-93E0-EC4FBAFBCF44}.Release|x86.ActiveCfg = Release-soc|Win32
		{73EBAA62-29D6-440C-93E0-EC4FBAFBCF44}.Release|x86.Build.0 = Release-soc|Win32
		{73EBAA62-29D6-440C-93E0-EC4FBAFBCF44}.Release-lx|Win32.ActiveCfg = Release-soc|Win32
		{73EBAA62-29D6-440C-93E0-EC4FBAFBCF44}.Release-lx|Win32.Build.0 = Release-soc|Win32
		{73EBAA62-29D6-440C-93E0-EC4FBAFBCF44}.Release-lx|x64.ActiveCfg = Release-soc|Win32
		{73EBAA62-29D6-440C-93E0-EC4FBAFBCF44}.Release-lx|x86.ActiveCfg = Release-soc|Win32
		{73EBAA62-29D6-440C-93E0-EC4FBAFBCF44}.Release-lx|x86.Build.0 = Release-soc|Win32
		{73EBAA62-29D6-440C-93E0-EC4FBAFBCF44}.Release-soc|Win32.ActiveCfg = Release-soc|Win32
		{73EBAA62-29D6-440C-93E0-EC4FBAFBCF44}.Release-soc|Win32.Build.0 = Release-soc|Win32
		{73EBAA62-29D6-440C-93E0-EC4FBAFBCF44}.Release-soc|x64.ActiveCfg = Release-soc|Win32
		{73EBAA62-29D6-440C-93E0-EC4FBAFBCF44}.Release-soc|x86.ActiveCfg = Release-soc|Win32
		{73EBAA62-29D6-440C-93E0-EC4FBAFBCF44}.Release-soc|x86.Build.0 = Release-soc|Win32
		{DCFE5803-A832-48D9-9898-6079E96FDD25}.Release|Win32.ActiveCfg = Release-soc|Win32
		{DCFE5803-A832-48D9-9898-6079E96FDD25}.Release|Win32.Build.0 = Release-soc|Win32
		{DCFE5803-A832-48D9-9898-6079E96FDD25}.Release|x64.ActiveCfg = Release-soc|Win32
		{DCFE5803-A832-48D9-9898-6079E96FDD25}.Release|x86.ActiveCfg = Release-soc|Win32
		{DCFE5803-A832-48D9-9898-6079E96FDD25}.Release-lx|Win32.ActiveCfg = Release-soc|Win32
		{DCFE5803-A832-48D9-9898-6079E96FDD25}.Release-lx|Win32.Build.0 = Release-soc|Win32
		{DCFE5803-A832-48D9-9898-6079E96FDD25}.Release-lx|x64.ActiveCfg = Release-soc|Win32
		{DCFE5803-A832-48D9-9898-6079E96FDD25}.Release-lx|x86.ActiveCfg = Release-soc|Win32
		{DCFE5803-A832-48D9-9898-6079E96FDD25}.Release-soc|Win32.ActiveCfg = Release-soc|Win32
		{DCFE5803-A832-48D9-9898-6079E96FDD25}.Release-soc|Win32.Build.0 = Release-soc|Win32
		{DCFE5803-A832-48D9-9898-6079E96FDD25}.Release-soc|x64.ActiveCfg = Release-soc|Win32
		{DCFE5803-A832-48D9-9898-6079E96FDD25}.Release-soc|x86.ActiveCfg = Release-soc|Win32
		{DCFE5803-A832-48D9-9898-6079E96FDD25}.Release-soc|x86.Build.0 = Release-soc|Win32
		{F3D0BE1B-1F74-4EC5-8233-7C204F0FEEED}.Release|Win32.ActiveCfg = Release-soc|Win32
		{F3D0BE1B-1F74-4EC5-8233-7C204F0FEEED}.Release|Win32.Build.0 = Release-soc|Win32
		{F3D0BE1B-1F74-4EC5-8233-7C204F0FEEED}.Release|x64.ActiveCfg = Release-soc|Win32
		{F3D0BE1B-1F74-4EC5-8233-7C204F0FEEED}.Release|x86.ActiveCfg = Release-soc|Win32
		{F3D0BE1B-1F74-4EC5-8233-7C204F0FEEED}.Release-lx|Win32.ActiveCfg = Release-soc|Win32
		{F3D0BE1B-1F74-4EC5-8233-7C204F0FEEED}.Release-lx|Win32.Build.0 = Release-soc|Win32
		{F3D0BE1B-1F74-4EC5-8233-7C204F0FEEED}.Release-lx|x64.ActiveCfg = Release-soc|Win32
		{F3D0BE1B-1F74-4EC5-8233-7C204F0FEEED}.Release-lx|x86.ActiveCfg = Release-soc|Win32
		{F3D0BE1B-1F74-4EC5-8233-7C204F0FEEED}.Release-soc|Win32.ActiveCfg = Release-soc|Win32
		{F3D0BE1B-1F74-4EC5-8233-7C204F0FEEED}.Release-soc|Win32.Build.0 = Release-soc|Win32
		{F3D0BE1B-1F74-4EC5-8233-7C204F0FEEED}.Release-soc|x64.ActiveCfg = Release-soc|Win32
		{F3D0BE1B-1F74-4EC5-8233-7C204F0FEEED}.Release-soc|x86.ActiveCfg = Release-soc|Win32
		{F3D0BE1B-1F74-4EC5-8233-7C204F0FEEED}.Release-soc|x86.Build.0 = Release-soc|Win32
		{8FCB91B6-1469-458E-AE97-5C1BB0677EB1}.Release|Win32.ActiveCfg = Release-soc|Win32
		{8FCB91B6-1469-458E-AE97-5C1BB0677EB1}.Release|x64.ActiveCfg = Release-soc|Win32
		{8FCB91B6-1469-458E-AE97-5C1BB0677EB1}.Release|x86.ActiveCfg = Release-soc|Win32
		{8FCB91B6-1469-458E-AE97-5C1BB0677EB1}.Release-lx|Win32.ActiveCfg = Release-lx|Win32
		{8FCB91B6-1469-458E-AE97-5C1BB0677EB1}.Release-lx|x64.ActiveCfg = Release-lx|Win32
		{8FCB91B6-1469-458E-AE97-5C1BB0677EB1}.Release-lx|x86.ActiveCfg = Release-lx|Win32
		{8FCB91B6-1469-458E-AE97-5C1BB0677EB1}.Release-lx|x86.Build.0 = Release-lx|Win32
		{8FCB91B6-1469-458E-AE97-5C1BB0677EB1}.Release-soc|Win32.ActiveCfg = Release-soc|Win32
		{8FCB91B6-1469-458E-AE97-5C1BB0677EB1}.Release-soc|Win32.Build.0 = Release-soc|Win32
		{8FCB91B6-1469-458E-AE97-5C1BB0677EB1}.Release-soc|x64.ActiveCfg = Release-soc|Win32
		{8FCB91B6-1469-458E-AE97-5C1BB0677EB1}.Release-soc|x86.ActiveCfg = Release-soc|Win32
		{8FCB91B6-1469-458E-AE97-5C1BB0677EB1}.Release-soc|x86.Build.0 = Release-soc|Win32
		{97412D0E-6CD1-4E4E-92F9-1460DEEDB44A}.Release|Win32.ActiveCfg = Release|x86
		{97412D0E-6CD1-4E4E-92F9-1460DEEDB44A}.Release|Win32.Build.0 = Release|x86
		{97412D0E-6CD1-4E4E-92F9-1460DEEDB44A}.Release|x64.ActiveCfg = Release|x64
		{97412D0E-6CD1-4E4E-92F9-1460DEEDB44A}.Release|x64.Build.0 = Release|x64
		{97412D0E-6CD1-4E4E-92F9-1460DEEDB44A}.Release|x86.ActiveCfg = Release|x86
		{97412D0E-6CD1-4E4E-92F9-1460DEEDB44A}.Release|x86.Build.0 = Release|x86
		{97412D0E-6CD1-4E4E-92F9-1460DEEDB44A}.Release-lx|Win32.ActiveCfg = Release|x86
		{97412D0E-6CD1-4E4E-92F9-1460DEEDB44A}.Release-lx|Win32.Build.0 = Release|x86
		{97412D0E-6CD1-4E4E-92F9-1460DEEDB44A}.Release-lx|x64.ActiveCfg = Release|x64
		{97412D0E-6CD1-4E4E-92F9-1460DEEDB44A}.Release-lx|x64.Build.0 = Release|x64
		{97412D0E-6CD1-4E4E-92F9-1460DEEDB44A}.Release-lx|x86.ActiveCfg = Release|x86
		{97412D0E-6CD1-4E4E-92F9-1460DEEDB44A}.Release-lx|x86.Build.0 = Release|x86
		{97412D0E-6CD1-4E4E-92F9-1460DEEDB44A}.Release-soc|Win32.ActiveCfg = Release-soc|x86
		{97412D0E-6CD1-4E4E-92F9-1460DEEDB44A}.Release-soc|Win32.Build.0 = Release-soc|x86
		{97412D0E-6CD1-4E4E-92F9-1460DEEDB44A}.Release-soc|x64.ActiveCfg = Release-soc|x64
		{97412D0E-6CD1-4E4E-92F9-1460DEEDB44A}.Release-soc|x64.Build.0 = Release-soc|x64
		{97412D0E-6CD1-4E4E-92F9-1460DEEDB44A}.Release-soc|x86.ActiveCfg = Release-soc|x86
		{97412D0E-6CD1-4E4E-92F9-1460DEEDB44A}.Release-soc|x86.Build.0 = Release-soc|x86
		{0A758D24-3B2C-4ACE-B768-70D6EDC98456}.Release|Win32.ActiveCfg = Release|x64
		{0A758D24-3B2C-4ACE-B768-70D6EDC98456}.Release|x64.ActiveCfg = Release|x64
		{0A758D24-3B2C-4ACE-B768-70D6EDC98456}.Release|x64.Build.0 = Release|x64
		{0A758D24-3B2C-4ACE-B768-70D6EDC98456}.Release|x86.ActiveCfg = Release|x64
		{0A758D24-3B2C-4ACE-B768-70D6EDC98456}.Release-lx|Win32.ActiveCfg = Release|x64
		{0A758D24-3B2C-4ACE-B768-70D6EDC98456}.Release-lx|x64.ActiveCfg = Release|x64
		{0A758D24-3B2C-4ACE-B768-70D6EDC98456}.Release-lx|x64.Build.0 = Release|x64
		{0A758D24-3B2C-4ACE-B768-70D6EDC98456}.Release-lx|x86.ActiveCfg = Release|x64
		{0A758D24-3B2C-4ACE-B768-70D6EDC98456}.Release-soc|Win32.ActiveCfg = Release-soc|x64
		{0A758D24-3B2C-4ACE-B768-70D6EDC98456}.Release-soc|x64.ActiveCfg = Release-soc|x64
		{0A758D24-3B2C-4ACE-B768-70D6EDC98456}.Release-soc|x64.Build.0 = Release-soc|x64
		{0A758D24-3B2C-4ACE-B768-70D6EDC98456}.Release-soc|x86.ActiveCfg = Release-soc|x64
		{F1CEA721-6349-4433-A45C-F0C51A0D73AC}.Release|Win32.ActiveCfg = Release|x64
		{F1CEA721-6349-4433-A45C-F0C51A0D73AC}.Release|x64.ActiveCfg = Release|x64
		{F1CEA721-6349-4433-A45C-F0C51A0D73AC}.Release|x64.Build.0 = Release|x64
		{F1CEA721-6349-4433-A45C-F0C51A0D73AC}.Release|x86.ActiveCfg = Release|x64
		{F1CEA721-6349-4433-A45C-F0C51A0D73AC}.Release-lx|Win32.ActiveCfg = Release|x64
		{F1CEA721-6349-4433-A45C-F0C51A0D73AC}.Release-lx|x64.ActiveCfg = Release|x64
		{F1CEA721-6349-4433-A45C-F0C51A0D73AC}.Release-lx|x64.Build.0 = Release|x64
		{F1CEA721-6349-4433-A45C-F0C51A0D73AC}.Release-lx|x86.ActiveCfg = Release|x64
		{F1CEA721-6349-4433-A45C-F0C51A0D73AC}.Release-soc|Win32.ActiveCfg = Release-soc|x64
		{F1CEA721-6349-4433-A45C-F0C51A0D73AC}.Release-soc|x64.ActiveCfg = Release-soc|x64
		{F1CEA721-6349-4433-A45C-F0C51A0D73AC}.Release-soc|x64.Build.0 = Release-soc|x64
		{F1CEA721-6349-4433-A45C-F0C51A0D73AC}.Release-soc|x86.ActiveCfg = Release-soc|x64
		{8020907D-1CE6-4B2E-B3AF-BF4763B79BD0}.Release|Win32.ActiveCfg = Release|Win32
		{8020907D-1CE6-4B2E-B3AF-BF4763B79BD0}.Release|Win32.Build.0 = Release|Win32
		{8020907D-1CE6-4B2E-B3AF-BF4763B79BD0}.Release|x64.ActiveCfg = Release|x64
		{8020907D-1CE6-4B2E-B3AF-BF4763B79BD0}.Release|x64.Build.0 = Release|x64
		{8020907D-1CE6-4B2E-B3AF-BF4763B79BD0}.Release|x86.ActiveCfg = Release|Win32
		{8020907D-1CE6-4B2E-B3AF-BF4763B79BD0}.Release|x86.Build.0 = Release|Win32
		{8020907D-1CE6-4B2E-B3AF-BF4763B79BD0}.Release-lx|Win32.ActiveCfg = Release-lx|Win32
		{8020907D-1CE6-4B2E-B3AF-BF4763B79BD0}.Release-lx|Win32.Build.0 = Release-lx|Win32
		{8020907D-1CE6-4B2E-B3AF-BF4763B79BD0}.Release-lx|x64.ActiveCfg = Release-lx|x64
		{8020907D-1CE6-4B2E-B3AF-BF4763B79BD0}.Release-lx|x64.Build.0 = Release-lx|x64
		{8020907D-1CE6-4B2E-B3AF-BF4763B79BD0}.Release-lx|x86.ActiveCfg = Release-lx|Win32
		{8020907D-1CE6-4B2E-B3AF-BF4763B79BD0}.Release-lx|x86.Build.0 = Release-lx|Win32
		{8020907D-1CE6-4B2E-B3AF-BF4763B79BD0}.Release-soc|Win32.ActiveCfg = Release-soc|Win32
		{8020907D-1CE6-4B2E-B3AF-BF4763B79BD0}.Release-soc|Win32.Build.0 = Release-soc|Win32
		{8020907D-1CE6-4B2E-B3AF-BF4763B79BD0}.Release-soc|x64.ActiveCfg = Release-soc|x64
		{8020907D-1CE6-4B2E-B3AF-BF4763B79BD0}.Release-soc|x64.Build.0 = Release-soc|x64
		{8020907D-1CE6-4B2E-B3AF-BF4763B79BD0}.Release-soc|x86.ActiveCfg = Release-soc|Win32
		{8020907D-1CE6-4B2E-B3AF-BF4763B79BD0}.Release-soc|x86.Build.0 = Release-soc|Win32
		{310AEC03-B35E-4E08-9A77-6CFF0597BC46}.Release|Win32.ActiveCfg = Release|x64
		{310AEC03-B35E-4E08-9A77-6CFF0597BC46}.Release|x64.ActiveCfg = Release|x64
		{310AEC03-B35E-4E08-9A77-6CFF0597BC46}.Release|x64.Build.0 = Release|x64
		{310AEC03-B35E-4E08-9A77-6CFF0597BC46}.Release|x86.ActiveCfg = Release|x64
		{310AEC03-B35E-4E08-9A77-6CFF0597BC46}.Release-lx|Win32.ActiveCfg = Release|x64
		{310AEC03-B35E-4E08-9A77-6CFF0597BC46}.Release-lx|x64.ActiveCfg = Release|x64
		{310AEC03-B35E-4E08-9A77-6CFF0597BC46}.Release-lx|x86.ActiveCfg = Release|x64
		{310AEC03-B35E-4E08-9A77-6CFF0597BC46}.Release-soc|Win32.ActiveCfg = Release|x64
		{310AEC03-B35E-4E08-9A77-6CFF0597BC46}.Release-soc|x64.ActiveCfg = Release|x64
		{310AEC03-B35E-4E08-9A77-6CFF0597BC46}.Release-soc|x86.ActiveCfg = Release|x64
		{6E0898A6-6840-4B32-A9B8-4D8916DD1B49}.Release|Win32.ActiveCfg = Release|Win32
		{6E0898A6-6840-4B32-A9B8-4D8916DD1B49}.Release|Win32.Build.0 = Release|Win32
		{6E0898A6-6840-4B32-A9B8-4D8916DD1B49}.Release|x64.ActiveCfg = Release|Win32
		{6E0898A6-6840-4B32-A9B8-4D8916DD1B49}.Release|x86.ActiveCfg = Release|Win32
		{6E0898A6-6840-4B32-A9B8-4D8916DD1B49}.Release|x86.Build.0 = Release|Win32
		{6E0898A6-6840-4B32-A9B8-4D8916DD1B49}.Release-lx|Win32.ActiveCfg = Release|Win32
		{6E0898A6-6840-4B32-A9B8-4D8916DD1B49}.Release-lx|Win32.Build.0 = Release|Win32
		{6E0898A6-6840-4B32-A9B8-4D8916DD1B49}.Release-lx|x64.ActiveCfg = Release|Win32
		{6E0898A6-6840-4B32-A9B8-4D8916DD1B49}.Release-lx|x86.ActiveCfg = Release|Win32
		{6E0898A6-6840-4B32-A9B8-4D8916DD1B49}.Release-lx|x86.Build.0 = Release|Win32
		{6E0898A6-6840-4B32-A9B8-4D8916DD1B49}.Release-soc|Win32.ActiveCfg = Release-soc|Win32
		{6E0898A6-6840-4B32-A9B8-4D8916DD1B49}.Release-soc|Win32.Build.0 = Release-soc|Win32
		{6E0898A6-6840-4B32-A9B8-4D8916DD1B49}.Release-soc|x64.ActiveCfg = Release-soc|Win32
		{6E0898A6-6840-4B32-A9B8-4D8916DD1B49}.Release-soc|x86.ActiveCfg = Release-soc|Win32
		{6E0898A6-6840-4B32-A9B8-4D8916DD1B49}.Release-soc|x86.Build.0 = Release-soc|Win32
		{9CFACFD4-6EE4-432A-A687-D52259365D06}.Release|Win32.ActiveCfg = Release-soc|Win32
		{9CFACFD4-6EE4-432A-A687-D52259365D06}.Release|Win32.Build.0 = Release-soc|Win32
		{9CFACFD4-6EE4-432A-A687-D52259365D06}.Release|x64.ActiveCfg = Release-soc|Win32
		{9CFACFD4-6EE4-432A-A687-D52259365D06}.Release|x64.Build.0 = Release-soc|Win32
		{9CFACFD4-6EE4-432A-A687-D52259365D06}.Release|x86.ActiveCfg = Release-soc|Win32
		{9CFACFD4-6EE4-432A-A687-D52259365D06}.Release|x86.Build.0 = Release-soc|Win32
		{9CFACFD4-6EE4-432A-A687-D52259365D06}.Release-lx|Win32.ActiveCfg = Release-soc|Win32
		{9CFACFD4-6EE4-432A-A687-D52259365D06}.Release-lx|Win32.Build.0 = Release-soc|Win32
		{9CFACFD4-6EE4-432A-A687-D52259365D06}.Release-lx|x64.ActiveCfg = Release-soc|Win32
		{9CFACFD4-6EE4-432A-A687-D52259365D06}.Release-lx|x86.ActiveCfg = Release-soc|Win32
		{9CFACFD4-6EE4-432A-A687-D52259365D06}.Release-lx|x86.Build.0 = Release-soc|Win32
		{9CFACFD4-6EE4-432A-A687-D52259365D06}.Release-soc|Win32.ActiveCfg = Release-soc|Win32
		{9CFACFD4-6EE4-432A-A687-D52259365D06}.Release-soc|Win32.Build.0 = Release-soc|Win32
		{9CFACFD4-6EE4-432A-A687-D52259365D06}.Release-soc|x64.ActiveCfg = Release-soc|Win32
		{9CFACFD4-6EE4-432A-A687-D52259365D06}.Release-soc|x86.ActiveCfg = Release-soc|Win32
		{9CFACFD4-6EE4-432A-A687-D52259365D06}.Release-soc|x86.Build.0 = Release-soc|Win32
		{1FEAA138-76F9-4F0D-8C4C-12866B047A40}.Release|Win32.ActiveCfg = Release-soc|Win32
		{1FEAA138-76F9-4F0D-8C4C-12866B047A40}.Release|Win32.Build.0 = Release-soc|Win32
		{1FEAA138-76F9-4F0D-8C4C-12866B047A40}.Release|x64.ActiveCfg = Release-soc|Win32
		{1FEAA138-76F9-4F0D-8C4C-12866B047A40}.Release|x64.Build.0 = Release-soc|Win32
		{1FEAA138-76F9-4F0D-8C4C-12866B047A40}.Release|x86.ActiveCfg = Release-soc|Win32
		{1FEAA138-76F9-4F0D-8C4C-12866B047A40}.Release|x86.Build.0 = Release-soc|Win32
		{1FEAA138-76F9-4F0D-8C4C-12866B047A40}.Release-lx|Win32.ActiveCfg = Release-soc|Win32
		{1FEAA138-76F9-4F0D-8C4C-12866B047A40}.Release-lx|Win32.Build.0 = Release-soc|Win32
		{1FEAA138-76F9-4F0D-8C4C-12866B047A40}.Release-lx|x64.ActiveCfg = Release-soc|Win32
		{1FEAA138-76F9-4F0D-8C4C-12866B047A40}.Release-lx|x86.ActiveCfg = Release-soc|Win32
		{1FEAA138-76F9-4F0D-8C4C-12866B047A40}.Release-lx|x86.Build.0 = Release-soc|Win32
		{1FEAA138-76F9-4F0D-8C4C-12866B047A40}.Release-soc|Win32.ActiveCfg = Release-soc|Win32
		{1FEAA138-76F9-4F0D-8C4C-12866B047A40}.Release-soc|Win32.Build.0 = Release-soc|Win32
		{1FEAA138-76F9-4F0D-8C4C-12866B047A40}.Release-soc|x64.ActiveCfg = Release-soc|Win32
		{1FEAA138-76F9-4F0D-8C4C-12866B047A40}.Release-soc|x86.ActiveCfg = Release-soc|Win32
		{1FEAA138-76F9-4F0D-8C4C-12866B047A40}.Release-soc|x86.Build.0 = Release-soc|Win32
		{91897CF4-70AC-4E05-B75E-E05CBC3EDCF9}.Release|Win32.ActiveCfg = Release|Win32
		{91897CF4-70AC-4E05-B75E-E05CBC3EDCF9}.Release|Win32.Build.0 = Release|Win32
		{91897CF4-70AC-4E05-B75E-E05CBC3EDCF9}.Release|x64.ActiveCfg = Release|Win32
		{91897CF4-70AC-4E05-B75E-E05CBC3EDCF9}.Release|x86.ActiveCfg = Release|Win32
		{91897CF4-70AC-4E05-B75E-E05CBC3EDCF9}.Release|x86.Build.0 = Release|Win32
		{91897CF4-70AC-4E05-B75E-E05CBC3EDCF9}.Release-lx|Win32.ActiveCfg = Release-lx|Win32
		{91897CF4-70AC-4E05-B75E-E05CBC3EDCF9}.Release-lx|Win32.Build.0 = Release-lx|Win32
		{91897CF4-70AC-4E05-B75E-E05CBC3EDCF9}.Release-lx|x64.ActiveCfg = Release-lx|Win32
		{91897CF4-70AC-4E05-B75E-E05CBC3EDCF9}.Release-lx|x86.ActiveCfg = Release-lx|Win32
		{91897CF4-70AC-4E05-B75E-E05CBC3EDCF9}.Release-lx|x86.Build.0 = Release-lx|Win32
		{91897CF4-70AC-4E05-B75E-E05CBC3EDCF9}.Release-soc|Win32.ActiveCfg = Release-soc|Win32
		{91897CF4-70AC-4E05-B75E-E05CBC3EDCF9}.Release-soc|x64.ActiveCfg = Release-soc|Win32
		{91897CF4-70AC-4E05-B75E-E05CBC3EDCF9}.Release-soc|x86.ActiveCfg = Release-soc|Win32
		{91897CF4-70AC-4E05-B75E-E05CBC3EDCF9}.Release-soc|x86.Build.0 = Release-soc|Win32
	EndGlobalSection
	GlobalSection(SolutionProperties) = preSolution
		HideSolutionNode = FALSE
	EndGlobalSection
	GlobalSection(ExtensibilityGlobals) = postSolution
		SolutionGuid = {109DFE7D-E30E-4007-B466-503D09A6215E}
	EndGlobalSection
EndGlobal
