
Microsoft Visual Studio Solution File, Format Version 12.00
# Visual Studio Version 16
VisualStudioVersion = 16.0.29728.190
MinimumVisualStudioVersion = 10.0.40219.1
Project("{8BC9CEB8-8B4A-11D0-8D11-00A0C91BC942}") = "csv_txt", "csv_txt\csv_txt.vcxproj", "{A7BB0BC5-E896-4480-AE13-59A495B306DA}"
EndProject
Project("{8BC9CEB8-8B4A-11D0-8D11-00A0C91BC942}") = "VersionUpdate", "VersionUpdate\VersionUpdate.vcxproj", "{0EF475F1-2B72-44A9-81CE-48F00A81AD34}"
EndProject
Project("{FAE04EC0-301F-11D3-BF4B-00C04F79EFBC}") = "rx_common_lib_cs", "..\rx_common_lib_cs\rx_common_lib_cs.csproj", "{97412D0E-6CD1-4E4E-92F9-1460DEEDB44A}"
EndProject
Project("{8BC9CEB8-8B4A-11D0-8D11-00A0C91BC942}") = "rx_rip_lib", "..\rx_rip_lib\rx_rip_lib.vcxproj", "{67C98FEC-CEAA-4CF0-B8D2-D2941276E9F3}"
	ProjectSection(ProjectDependencies) = postProject
		{23DE4F53-96A4-44A2-9A16-FFC6CCB25311} = {23DE4F53-96A4-44A2-9A16-FFC6CCB25311}
		{531D50FB-5C99-4DF6-B152-8A0CFB84D4C7} = {531D50FB-5C99-4DF6-B152-8A0CFB84D4C7}
	EndProjectSection
EndProject
Project("{8BC9CEB8-8B4A-11D0-8D11-00A0C91BC942}") = "TinyXML", "..\Externals\TinyXML\TinyXML.vcxproj", "{531D50FB-5C99-4DF6-B152-8A0CFB84D4C7}"
EndProject
Project("{FAE04EC0-301F-11D3-BF4B-00C04F79EFBC}") = "mvt_digiprint_gui", "mvt_digiprint_gui.csproj", "{3B93426E-9F26-4CFD-875A-49C707605ACD}"
	ProjectSection(ProjectDependencies) = postProject
		{DF0DFCB4-2D19-450C-81C4-74493DD4009D} = {DF0DFCB4-2D19-450C-81C4-74493DD4009D}
	EndProjectSection
EndProject
Project("{8BC9CEB8-8B4A-11D0-8D11-00A0C91BC942}") = "rx_common_lib", "..\rx_common_lib\rx_common_lib.vcxproj", "{23DE4F53-96A4-44A2-9A16-FFC6CCB25311}"
EndProject
Project("{9A19103F-16F7-4668-BE54-9A1E7A4F7556}") = "ScanCheckImport", "..\ScanCheckParser\ScanCheckParser\ScanCheckImport.csproj", "{16A35183-8406-462E-88B9-56EBC80CFF05}"
EndProject
Project("{2150E333-8FDC-42A3-9474-1A3956D46DE8}") = "Solution Items", "Solution Items", "{41296F65-8DAD-4D9B-BC34-35D85609502C}"
	ProjectSection(SolutionItems) = preProject
		.editorconfig = .editorconfig
	EndProjectSection
EndProject
Project("{9A19103F-16F7-4668-BE54-9A1E7A4F7556}") = "rx_CamLib", "rx_CamLib\rx_CamLib.csproj", "{33B52D28-FB27-4D38-BFF7-E078359E677E}"
	ProjectSection(ProjectDependencies) = postProject
		{97412D0E-6CD1-4E4E-92F9-1460DEEDB44A} = {97412D0E-6CD1-4E4E-92F9-1460DEEDB44A}
	EndProjectSection
EndProject
Project("{8BC9CEB8-8B4A-11D0-8D11-00A0C91BC942}") = "rx_AlignFilter", "rx_AlignFilter\rx_AlignFilter.vcxproj", "{DF0DFCB4-2D19-450C-81C4-74493DD4009D}"
EndProject
Global
	GlobalSection(SolutionConfigurationPlatforms) = preSolution
		Debug|Any CPU = Debug|Any CPU
		Debug|Mixed Platforms = Debug|Mixed Platforms
		Debug|Win32 = Debug|Win32
		Debug|x64 = Debug|x64
		Debug|x86 = Debug|x86
		Debug-Remote|Any CPU = Debug-Remote|Any CPU
		Debug-Remote|Mixed Platforms = Debug-Remote|Mixed Platforms
		Debug-Remote|Win32 = Debug-Remote|Win32
		Debug-Remote|x64 = Debug-Remote|x64
		Debug-Remote|x86 = Debug-Remote|x86
		Release|Any CPU = Release|Any CPU
		Release|Mixed Platforms = Release|Mixed Platforms
		Release|Win32 = Release|Win32
		Release|x64 = Release|x64
		Release|x86 = Release|x86
	EndGlobalSection
	GlobalSection(ProjectConfigurationPlatforms) = postSolution
		{A7BB0BC5-E896-4480-AE13-59A495B306DA}.Debug|Any CPU.ActiveCfg = Debug|Win32
		{A7BB0BC5-E896-4480-AE13-59A495B306DA}.Debug|Mixed Platforms.ActiveCfg = Debug|Win32
		{A7BB0BC5-E896-4480-AE13-59A495B306DA}.Debug|Win32.ActiveCfg = Debug|Win32
		{A7BB0BC5-E896-4480-AE13-59A495B306DA}.Debug|Win32.Build.0 = Debug|Win32
		{A7BB0BC5-E896-4480-AE13-59A495B306DA}.Debug|x64.ActiveCfg = Debug|Win32
		{A7BB0BC5-E896-4480-AE13-59A495B306DA}.Debug|x86.ActiveCfg = Debug|Win32
		{A7BB0BC5-E896-4480-AE13-59A495B306DA}.Debug|x86.Build.0 = Debug|Win32
		{A7BB0BC5-E896-4480-AE13-59A495B306DA}.Debug-Remote|Any CPU.ActiveCfg = Debug|Win32
		{A7BB0BC5-E896-4480-AE13-59A495B306DA}.Debug-Remote|Mixed Platforms.ActiveCfg = Debug|Win32
		{A7BB0BC5-E896-4480-AE13-59A495B306DA}.Debug-Remote|Win32.ActiveCfg = Debug|Win32
		{A7BB0BC5-E896-4480-AE13-59A495B306DA}.Debug-Remote|x64.ActiveCfg = Debug|Win32
		{A7BB0BC5-E896-4480-AE13-59A495B306DA}.Debug-Remote|x86.ActiveCfg = Debug|Win32
		{A7BB0BC5-E896-4480-AE13-59A495B306DA}.Release|Any CPU.ActiveCfg = Release|Win32
		{A7BB0BC5-E896-4480-AE13-59A495B306DA}.Release|Mixed Platforms.ActiveCfg = Release|Win32
		{A7BB0BC5-E896-4480-AE13-59A495B306DA}.Release|Win32.ActiveCfg = Release|Win32
		{A7BB0BC5-E896-4480-AE13-59A495B306DA}.Release|x64.ActiveCfg = Release|Win32
		{A7BB0BC5-E896-4480-AE13-59A495B306DA}.Release|x86.ActiveCfg = Release|Win32
		{A7BB0BC5-E896-4480-AE13-59A495B306DA}.Release|x86.Build.0 = Release|Win32
		{0EF475F1-2B72-44A9-81CE-48F00A81AD34}.Debug|Any CPU.ActiveCfg = Debug|Win32
		{0EF475F1-2B72-44A9-81CE-48F00A81AD34}.Debug|Mixed Platforms.ActiveCfg = Debug|Win32
		{0EF475F1-2B72-44A9-81CE-48F00A81AD34}.Debug|Win32.ActiveCfg = Debug|Win32
		{0EF475F1-2B72-44A9-81CE-48F00A81AD34}.Debug|Win32.Build.0 = Debug|Win32
		{0EF475F1-2B72-44A9-81CE-48F00A81AD34}.Debug|x64.ActiveCfg = Debug|Win32
		{0EF475F1-2B72-44A9-81CE-48F00A81AD34}.Debug|x86.ActiveCfg = Debug|Win32
		{0EF475F1-2B72-44A9-81CE-48F00A81AD34}.Debug-Remote|Any CPU.ActiveCfg = Debug|Win32
		{0EF475F1-2B72-44A9-81CE-48F00A81AD34}.Debug-Remote|Mixed Platforms.ActiveCfg = Debug|Win32
		{0EF475F1-2B72-44A9-81CE-48F00A81AD34}.Debug-Remote|Win32.ActiveCfg = Debug|Win32
		{0EF475F1-2B72-44A9-81CE-48F00A81AD34}.Debug-Remote|x64.ActiveCfg = Debug|Win32
		{0EF475F1-2B72-44A9-81CE-48F00A81AD34}.Debug-Remote|x86.ActiveCfg = Debug|Win32
		{0EF475F1-2B72-44A9-81CE-48F00A81AD34}.Release|Any CPU.ActiveCfg = Release|Win32
		{0EF475F1-2B72-44A9-81CE-48F00A81AD34}.Release|Mixed Platforms.ActiveCfg = Release|Win32
		{0EF475F1-2B72-44A9-81CE-48F00A81AD34}.Release|Win32.ActiveCfg = Release|Win32
		{0EF475F1-2B72-44A9-81CE-48F00A81AD34}.Release|x64.ActiveCfg = Release|Win32
		{0EF475F1-2B72-44A9-81CE-48F00A81AD34}.Release|x86.ActiveCfg = Release|Win32
		{0EF475F1-2B72-44A9-81CE-48F00A81AD34}.Release|x86.Build.0 = Release|Win32
		{97412D0E-6CD1-4E4E-92F9-1460DEEDB44A}.Debug|Any CPU.ActiveCfg = Debug|Any CPU
		{97412D0E-6CD1-4E4E-92F9-1460DEEDB44A}.Debug|Any CPU.Build.0 = Debug|Any CPU
		{97412D0E-6CD1-4E4E-92F9-1460DEEDB44A}.Debug|Mixed Platforms.ActiveCfg = Debug|Any CPU
		{97412D0E-6CD1-4E4E-92F9-1460DEEDB44A}.Debug|Mixed Platforms.Build.0 = Debug|Any CPU
		{97412D0E-6CD1-4E4E-92F9-1460DEEDB44A}.Debug|Win32.ActiveCfg = Debug|x86
		{97412D0E-6CD1-4E4E-92F9-1460DEEDB44A}.Debug|Win32.Build.0 = Debug|x86
		{97412D0E-6CD1-4E4E-92F9-1460DEEDB44A}.Debug|x64.ActiveCfg = Debug|x64
		{97412D0E-6CD1-4E4E-92F9-1460DEEDB44A}.Debug|x64.Build.0 = Debug|x64
		{97412D0E-6CD1-4E4E-92F9-1460DEEDB44A}.Debug|x86.ActiveCfg = Debug|x86
		{97412D0E-6CD1-4E4E-92F9-1460DEEDB44A}.Debug|x86.Build.0 = Debug|x86
		{97412D0E-6CD1-4E4E-92F9-1460DEEDB44A}.Debug-Remote|Any CPU.ActiveCfg = Debug|Any CPU
		{97412D0E-6CD1-4E4E-92F9-1460DEEDB44A}.Debug-Remote|Any CPU.Build.0 = Debug|Any CPU
		{97412D0E-6CD1-4E4E-92F9-1460DEEDB44A}.Debug-Remote|Mixed Platforms.ActiveCfg = Debug-Remote|Any CPU
		{97412D0E-6CD1-4E4E-92F9-1460DEEDB44A}.Debug-Remote|Mixed Platforms.Build.0 = Debug-Remote|Any CPU
		{97412D0E-6CD1-4E4E-92F9-1460DEEDB44A}.Debug-Remote|Win32.ActiveCfg = Debug-Remote|x86
		{97412D0E-6CD1-4E4E-92F9-1460DEEDB44A}.Debug-Remote|Win32.Build.0 = Debug-Remote|x86
		{97412D0E-6CD1-4E4E-92F9-1460DEEDB44A}.Debug-Remote|x64.ActiveCfg = Debug-Remote|x64
		{97412D0E-6CD1-4E4E-92F9-1460DEEDB44A}.Debug-Remote|x64.Build.0 = Debug-Remote|x64
		{97412D0E-6CD1-4E4E-92F9-1460DEEDB44A}.Debug-Remote|x86.ActiveCfg = Debug-Remote|x86
		{97412D0E-6CD1-4E4E-92F9-1460DEEDB44A}.Debug-Remote|x86.Build.0 = Debug-Remote|x86
		{97412D0E-6CD1-4E4E-92F9-1460DEEDB44A}.Release|Any CPU.ActiveCfg = Release|Any CPU
		{97412D0E-6CD1-4E4E-92F9-1460DEEDB44A}.Release|Any CPU.Build.0 = Release|Any CPU
		{97412D0E-6CD1-4E4E-92F9-1460DEEDB44A}.Release|Mixed Platforms.ActiveCfg = Release|Any CPU
		{97412D0E-6CD1-4E4E-92F9-1460DEEDB44A}.Release|Mixed Platforms.Build.0 = Release|Any CPU
		{97412D0E-6CD1-4E4E-92F9-1460DEEDB44A}.Release|Win32.ActiveCfg = Release|x86
		{97412D0E-6CD1-4E4E-92F9-1460DEEDB44A}.Release|Win32.Build.0 = Release|x86
		{97412D0E-6CD1-4E4E-92F9-1460DEEDB44A}.Release|x64.ActiveCfg = Release|x64
		{97412D0E-6CD1-4E4E-92F9-1460DEEDB44A}.Release|x64.Build.0 = Release|x64
		{97412D0E-6CD1-4E4E-92F9-1460DEEDB44A}.Release|x86.ActiveCfg = Release|Any CPU
		{97412D0E-6CD1-4E4E-92F9-1460DEEDB44A}.Release|x86.Build.0 = Release|Any CPU
		{67C98FEC-CEAA-4CF0-B8D2-D2941276E9F3}.Debug|Any CPU.ActiveCfg = Debug|Win32
		{67C98FEC-CEAA-4CF0-B8D2-D2941276E9F3}.Debug|Mixed Platforms.ActiveCfg = Debug|Win32
		{67C98FEC-CEAA-4CF0-B8D2-D2941276E9F3}.Debug|Mixed Platforms.Build.0 = Debug|Win32
		{67C98FEC-CEAA-4CF0-B8D2-D2941276E9F3}.Debug|Win32.ActiveCfg = Debug|Win32
		{67C98FEC-CEAA-4CF0-B8D2-D2941276E9F3}.Debug|Win32.Build.0 = Debug|Win32
		{67C98FEC-CEAA-4CF0-B8D2-D2941276E9F3}.Debug|x64.ActiveCfg = Debug|x64
		{67C98FEC-CEAA-4CF0-B8D2-D2941276E9F3}.Debug|x86.ActiveCfg = Debug|Win32
		{67C98FEC-CEAA-4CF0-B8D2-D2941276E9F3}.Debug|x86.Build.0 = Debug|Win32
		{67C98FEC-CEAA-4CF0-B8D2-D2941276E9F3}.Debug-Remote|Any CPU.ActiveCfg = Debug-Remote|Win32
		{67C98FEC-CEAA-4CF0-B8D2-D2941276E9F3}.Debug-Remote|Mixed Platforms.ActiveCfg = Debug-Remote|Win32
		{67C98FEC-CEAA-4CF0-B8D2-D2941276E9F3}.Debug-Remote|Mixed Platforms.Build.0 = Debug-Remote|Win32
		{67C98FEC-CEAA-4CF0-B8D2-D2941276E9F3}.Debug-Remote|Win32.ActiveCfg = Debug-Remote|Win32
		{67C98FEC-CEAA-4CF0-B8D2-D2941276E9F3}.Debug-Remote|Win32.Build.0 = Debug-Remote|Win32
		{67C98FEC-CEAA-4CF0-B8D2-D2941276E9F3}.Debug-Remote|x64.ActiveCfg = Debug-Remote|x64
		{67C98FEC-CEAA-4CF0-B8D2-D2941276E9F3}.Debug-Remote|x86.ActiveCfg = Debug-Remote|Win32
		{67C98FEC-CEAA-4CF0-B8D2-D2941276E9F3}.Debug-Remote|x86.Build.0 = Debug-Remote|Win32
		{67C98FEC-CEAA-4CF0-B8D2-D2941276E9F3}.Release|Any CPU.ActiveCfg = Release|Win32
		{67C98FEC-CEAA-4CF0-B8D2-D2941276E9F3}.Release|Mixed Platforms.ActiveCfg = Release|Win32
		{67C98FEC-CEAA-4CF0-B8D2-D2941276E9F3}.Release|Mixed Platforms.Build.0 = Release|Win32
		{67C98FEC-CEAA-4CF0-B8D2-D2941276E9F3}.Release|Win32.ActiveCfg = Release|Win32
		{67C98FEC-CEAA-4CF0-B8D2-D2941276E9F3}.Release|Win32.Build.0 = Release|Win32
		{67C98FEC-CEAA-4CF0-B8D2-D2941276E9F3}.Release|x64.ActiveCfg = Release|x64
		{67C98FEC-CEAA-4CF0-B8D2-D2941276E9F3}.Release|x64.Build.0 = Release|x64
		{67C98FEC-CEAA-4CF0-B8D2-D2941276E9F3}.Release|x86.ActiveCfg = Release|Win32
		{67C98FEC-CEAA-4CF0-B8D2-D2941276E9F3}.Release|x86.Build.0 = Release|Win32
		{531D50FB-5C99-4DF6-B152-8A0CFB84D4C7}.Debug|Any CPU.ActiveCfg = Debug|Win32
		{531D50FB-5C99-4DF6-B152-8A0CFB84D4C7}.Debug|Mixed Platforms.ActiveCfg = Debug|Win32
		{531D50FB-5C99-4DF6-B152-8A0CFB84D4C7}.Debug|Mixed Platforms.Build.0 = Debug|Win32
		{531D50FB-5C99-4DF6-B152-8A0CFB84D4C7}.Debug|Win32.ActiveCfg = Debug|Win32
		{531D50FB-5C99-4DF6-B152-8A0CFB84D4C7}.Debug|Win32.Build.0 = Debug|Win32
		{531D50FB-5C99-4DF6-B152-8A0CFB84D4C7}.Debug|x64.ActiveCfg = Debug|x64
		{531D50FB-5C99-4DF6-B152-8A0CFB84D4C7}.Debug|x86.ActiveCfg = Debug|Win32
		{531D50FB-5C99-4DF6-B152-8A0CFB84D4C7}.Debug|x86.Build.0 = Debug|Win32
		{531D50FB-5C99-4DF6-B152-8A0CFB84D4C7}.Debug-Remote|Any CPU.ActiveCfg = Debug-Remote|Win32
		{531D50FB-5C99-4DF6-B152-8A0CFB84D4C7}.Debug-Remote|Mixed Platforms.ActiveCfg = Debug-Remote|Win32
		{531D50FB-5C99-4DF6-B152-8A0CFB84D4C7}.Debug-Remote|Mixed Platforms.Build.0 = Debug-Remote|Win32
		{531D50FB-5C99-4DF6-B152-8A0CFB84D4C7}.Debug-Remote|Win32.ActiveCfg = Debug-Remote|Win32
		{531D50FB-5C99-4DF6-B152-8A0CFB84D4C7}.Debug-Remote|Win32.Build.0 = Debug-Remote|Win32
		{531D50FB-5C99-4DF6-B152-8A0CFB84D4C7}.Debug-Remote|x64.ActiveCfg = Debug-Remote|x64
		{531D50FB-5C99-4DF6-B152-8A0CFB84D4C7}.Debug-Remote|x64.Build.0 = Debug-Remote|x64
		{531D50FB-5C99-4DF6-B152-8A0CFB84D4C7}.Debug-Remote|x86.ActiveCfg = Debug-Remote|Win32
		{531D50FB-5C99-4DF6-B152-8A0CFB84D4C7}.Debug-Remote|x86.Build.0 = Debug-Remote|Win32
		{531D50FB-5C99-4DF6-B152-8A0CFB84D4C7}.Release|Any CPU.ActiveCfg = Release|Win32
		{531D50FB-5C99-4DF6-B152-8A0CFB84D4C7}.Release|Mixed Platforms.ActiveCfg = Release|Win32
		{531D50FB-5C99-4DF6-B152-8A0CFB84D4C7}.Release|Mixed Platforms.Build.0 = Release|Win32
		{531D50FB-5C99-4DF6-B152-8A0CFB84D4C7}.Release|Win32.ActiveCfg = Release|Win32
		{531D50FB-5C99-4DF6-B152-8A0CFB84D4C7}.Release|Win32.Build.0 = Release|Win32
		{531D50FB-5C99-4DF6-B152-8A0CFB84D4C7}.Release|x64.ActiveCfg = Release|x64
		{531D50FB-5C99-4DF6-B152-8A0CFB84D4C7}.Release|x64.Build.0 = Release|x64
		{531D50FB-5C99-4DF6-B152-8A0CFB84D4C7}.Release|x86.ActiveCfg = Release|Win32
		{531D50FB-5C99-4DF6-B152-8A0CFB84D4C7}.Release|x86.Build.0 = Release|Win32
		{3B93426E-9F26-4CFD-875A-49C707605ACD}.Debug|Any CPU.ActiveCfg = Debug|Any CPU
		{3B93426E-9F26-4CFD-875A-49C707605ACD}.Debug|Any CPU.Build.0 = Debug|Any CPU
		{3B93426E-9F26-4CFD-875A-49C707605ACD}.Debug|Mixed Platforms.ActiveCfg = Debug|x86
		{3B93426E-9F26-4CFD-875A-49C707605ACD}.Debug|Mixed Platforms.Build.0 = Debug|x86
		{3B93426E-9F26-4CFD-875A-49C707605ACD}.Debug|Win32.ActiveCfg = Debug|x86
		{3B93426E-9F26-4CFD-875A-49C707605ACD}.Debug|Win32.Build.0 = Debug|x86
		{3B93426E-9F26-4CFD-875A-49C707605ACD}.Debug|x64.ActiveCfg = Debug|x64
		{3B93426E-9F26-4CFD-875A-49C707605ACD}.Debug|x64.Build.0 = Debug|x64
		{3B93426E-9F26-4CFD-875A-49C707605ACD}.Debug|x86.ActiveCfg = Debug|x86
		{3B93426E-9F26-4CFD-875A-49C707605ACD}.Debug|x86.Build.0 = Debug|x86
		{3B93426E-9F26-4CFD-875A-49C707605ACD}.Debug-Remote|Any CPU.ActiveCfg = Debug-Remote|Any CPU
		{3B93426E-9F26-4CFD-875A-49C707605ACD}.Debug-Remote|Any CPU.Build.0 = Debug-Remote|Any CPU
		{3B93426E-9F26-4CFD-875A-49C707605ACD}.Debug-Remote|Mixed Platforms.ActiveCfg = Debug-Remote|x86
		{3B93426E-9F26-4CFD-875A-49C707605ACD}.Debug-Remote|Mixed Platforms.Build.0 = Debug-Remote|x86
		{3B93426E-9F26-4CFD-875A-49C707605ACD}.Debug-Remote|Win32.ActiveCfg = Debug-Remote|x86
		{3B93426E-9F26-4CFD-875A-49C707605ACD}.Debug-Remote|Win32.Build.0 = Debug-Remote|x86
		{3B93426E-9F26-4CFD-875A-49C707605ACD}.Debug-Remote|x64.ActiveCfg = Debug-Remote|x64
		{3B93426E-9F26-4CFD-875A-49C707605ACD}.Debug-Remote|x64.Build.0 = Debug-Remote|x64
		{3B93426E-9F26-4CFD-875A-49C707605ACD}.Debug-Remote|x86.ActiveCfg = Debug-Remote|x86
		{3B93426E-9F26-4CFD-875A-49C707605ACD}.Debug-Remote|x86.Build.0 = Debug-Remote|x86
		{3B93426E-9F26-4CFD-875A-49C707605ACD}.Release|Any CPU.ActiveCfg = Release|Any CPU
		{3B93426E-9F26-4CFD-875A-49C707605ACD}.Release|Any CPU.Build.0 = Release|Any CPU
		{3B93426E-9F26-4CFD-875A-49C707605ACD}.Release|Mixed Platforms.ActiveCfg = Release|x86
		{3B93426E-9F26-4CFD-875A-49C707605ACD}.Release|Mixed Platforms.Build.0 = Release|x86
		{3B93426E-9F26-4CFD-875A-49C707605ACD}.Release|Win32.ActiveCfg = Release|x86
		{3B93426E-9F26-4CFD-875A-49C707605ACD}.Release|Win32.Build.0 = Release|x86
		{3B93426E-9F26-4CFD-875A-49C707605ACD}.Release|x64.ActiveCfg = Release|x64
		{3B93426E-9F26-4CFD-875A-49C707605ACD}.Release|x64.Build.0 = Release|x64
		{3B93426E-9F26-4CFD-875A-49C707605ACD}.Release|x86.ActiveCfg = Release|x86
		{3B93426E-9F26-4CFD-875A-49C707605ACD}.Release|x86.Build.0 = Release|x86
		{23DE4F53-96A4-44A2-9A16-FFC6CCB25311}.Debug|Any CPU.ActiveCfg = Debug-soc|Win32
		{23DE4F53-96A4-44A2-9A16-FFC6CCB25311}.Debug|Mixed Platforms.ActiveCfg = Debug-soc|Win32
		{23DE4F53-96A4-44A2-9A16-FFC6CCB25311}.Debug|Mixed Platforms.Build.0 = Debug-soc|Win32
		{23DE4F53-96A4-44A2-9A16-FFC6CCB25311}.Debug|Win32.ActiveCfg = Debug|Win32
		{23DE4F53-96A4-44A2-9A16-FFC6CCB25311}.Debug|Win32.Build.0 = Debug|Win32
		{23DE4F53-96A4-44A2-9A16-FFC6CCB25311}.Debug|x64.ActiveCfg = Debug|x64
		{23DE4F53-96A4-44A2-9A16-FFC6CCB25311}.Debug|x86.ActiveCfg = Debug-soc|Win32
		{23DE4F53-96A4-44A2-9A16-FFC6CCB25311}.Debug|x86.Build.0 = Debug-soc|Win32
		{23DE4F53-96A4-44A2-9A16-FFC6CCB25311}.Debug-Remote|Any CPU.ActiveCfg = Debug-soc|Win32
		{23DE4F53-96A4-44A2-9A16-FFC6CCB25311}.Debug-Remote|Mixed Platforms.ActiveCfg = Debug-soc|Win32
		{23DE4F53-96A4-44A2-9A16-FFC6CCB25311}.Debug-Remote|Mixed Platforms.Build.0 = Debug-soc|Win32
		{23DE4F53-96A4-44A2-9A16-FFC6CCB25311}.Debug-Remote|Win32.ActiveCfg = Debug-soc|Win32
		{23DE4F53-96A4-44A2-9A16-FFC6CCB25311}.Debug-Remote|Win32.Build.0 = Debug-soc|Win32
		{23DE4F53-96A4-44A2-9A16-FFC6CCB25311}.Debug-Remote|x64.ActiveCfg = Debug-Remote|x64
		{23DE4F53-96A4-44A2-9A16-FFC6CCB25311}.Debug-Remote|x86.ActiveCfg = Debug-soc|Win32
		{23DE4F53-96A4-44A2-9A16-FFC6CCB25311}.Debug-Remote|x86.Build.0 = Debug-soc|Win32
		{23DE4F53-96A4-44A2-9A16-FFC6CCB25311}.Release|Any CPU.ActiveCfg = Release-soc|Win32
		{23DE4F53-96A4-44A2-9A16-FFC6CCB25311}.Release|Mixed Platforms.ActiveCfg = Release-soc|Win32
		{23DE4F53-96A4-44A2-9A16-FFC6CCB25311}.Release|Mixed Platforms.Build.0 = Release-soc|Win32
		{23DE4F53-96A4-44A2-9A16-FFC6CCB25311}.Release|Win32.ActiveCfg = Release-soc|Win32
		{23DE4F53-96A4-44A2-9A16-FFC6CCB25311}.Release|Win32.Build.0 = Release-soc|Win32
		{23DE4F53-96A4-44A2-9A16-FFC6CCB25311}.Release|x64.ActiveCfg = Release|x64
		{23DE4F53-96A4-44A2-9A16-FFC6CCB25311}.Release|x64.Build.0 = Release|x64
		{23DE4F53-96A4-44A2-9A16-FFC6CCB25311}.Release|x86.ActiveCfg = Release-soc|Win32
		{23DE4F53-96A4-44A2-9A16-FFC6CCB25311}.Release|x86.Build.0 = Release-soc|Win32
		{16A35183-8406-462E-88B9-56EBC80CFF05}.Debug|Any CPU.ActiveCfg = Debug|Any CPU
		{16A35183-8406-462E-88B9-56EBC80CFF05}.Debug|Any CPU.Build.0 = Debug|Any CPU
		{16A35183-8406-462E-88B9-56EBC80CFF05}.Debug|Mixed Platforms.ActiveCfg = Debug|Any CPU
		{16A35183-8406-462E-88B9-56EBC80CFF05}.Debug|Mixed Platforms.Build.0 = Debug|Any CPU
		{16A35183-8406-462E-88B9-56EBC80CFF05}.Debug|Win32.ActiveCfg = Debug|Any CPU
		{16A35183-8406-462E-88B9-56EBC80CFF05}.Debug|Win32.Build.0 = Debug|Any CPU
		{16A35183-8406-462E-88B9-56EBC80CFF05}.Debug|x64.ActiveCfg = Debug|x64
		{16A35183-8406-462E-88B9-56EBC80CFF05}.Debug|x64.Build.0 = Debug|x64
		{16A35183-8406-462E-88B9-56EBC80CFF05}.Debug|x86.ActiveCfg = Debug|Any CPU
		{16A35183-8406-462E-88B9-56EBC80CFF05}.Debug|x86.Build.0 = Debug|Any CPU
		{16A35183-8406-462E-88B9-56EBC80CFF05}.Debug-Remote|Any CPU.ActiveCfg = Debug|Any CPU
		{16A35183-8406-462E-88B9-56EBC80CFF05}.Debug-Remote|Any CPU.Build.0 = Debug|Any CPU
		{16A35183-8406-462E-88B9-56EBC80CFF05}.Debug-Remote|Mixed Platforms.ActiveCfg = Debug|Any CPU
		{16A35183-8406-462E-88B9-56EBC80CFF05}.Debug-Remote|Mixed Platforms.Build.0 = Debug|Any CPU
		{16A35183-8406-462E-88B9-56EBC80CFF05}.Debug-Remote|Win32.ActiveCfg = Debug|Any CPU
		{16A35183-8406-462E-88B9-56EBC80CFF05}.Debug-Remote|Win32.Build.0 = Debug|Any CPU
		{16A35183-8406-462E-88B9-56EBC80CFF05}.Debug-Remote|x64.ActiveCfg = Debug|x64
		{16A35183-8406-462E-88B9-56EBC80CFF05}.Debug-Remote|x64.Build.0 = Debug|x64
		{16A35183-8406-462E-88B9-56EBC80CFF05}.Debug-Remote|x86.ActiveCfg = Debug|Any CPU
		{16A35183-8406-462E-88B9-56EBC80CFF05}.Debug-Remote|x86.Build.0 = Debug|Any CPU
		{16A35183-8406-462E-88B9-56EBC80CFF05}.Release|Any CPU.ActiveCfg = Release|Any CPU
		{16A35183-8406-462E-88B9-56EBC80CFF05}.Release|Any CPU.Build.0 = Release|Any CPU
		{16A35183-8406-462E-88B9-56EBC80CFF05}.Release|Mixed Platforms.ActiveCfg = Release|Any CPU
		{16A35183-8406-462E-88B9-56EBC80CFF05}.Release|Mixed Platforms.Build.0 = Release|Any CPU
		{16A35183-8406-462E-88B9-56EBC80CFF05}.Release|Win32.ActiveCfg = Release|Any CPU
		{16A35183-8406-462E-88B9-56EBC80CFF05}.Release|Win32.Build.0 = Release|Any CPU
		{16A35183-8406-462E-88B9-56EBC80CFF05}.Release|x64.ActiveCfg = Release|x64
		{16A35183-8406-462E-88B9-56EBC80CFF05}.Release|x64.Build.0 = Release|x64
		{16A35183-8406-462E-88B9-56EBC80CFF05}.Release|x86.ActiveCfg = Release|Any CPU
		{16A35183-8406-462E-88B9-56EBC80CFF05}.Release|x86.Build.0 = Release|Any CPU
		{33B52D28-FB27-4D38-BFF7-E078359E677E}.Debug|Any CPU.ActiveCfg = Debug|Any CPU
		{33B52D28-FB27-4D38-BFF7-E078359E677E}.Debug|Any CPU.Build.0 = Debug|Any CPU
		{33B52D28-FB27-4D38-BFF7-E078359E677E}.Debug|Mixed Platforms.ActiveCfg = Debug|Any CPU
		{33B52D28-FB27-4D38-BFF7-E078359E677E}.Debug|Mixed Platforms.Build.0 = Debug|Any CPU
		{33B52D28-FB27-4D38-BFF7-E078359E677E}.Debug|Win32.ActiveCfg = Debug|Any CPU
		{33B52D28-FB27-4D38-BFF7-E078359E677E}.Debug|Win32.Build.0 = Debug|Any CPU
		{33B52D28-FB27-4D38-BFF7-E078359E677E}.Debug|x64.ActiveCfg = Debug|x64
		{33B52D28-FB27-4D38-BFF7-E078359E677E}.Debug|x64.Build.0 = Debug|x64
		{33B52D28-FB27-4D38-BFF7-E078359E677E}.Debug|x86.ActiveCfg = Debug|Any CPU
		{33B52D28-FB27-4D38-BFF7-E078359E677E}.Debug|x86.Build.0 = Debug|Any CPU
		{33B52D28-FB27-4D38-BFF7-E078359E677E}.Debug-Remote|Any CPU.ActiveCfg = Debug|Any CPU
		{33B52D28-FB27-4D38-BFF7-E078359E677E}.Debug-Remote|Any CPU.Build.0 = Debug|Any CPU
		{33B52D28-FB27-4D38-BFF7-E078359E677E}.Debug-Remote|Mixed Platforms.ActiveCfg = Debug|Any CPU
		{33B52D28-FB27-4D38-BFF7-E078359E677E}.Debug-Remote|Mixed Platforms.Build.0 = Debug|Any CPU
		{33B52D28-FB27-4D38-BFF7-E078359E677E}.Debug-Remote|Win32.ActiveCfg = Debug|Any CPU
		{33B52D28-FB27-4D38-BFF7-E078359E677E}.Debug-Remote|Win32.Build.0 = Debug|Any CPU
		{33B52D28-FB27-4D38-BFF7-E078359E677E}.Debug-Remote|x64.ActiveCfg = Debug|x64
		{33B52D28-FB27-4D38-BFF7-E078359E677E}.Debug-Remote|x64.Build.0 = Debug|x64
		{33B52D28-FB27-4D38-BFF7-E078359E677E}.Debug-Remote|x86.ActiveCfg = Debug|Any CPU
		{33B52D28-FB27-4D38-BFF7-E078359E677E}.Debug-Remote|x86.Build.0 = Debug|Any CPU
		{33B52D28-FB27-4D38-BFF7-E078359E677E}.Release|Any CPU.ActiveCfg = Release|Any CPU
		{33B52D28-FB27-4D38-BFF7-E078359E677E}.Release|Any CPU.Build.0 = Release|Any CPU
		{33B52D28-FB27-4D38-BFF7-E078359E677E}.Release|Mixed Platforms.ActiveCfg = Release|Any CPU
		{33B52D28-FB27-4D38-BFF7-E078359E677E}.Release|Mixed Platforms.Build.0 = Release|Any CPU
		{33B52D28-FB27-4D38-BFF7-E078359E677E}.Release|Win32.ActiveCfg = Release|Any CPU
		{33B52D28-FB27-4D38-BFF7-E078359E677E}.Release|Win32.Build.0 = Release|Any CPU
		{33B52D28-FB27-4D38-BFF7-E078359E677E}.Release|x64.ActiveCfg = Release|x64
		{33B52D28-FB27-4D38-BFF7-E078359E677E}.Release|x64.Build.0 = Release|x64
		{33B52D28-FB27-4D38-BFF7-E078359E677E}.Release|x86.ActiveCfg = Release|Any CPU
		{33B52D28-FB27-4D38-BFF7-E078359E677E}.Release|x86.Build.0 = Release|Any CPU
		{DF0DFCB4-2D19-450C-81C4-74493DD4009D}.Debug|Any CPU.ActiveCfg = Debug|Win32
		{DF0DFCB4-2D19-450C-81C4-74493DD4009D}.Debug|Mixed Platforms.ActiveCfg = Release|Win32
		{DF0DFCB4-2D19-450C-81C4-74493DD4009D}.Debug|Mixed Platforms.Build.0 = Release|Win32
		{DF0DFCB4-2D19-450C-81C4-74493DD4009D}.Debug|Win32.ActiveCfg = Release|Win32
		{DF0DFCB4-2D19-450C-81C4-74493DD4009D}.Debug|Win32.Build.0 = Release|Win32
		{DF0DFCB4-2D19-450C-81C4-74493DD4009D}.Debug|x64.ActiveCfg = Release|x64
		{DF0DFCB4-2D19-450C-81C4-74493DD4009D}.Debug|x64.Build.0 = Release|x64
		{DF0DFCB4-2D19-450C-81C4-74493DD4009D}.Debug|x86.ActiveCfg = Release|Win32
		{DF0DFCB4-2D19-450C-81C4-74493DD4009D}.Debug|x86.Build.0 = Release|Win32
		{DF0DFCB4-2D19-450C-81C4-74493DD4009D}.Debug-Remote|Any CPU.ActiveCfg = Debug|Win32
		{DF0DFCB4-2D19-450C-81C4-74493DD4009D}.Debug-Remote|Any CPU.Build.0 = Debug|Win32
		{DF0DFCB4-2D19-450C-81C4-74493DD4009D}.Debug-Remote|Mixed Platforms.ActiveCfg = Debug|Win32
		{DF0DFCB4-2D19-450C-81C4-74493DD4009D}.Debug-Remote|Mixed Platforms.Build.0 = Debug|Win32
		{DF0DFCB4-2D19-450C-81C4-74493DD4009D}.Debug-Remote|Win32.ActiveCfg = Debug|Win32
		{DF0DFCB4-2D19-450C-81C4-74493DD4009D}.Debug-Remote|Win32.Build.0 = Debug|Win32
		{DF0DFCB4-2D19-450C-81C4-74493DD4009D}.Debug-Remote|x64.ActiveCfg = Release|x64
		{DF0DFCB4-2D19-450C-81C4-74493DD4009D}.Debug-Remote|x64.Build.0 = Release|x64
		{DF0DFCB4-2D19-450C-81C4-74493DD4009D}.Debug-Remote|x86.ActiveCfg = Debug|Win32
		{DF0DFCB4-2D19-450C-81C4-74493DD4009D}.Debug-Remote|x86.Build.0 = Debug|Win32
		{DF0DFCB4-2D19-450C-81C4-74493DD4009D}.Release|Any CPU.ActiveCfg = Release|Win32
		{DF0DFCB4-2D19-450C-81C4-74493DD4009D}.Release|Mixed Platforms.ActiveCfg = Release|Win32
		{DF0DFCB4-2D19-450C-81C4-74493DD4009D}.Release|Mixed Platforms.Build.0 = Release|Win32
		{DF0DFCB4-2D19-450C-81C4-74493DD4009D}.Release|Win32.ActiveCfg = Release|Win32
		{DF0DFCB4-2D19-450C-81C4-74493DD4009D}.Release|Win32.Build.0 = Release|Win32
		{DF0DFCB4-2D19-450C-81C4-74493DD4009D}.Release|x64.ActiveCfg = Release|x64
		{DF0DFCB4-2D19-450C-81C4-74493DD4009D}.Release|x64.Build.0 = Release|x64
		{DF0DFCB4-2D19-450C-81C4-74493DD4009D}.Release|x86.ActiveCfg = Release|Win32
		{DF0DFCB4-2D19-450C-81C4-74493DD4009D}.Release|x86.Build.0 = Release|Win32
	EndGlobalSection
	GlobalSection(SolutionProperties) = preSolution
		HideSolutionNode = FALSE
	EndGlobalSection
	GlobalSection(ExtensibilityGlobals) = postSolution
		SolutionGuid = {09EA9EDD-4332-4151-8CD6-1AF6DB72EB32}
	EndGlobalSection
EndGlobal
