
Microsoft Visual Studio Solution File, Format Version 12.00
# Visual Studio 2013
VisualStudioVersion = 12.0.21005.1
MinimumVisualStudioVersion = 10.0.40219.1
Project("{8BC9CEB8-8B4A-11D0-8D11-00A0C91BC942}") = "rx_stepper_ctrl", "rx_stepper_ctrl.vcxproj", "{F3D0BE1B-1F74-4EC5-8233-7C204F0FEEED}"
	ProjectSection(ProjectDependencies) = postProject
		{23DE4F53-96A4-44A2-9A16-FFC6CCB25311} = {23DE4F53-96A4-44A2-9A16-FFC6CCB25311}
	EndProjectSection
EndProject
Project("{8BC9CEB8-8B4A-11D0-8D11-00A0C91BC942}") = "rx_common_lib", "..\rx_common_lib\rx_common_lib.vcxproj", "{23DE4F53-96A4-44A2-9A16-FFC6CCB25311}"
EndProject
Global
	GlobalSection(SolutionConfigurationPlatforms) = preSolution
		Debug-soc|Win32 = Debug-soc|Win32
		Release-soc|Win32 = Release-soc|Win32
	EndGlobalSection
	GlobalSection(ProjectConfigurationPlatforms) = postSolution
		{F3D0BE1B-1F74-4EC5-8233-7C204F0FEEED}.Debug-soc|Win32.ActiveCfg = Debug-soc|Win32
		{F3D0BE1B-1F74-4EC5-8233-7C204F0FEEED}.Debug-soc|Win32.Build.0 = Debug-soc|Win32
		{F3D0BE1B-1F74-4EC5-8233-7C204F0FEEED}.Release-soc|Win32.ActiveCfg = Release-soc|Win32
		{F3D0BE1B-1F74-4EC5-8233-7C204F0FEEED}.Release-soc|Win32.Build.0 = Release-soc|Win32
		{F3D0BE1B-1F74-4EC5-8233-7C204F0FEEED}.Release-soc|Win32.Deploy.0 = Release-soc|Win32
		{23DE4F53-96A4-44A2-9A16-FFC6CCB25311}.Debug-soc|Win32.ActiveCfg = Debug-soc|Win32
		{23DE4F53-96A4-44A2-9A16-FFC6CCB25311}.Debug-soc|Win32.Build.0 = Debug-soc|Win32
		{23DE4F53-96A4-44A2-9A16-FFC6CCB25311}.Release-soc|Win32.ActiveCfg = Release-soc|Win32
		{23DE4F53-96A4-44A2-9A16-FFC6CCB25311}.Release-soc|Win32.Build.0 = Release-soc|Win32
	EndGlobalSection
	GlobalSection(SolutionProperties) = preSolution
		HideSolutionNode = FALSE
	EndGlobalSection
EndGlobal
