<?xml version="1.0" encoding="utf-8"?>
<Project ToolsVersion="4.0" xmlns="http://schemas.microsoft.com/developer/msbuild/2003">
  <ItemGroup>
    <Filter Include="Source Files">
      <UniqueIdentifier>{4FC737F1-C7A5-4376-A066-2A32D752A2FF}</UniqueIdentifier>
      <Extensions>cpp;c;cc;cxx;def;odl;idl;hpj;bat;asm;asmx</Extensions>
    </Filter>
    <Filter Include="Header Files">
      <UniqueIdentifier>{93995380-89BD-4b04-88EB-625FBE52EBFB}</UniqueIdentifier>
      <Extensions>h;hh;hpp;hxx;hm;inl;inc;xsd</Extensions>
    </Filter>
    <Filter Include="Resource Files">
      <UniqueIdentifier>{67DA6AB6-F800-4c08-8B7A-83BB121AAD01}</UniqueIdentifier>
      <Extensions>rc;ico;cur;bmp;dlg;rc2;rct;bin;rgs;gif;jpg;jpeg;jpe;resx;tiff;tif;png;wav;mfcribbon-ms</Extensions>
    </Filter>
    <Filter Include="Make files">
      <UniqueIdentifier>{5342933b-e1f3-4ab7-987d-5b905d73f9e9}</UniqueIdentifier>
      <Extensions>*.mak</Extensions>
    </Filter>
  </ItemGroup>
  <ItemGroup>
    <Text Include="ReadMe.txt" />
  </ItemGroup>
  <ItemGroup>
    <ClInclude Include="ctrl_client.h">
      <Filter>Header Files</Filter>
    </ClInclude>
    <ClInclude Include="gcc_Debug.h">
      <Filter>Header Files</Filter>
    </ClInclude>
    <ClInclude Include="gcc_Release.h">
      <Filter>Header Files</Filter>
    </ClInclude>
    <ClInclude Include="version.h">
      <Filter>Header Files</Filter>
    </ClInclude>
    <ClInclude Include="head_client.h">
      <Filter>Header Files</Filter>
    </ClInclude>
    <ClInclude Include="data.h">
      <Filter>Header Files</Filter>
    </ClInclude>
    <ClInclude Include="spool_rip.h">
      <Filter>Header Files</Filter>
    </ClInclude>
    <ClInclude Include="rs_tec-it.h">
      <Filter>Header Files</Filter>
    </ClInclude>
    <ClInclude Include="data_client.h">
      <Filter>Header Files</Filter>
    </ClInclude>
    <ClInclude Include="test.h">
      <Filter>Header Files</Filter>
    </ClInclude>
    <ClInclude Include="spool_arp.h">
      <Filter>Header Files</Filter>
    </ClInclude>
    <ClInclude Include="args.h">
      <Filter>Header Files</Filter>
    </ClInclude>
    <ClInclude Include="rx_flz.h">
      <Filter>Header Files</Filter>
    </ClInclude>
    <ClInclude Include="jet_correction.h">
      <Filter>Header Files</Filter>
    </ClInclude>
  </ItemGroup>
  <ItemGroup>
    <ClCompile Include="ctrl_client.c">
      <Filter>Source Files</Filter>
    </ClCompile>
    <ClCompile Include="version.c">
      <Filter>Source Files</Filter>
    </ClCompile>
    <ClCompile Include="head_client.c">
      <Filter>Source Files</Filter>
    </ClCompile>
    <ClCompile Include="spool_rip.c">
      <Filter>Source Files</Filter>
    </ClCompile>
    <ClCompile Include="rs_tec-it.cpp">
      <Filter>Source Files</Filter>
    </ClCompile>
    <ClCompile Include="rx_spooler_ctrl.c">
      <Filter>Source Files</Filter>
    </ClCompile>
    <ClCompile Include="test.c">
      <Filter>Source Files</Filter>
    </ClCompile>
    <ClCompile Include="args.c">
      <Filter>Source Files</Filter>
    </ClCompile>
    <ClCompile Include="rx_flz.c">
      <Filter>Source Files</Filter>
    </ClCompile>
    <ClCompile Include="data.c">
      <Filter>Source Files</Filter>
    </ClCompile>
    <ClCompile Include="jet_correction.c">
      <Filter>Source Files</Filter>
    </ClCompile>
  </ItemGroup>
  <ItemGroup>
    <None Include="debug-lx.mak">
      <Filter>Make files</Filter>
    </None>
    <None Include="release-lx.mak">
      <Filter>Make files</Filter>
    </None>
    <None Include="Makefile">
      <Filter>Make files</Filter>
    </None>
    <None Include="rx_spooler_ctrl-Debug-lx.vgdbsettings">
      <Filter>Make files</Filter>
    </None>
    <None Include="rx_spooler_ctrl-Release-lx.vgdbsettings">
      <Filter>Make files</Filter>
    </None>
  </ItemGroup>
</Project>