
Microsoft Visual Studio Solution File, Format Version 12.00
# Visual Studio 15
VisualStudioVersion = 15.0.27004.2010
MinimumVisualStudioVersion = 10.0.40219.1
Project("{8BC9CEB8-8B4A-11D0-8D11-00A0C91BC942}") = "TinyXML", "..\Externals\TinyXML\TinyXML.vcxproj", "{531D50FB-5C99-4DF6-B152-8A0CFB84D4C7}"
EndProject
Project("{8BC9CEB8-8B4A-11D0-8D11-00A0C91BC942}") = "rx_rip_lib", "..\rx_rip_lib\rx_rip_lib.vcxproj", "{67C98FEC-CEAA-4CF0-B8D2-D2941276E9F3}"
	ProjectSection(ProjectDependencies) = postProject
		{23DE4F53-96A4-44A2-9A16-FFC6CCB25311} = {23DE4F53-96A4-44A2-9A16-FFC6CCB25311}
		{531D50FB-5C99-4DF6-B152-8A0CFB84D4C7} = {531D50FB-5C99-4DF6-B152-8A0CFB84D4C7}
	EndProjectSection
EndProject
Project("{8BC9CEB8-8B4A-11D0-8D11-00A0C91BC942}") = "rx_common_lib", "..\rx_common_lib\rx_common_lib.vcxproj", "{23DE4F53-96A4-44A2-9A16-FFC6CCB25311}"
EndProject
Project("{FAE04EC0-301F-11D3-BF4B-00C04F79EFBC}") = "rx_common_lib_cs", "..\rx_common_lib_cs\rx_common_lib_cs.csproj", "{97412D0E-6CD1-4E4E-92F9-1460DEEDB44A}"
EndProject
Project("{FAE04EC0-301F-11D3-BF4B-00C04F79EFBC}") = "RX-LabelComposer", "RX-LabelComposer.csproj", "{A778548E-2E8A-487E-B5EF-F385827CAE6E}"
EndProject
Global
	GlobalSection(SolutionConfigurationPlatforms) = preSolution
		Debug|x64 = Debug|x64
		Debug|x86 = Debug|x86
		Debug-Remote|x64 = Debug-Remote|x64
		Debug-Remote|x86 = Debug-Remote|x86
		Release|x64 = Release|x64
		Release|x86 = Release|x86
	EndGlobalSection
	GlobalSection(ProjectConfigurationPlatforms) = postSolution
		{531D50FB-5C99-4DF6-B152-8A0CFB84D4C7}.Debug|x64.ActiveCfg = Debug|x64
		{531D50FB-5C99-4DF6-B152-8A0CFB84D4C7}.Debug|x64.Build.0 = Debug|x64
		{531D50FB-5C99-4DF6-B152-8A0CFB84D4C7}.Debug|x86.ActiveCfg = Debug|Win32
		{531D50FB-5C99-4DF6-B152-8A0CFB84D4C7}.Debug|x86.Build.0 = Debug|Win32
		{531D50FB-5C99-4DF6-B152-8A0CFB84D4C7}.Debug-Remote|x64.ActiveCfg = Debug-Remote|x64
		{531D50FB-5C99-4DF6-B152-8A0CFB84D4C7}.Debug-Remote|x64.Build.0 = Debug-Remote|x64
		{531D50FB-5C99-4DF6-B152-8A0CFB84D4C7}.Debug-Remote|x86.ActiveCfg = Debug-Remote|Win32
		{531D50FB-5C99-4DF6-B152-8A0CFB84D4C7}.Debug-Remote|x86.Build.0 = Debug-Remote|Win32
		{531D50FB-5C99-4DF6-B152-8A0CFB84D4C7}.Release|x64.ActiveCfg = Release|x64
		{531D50FB-5C99-4DF6-B152-8A0CFB84D4C7}.Release|x64.Build.0 = Release|x64
		{531D50FB-5C99-4DF6-B152-8A0CFB84D4C7}.Release|x86.ActiveCfg = Release|Win32
		{531D50FB-5C99-4DF6-B152-8A0CFB84D4C7}.Release|x86.Build.0 = Release|Win32
		{67C98FEC-CEAA-4CF0-B8D2-D2941276E9F3}.Debug|x64.ActiveCfg = Debug|x64
		{67C98FEC-CEAA-4CF0-B8D2-D2941276E9F3}.Debug|x64.Build.0 = Debug|x64
		{67C98FEC-CEAA-4CF0-B8D2-D2941276E9F3}.Debug|x86.ActiveCfg = Debug|Win32
		{67C98FEC-CEAA-4CF0-B8D2-D2941276E9F3}.Debug|x86.Build.0 = Debug|Win32
		{67C98FEC-CEAA-4CF0-B8D2-D2941276E9F3}.Debug-Remote|x64.ActiveCfg = Debug-Remote|x64
		{67C98FEC-CEAA-4CF0-B8D2-D2941276E9F3}.Debug-Remote|x64.Build.0 = Debug-Remote|x64
		{67C98FEC-CEAA-4CF0-B8D2-D2941276E9F3}.Debug-Remote|x86.ActiveCfg = Debug-Remote|Win32
		{67C98FEC-CEAA-4CF0-B8D2-D2941276E9F3}.Debug-Remote|x86.Build.0 = Debug-Remote|Win32
		{67C98FEC-CEAA-4CF0-B8D2-D2941276E9F3}.Release|x64.ActiveCfg = Release|x64
		{67C98FEC-CEAA-4CF0-B8D2-D2941276E9F3}.Release|x64.Build.0 = Release|x64
		{67C98FEC-CEAA-4CF0-B8D2-D2941276E9F3}.Release|x86.ActiveCfg = Release|Win32
		{67C98FEC-CEAA-4CF0-B8D2-D2941276E9F3}.Release|x86.Build.0 = Release|Win32
		{23DE4F53-96A4-44A2-9A16-FFC6CCB25311}.Debug|x64.ActiveCfg = Debug|x64
		{23DE4F53-96A4-44A2-9A16-FFC6CCB25311}.Debug|x64.Build.0 = Debug|x64
		{23DE4F53-96A4-44A2-9A16-FFC6CCB25311}.Debug|x86.ActiveCfg = Debug|Win32
		{23DE4F53-96A4-44A2-9A16-FFC6CCB25311}.Debug|x86.Build.0 = Debug|Win32
		{23DE4F53-96A4-44A2-9A16-FFC6CCB25311}.Debug-Remote|x64.ActiveCfg = Debug-Remote|x64
		{23DE4F53-96A4-44A2-9A16-FFC6CCB25311}.Debug-Remote|x64.Build.0 = Debug-Remote|x64
		{23DE4F53-96A4-44A2-9A16-FFC6CCB25311}.Debug-Remote|x86.ActiveCfg = Debug-Remote|Win32
		{23DE4F53-96A4-44A2-9A16-FFC6CCB25311}.Debug-Remote|x86.Build.0 = Debug-Remote|Win32
		{23DE4F53-96A4-44A2-9A16-FFC6CCB25311}.Release|x64.ActiveCfg = Release|x64
		{23DE4F53-96A4-44A2-9A16-FFC6CCB25311}.Release|x64.Build.0 = Release|x64
		{23DE4F53-96A4-44A2-9A16-FFC6CCB25311}.Release|x86.ActiveCfg = Release|Win32
		{23DE4F53-96A4-44A2-9A16-FFC6CCB25311}.Release|x86.Build.0 = Release|Win32
		{97412D0E-6CD1-4E4E-92F9-1460DEEDB44A}.Debug|x64.ActiveCfg = Debug|x64
		{97412D0E-6CD1-4E4E-92F9-1460DEEDB44A}.Debug|x64.Build.0 = Debug|x64
		{97412D0E-6CD1-4E4E-92F9-1460DEEDB44A}.Debug|x86.ActiveCfg = Debug|x86
		{97412D0E-6CD1-4E4E-92F9-1460DEEDB44A}.Debug|x86.Build.0 = Debug|x86
		{97412D0E-6CD1-4E4E-92F9-1460DEEDB44A}.Debug-Remote|x64.ActiveCfg = Debug-Remote|x64
		{97412D0E-6CD1-4E4E-92F9-1460DEEDB44A}.Debug-Remote|x64.Build.0 = Debug-Remote|x64
		{97412D0E-6CD1-4E4E-92F9-1460DEEDB44A}.Debug-Remote|x86.ActiveCfg = Debug-Remote|x86
		{97412D0E-6CD1-4E4E-92F9-1460DEEDB44A}.Debug-Remote|x86.Build.0 = Debug-Remote|x86
		{97412D0E-6CD1-4E4E-92F9-1460DEEDB44A}.Release|x64.ActiveCfg = Release|x64
		{97412D0E-6CD1-4E4E-92F9-1460DEEDB44A}.Release|x64.Build.0 = Release|x64
		{97412D0E-6CD1-4E4E-92F9-1460DEEDB44A}.Release|x86.ActiveCfg = Release|x86
		{97412D0E-6CD1-4E4E-92F9-1460DEEDB44A}.Release|x86.Build.0 = Release|x86
		{A778548E-2E8A-487E-B5EF-F385827CAE6E}.Debug|x64.ActiveCfg = Debug|x64
		{A778548E-2E8A-487E-B5EF-F385827CAE6E}.Debug|x64.Build.0 = Debug|x64
		{A778548E-2E8A-487E-B5EF-F385827CAE6E}.Debug|x86.ActiveCfg = Debug|x86
		{A778548E-2E8A-487E-B5EF-F385827CAE6E}.Debug|x86.Build.0 = Debug|x86
		{A778548E-2E8A-487E-B5EF-F385827CAE6E}.Debug-Remote|x64.ActiveCfg = Debug-Remote|x64
		{A778548E-2E8A-487E-B5EF-F385827CAE6E}.Debug-Remote|x64.Build.0 = Debug-Remote|x64
		{A778548E-2E8A-487E-B5EF-F385827CAE6E}.Debug-Remote|x86.ActiveCfg = Debug-Remote|x86
		{A778548E-2E8A-487E-B5EF-F385827CAE6E}.Debug-Remote|x86.Build.0 = Debug-Remote|x86
		{A778548E-2E8A-487E-B5EF-F385827CAE6E}.Release|x64.ActiveCfg = Release|x64
		{A778548E-2E8A-487E-B5EF-F385827CAE6E}.Release|x64.Build.0 = Release|x64
		{A778548E-2E8A-487E-B5EF-F385827CAE6E}.Release|x86.ActiveCfg = Release|x86
		{A778548E-2E8A-487E-B5EF-F385827CAE6E}.Release|x86.Build.0 = Release|x86
	EndGlobalSection
	GlobalSection(SolutionProperties) = preSolution
		HideSolutionNode = FALSE
	EndGlobalSection
	GlobalSection(ExtensibilityGlobals) = postSolution
		SolutionGuid = {C230ECAA-913A-45D8-A0BD-651D772C979B}
	EndGlobalSection
EndGlobal
