
Microsoft Visual Studio Solution File, Format Version 12.00
# Visual Studio Version 16
VisualStudioVersion = 16.0.29509.3
MinimumVisualStudioVersion = 10.0.40219.1
Project("{9A19103F-16F7-4668-BE54-9A1E7A4F7556}") = "ScanCheckImport", "ScanCheckParser\ScanCheckImport.csproj", "{88D2234F-4E75-4D20-AF50-68C5F988D3B7}"
EndProject
Project("{FAE04EC0-301F-11D3-BF4B-00C04F79EFBC}") = "TestScanCheckParser", "TestScanCheckParser\TestScanCheckParser.csproj", "{D9A196EA-9611-4E35-AF24-3D8EB9181EBE}"
EndProject
Project("{2150E333-8FDC-42A3-9474-1A3956D46DE8}") = "Solution Items", "Solution Items", "{C0F3B58E-5E47-40C6-9A8A-5C10E6F31651}"
	ProjectSection(SolutionItems) = preProject
		Version1.xml = Version1.xml
		Version2.xml = Version2.xml
		Version3.xml = Version3.xml
	EndProjectSection
EndProject
Global
	GlobalSection(SolutionConfigurationPlatforms) = preSolution
		Debug|Any CPU = Debug|Any CPU
		Debug|x64 = Debug|x64
		Release|Any CPU = Release|Any CPU
		Release|x64 = Release|x64
	EndGlobalSection
	GlobalSection(ProjectConfigurationPlatforms) = postSolution
		{88D2234F-4E75-4D20-AF50-68C5F988D3B7}.Debug|Any CPU.ActiveCfg = Debug|Any CPU
		{88D2234F-4E75-4D20-AF50-68C5F988D3B7}.Debug|Any CPU.Build.0 = Debug|Any CPU
		{88D2234F-4E75-4D20-AF50-68C5F988D3B7}.Debug|x64.ActiveCfg = Debug|x64
		{88D2234F-4E75-4D20-AF50-68C5F988D3B7}.Debug|x64.Build.0 = Debug|x64
		{88D2234F-4E75-4D20-AF50-68C5F988D3B7}.Release|Any CPU.ActiveCfg = Release|Any CPU
		{88D2234F-4E75-4D20-AF50-68C5F988D3B7}.Release|Any CPU.Build.0 = Release|Any CPU
		{88D2234F-4E75-4D20-AF50-68C5F988D3B7}.Release|x64.ActiveCfg = Release|x64
		{88D2234F-4E75-4D20-AF50-68C5F988D3B7}.Release|x64.Build.0 = Release|x64
		{D9A196EA-9611-4E35-AF24-3D8EB9181EBE}.Debug|Any CPU.ActiveCfg = Debug|Any CPU
		{D9A196EA-9611-4E35-AF24-3D8EB9181EBE}.Debug|Any CPU.Build.0 = Debug|Any CPU
		{D9A196EA-9611-4E35-AF24-3D8EB9181EBE}.Debug|x64.ActiveCfg = Debug|x64
		{D9A196EA-9611-4E35-AF24-3D8EB9181EBE}.Debug|x64.Build.0 = Debug|x64
		{D9A196EA-9611-4E35-AF24-3D8EB9181EBE}.Release|Any CPU.ActiveCfg = Release|Any CPU
		{D9A196EA-9611-4E35-AF24-3D8EB9181EBE}.Release|Any CPU.Build.0 = Release|Any CPU
		{D9A196EA-9611-4E35-AF24-3D8EB9181EBE}.Release|x64.ActiveCfg = Release|x64
		{D9A196EA-9611-4E35-AF24-3D8EB9181EBE}.Release|x64.Build.0 = Release|x64
	EndGlobalSection
	GlobalSection(SolutionProperties) = preSolution
		HideSolutionNode = FALSE
	EndGlobalSection
	GlobalSection(ExtensibilityGlobals) = postSolution
		SolutionGuid = {FF5503B3-66B1-4F25-9654-B662AB4DEC35}
	EndGlobalSection
EndGlobal
