<?xml version="1.0" encoding="utf-8"?>
<Project ToolsVersion="4.0" xmlns="http://schemas.microsoft.com/developer/msbuild/2003">
  <ItemGroup>
    <Filter Include="Source Files">
      <UniqueIdentifier>{4FC737F1-C7A5-4376-A066-2A32D752A2FF}</UniqueIdentifier>
      <Extensions>cpp;c;cc;cxx;def;odl;idl;hpj;bat;asm;asmx</Extensions>
    </Filter>
    <Filter Include="Header Files">
      <UniqueIdentifier>{93995380-89BD-4b04-88EB-625FBE52EBFB}</UniqueIdentifier>
      <Extensions>h;hh;hpp;hxx;hm;inl;inc;xsd</Extensions>
    </Filter>
    <Filter Include="Resource Files">
      <UniqueIdentifier>{67DA6AB6-F800-4c08-8B7A-83BB121AAD01}</UniqueIdentifier>
      <Extensions>rc;ico;cur;bmp;dlg;rc2;rct;bin;rgs;gif;jpg;jpeg;jpe;resx;tiff;tif;png;wav;mfcribbon-ms</Extensions>
    </Filter>
    <Filter Include="Make files">
      <UniqueIdentifier>{116eea0f-4443-45e5-ac1c-1d9cee89d12f}</UniqueIdentifier>
    </Filter>
  </ItemGroup>
  <ItemGroup>
    <ClInclude Include="fpga_def_enc.h">
      <Filter>Header Files</Filter>
    </ClInclude>
    <ClInclude Include="fpga_def_head.h">
      <Filter>Header Files</Filter>
    </ClInclude>
    <ClInclude Include="rx_common.h">
      <Filter>Header Files</Filter>
    </ClInclude>
    <ClInclude Include="rx_def.h">
      <Filter>Header Files</Filter>
    </ClInclude>
    <ClInclude Include="rx_error.h">
      <Filter>Header Files</Filter>
    </ClInclude>
    <ClInclude Include="rx_sok.h">
      <Filter>Header Files</Filter>
    </ClInclude>
    <ClInclude Include="rx_threads.h">
      <Filter>Header Files</Filter>
    </ClInclude>
    <ClInclude Include="rx_trace.h">
      <Filter>Header Files</Filter>
    </ClInclude>
    <ClInclude Include="tcp_ip.h">
      <Filter>Header Files</Filter>
    </ClInclude>
    <ClInclude Include="rx_led.h">
      <Filter>Header Files</Filter>
    </ClInclude>
    <ClInclude Include="rx_log.h">
      <Filter>Header Files</Filter>
    </ClInclude>
    <ClInclude Include="gcc_Debug-lx.h">
      <Filter>Header Files</Filter>
    </ClInclude>
    <ClInclude Include="gcc_Release-lx.h">
      <Filter>Header Files</Filter>
    </ClInclude>
    <ClInclude Include="gcc_Debug-soc.h">
      <Filter>Header Files</Filter>
    </ClInclude>
    <ClInclude Include="gcc_Release-soc.h">
      <Filter>Header Files</Filter>
    </ClInclude>
    <ClInclude Include="nios_def_head.h">
      <Filter>Header Files</Filter>
    </ClInclude>
    <ClInclude Include="rx_file.h">
      <Filter>Header Files</Filter>
    </ClInclude>
    <ClInclude Include="usf_def.h">
      <Filter>Header Files</Filter>
    </ClInclude>
    <ClInclude Include="fastlz.h">
      <Filter>Header Files</Filter>
    </ClInclude>
    <ClInclude Include="rx_mem.h">
      <Filter>Header Files</Filter>
    </ClInclude>
    <ClInclude Include="bmp.h">
      <Filter>Header Files</Filter>
    </ClInclude>
    <ClInclude Include="rx_minilabel_def.h">
      <Filter>Header Files</Filter>
    </ClInclude>
    <ClInclude Include="rx_xml.h">
      <Filter>Header Files</Filter>
    </ClInclude>
    <ClInclude Include="usf.h">
      <Filter>Header Files</Filter>
    </ClInclude>
  </ItemGroup>
  <ItemGroup>
    <ClCompile Include="rx_common.c">
      <Filter>Source Files</Filter>
    </ClCompile>
    <ClCompile Include="rx_def.c">
      <Filter>Source Files</Filter>
    </ClCompile>
    <ClCompile Include="rx_error.c">
      <Filter>Source Files</Filter>
    </ClCompile>
    <ClCompile Include="rx_sok.c">
      <Filter>Source Files</Filter>
    </ClCompile>
    <ClCompile Include="rx_threads.c">
      <Filter>Source Files</Filter>
    </ClCompile>
    <ClCompile Include="rx_trace.c">
      <Filter>Source Files</Filter>
    </ClCompile>
    <ClCompile Include="rx_led.c">
      <Filter>Source Files</Filter>
    </ClCompile>
    <ClCompile Include="rx_log.c">
      <Filter>Source Files</Filter>
    </ClCompile>
    <ClCompile Include="rx_file.c">
      <Filter>Source Files</Filter>
    </ClCompile>
    <ClCompile Include="fastlz.c">
      <Filter>Source Files</Filter>
    </ClCompile>
    <ClCompile Include="rx_mem.c">
      <Filter>Source Files</Filter>
    </ClCompile>
    <ClCompile Include="bmp.c">
      <Filter>Source Files</Filter>
    </ClCompile>
    <ClCompile Include="rx_xml.cpp">
      <Filter>Source Files</Filter>
    </ClCompile>
    <ClCompile Include="rx_bitmap.c">
      <Filter>Source Files</Filter>
    </ClCompile>
    <ClCompile Include="usf.c">
      <Filter>Source Files</Filter>
    </ClCompile>
  </ItemGroup>
  <ItemGroup>
    <None Include="Makefile">
      <Filter>Make files</Filter>
    </None>
    <None Include="debug-lx.mak">
      <Filter>Make files</Filter>
    </None>
    <None Include="release-lx.mak">
      <Filter>Make files</Filter>
    </None>
    <None Include="debug-soc.mak">
      <Filter>Make files</Filter>
    </None>
    <None Include="release-soc.mak">
      <Filter>Make files</Filter>
    </None>
    <None Include="debug-baw.mak">
      <Filter>Make files</Filter>
    </None>
    <None Include="release-baw.mak">
      <Filter>Make files</Filter>
    </None>
  </ItemGroup>
</Project>