
Microsoft Visual Studio Solution File, Format Version 12.00
# Visual Studio 15
VisualStudioVersion = 15.0.27004.2006
MinimumVisualStudioVersion = 10.0.40219.1
Project("{FAE04EC0-301F-11D3-BF4B-00C04F79EFBC}") = "DigiPrint.WinPhone", "DigiPrint\DigiPrint.WinPhone\DigiPrint.WinPhone.csproj", "{77BB2C1B-8FAA-4441-9033-D4C1D69D3773}"
EndProject
Project("{FAE04EC0-301F-11D3-BF4B-00C04F79EFBC}") = "rx_digiprint_app", "rx_digiprint_app\rx_digiprint_app\rx_digiprint_app.csproj", "{120B1103-CCEB-4AE3-85C7-F3727BDA162D}"
EndProject
Project("{FAE04EC0-301F-11D3-BF4B-00C04F79EFBC}") = "rx_digiprint_app.Droid", "rx_digiprint_app\rx_digiprint_app.Droid\rx_digiprint_app.Droid.csproj", "{5199DAA9-8EBC-4FA4-9D90-BE704EC78477}"
	ProjectSection(ProjectDependencies) = postProject
		{120B1103-CCEB-4AE3-85C7-F3727BDA162D} = {120B1103-CCEB-4AE3-85C7-F3727BDA162D}
	EndProjectSection
EndProject
Project("{FAE04EC0-301F-11D3-BF4B-00C04F79EFBC}") = "rx_digiprint_app.iOS", "rx_digiprint_app\rx_digiprint_app.iOS\rx_digiprint_app.iOS.csproj", "{16B91E45-B397-4057-9BF1-6142487722DF}"
EndProject
Global
	GlobalSection(SolutionConfigurationPlatforms) = preSolution
		Ad-Hoc|Any CPU = Ad-Hoc|Any CPU
		Ad-Hoc|ARM = Ad-Hoc|ARM
		Ad-Hoc|iPhone = Ad-Hoc|iPhone
		Ad-Hoc|iPhoneSimulator = Ad-Hoc|iPhoneSimulator
		Ad-Hoc|x64 = Ad-Hoc|x64
		Ad-Hoc|x86 = Ad-Hoc|x86
		AppStore|Any CPU = AppStore|Any CPU
		AppStore|ARM = AppStore|ARM
		AppStore|iPhone = AppStore|iPhone
		AppStore|iPhoneSimulator = AppStore|iPhoneSimulator
		AppStore|x64 = AppStore|x64
		AppStore|x86 = AppStore|x86
		Debug|Any CPU = Debug|Any CPU
		Debug|ARM = Debug|ARM
		Debug|iPhone = Debug|iPhone
		Debug|iPhoneSimulator = Debug|iPhoneSimulator
		Debug|x64 = Debug|x64
		Debug|x86 = Debug|x86
		Release|Any CPU = Release|Any CPU
		Release|ARM = Release|ARM
		Release|iPhone = Release|iPhone
		Release|iPhoneSimulator = Release|iPhoneSimulator
		Release|x64 = Release|x64
		Release|x86 = Release|x86
	EndGlobalSection
	GlobalSection(ProjectConfigurationPlatforms) = postSolution
		{77BB2C1B-8FAA-4441-9033-D4C1D69D3773}.Ad-Hoc|Any CPU.ActiveCfg = Release|Any CPU
		{77BB2C1B-8FAA-4441-9033-D4C1D69D3773}.Ad-Hoc|Any CPU.Build.0 = Release|Any CPU
		{77BB2C1B-8FAA-4441-9033-D4C1D69D3773}.Ad-Hoc|Any CPU.Deploy.0 = Release|Any CPU
		{77BB2C1B-8FAA-4441-9033-D4C1D69D3773}.Ad-Hoc|ARM.ActiveCfg = Release|ARM
		{77BB2C1B-8FAA-4441-9033-D4C1D69D3773}.Ad-Hoc|ARM.Build.0 = Release|ARM
		{77BB2C1B-8FAA-4441-9033-D4C1D69D3773}.Ad-Hoc|ARM.Deploy.0 = Release|ARM
		{77BB2C1B-8FAA-4441-9033-D4C1D69D3773}.Ad-Hoc|iPhone.ActiveCfg = Release|Any CPU
		{77BB2C1B-8FAA-4441-9033-D4C1D69D3773}.Ad-Hoc|iPhone.Build.0 = Release|Any CPU
		{77BB2C1B-8FAA-4441-9033-D4C1D69D3773}.Ad-Hoc|iPhone.Deploy.0 = Release|Any CPU
		{77BB2C1B-8FAA-4441-9033-D4C1D69D3773}.Ad-Hoc|iPhoneSimulator.ActiveCfg = Release|Any CPU
		{77BB2C1B-8FAA-4441-9033-D4C1D69D3773}.Ad-Hoc|iPhoneSimulator.Build.0 = Release|Any CPU
		{77BB2C1B-8FAA-4441-9033-D4C1D69D3773}.Ad-Hoc|iPhoneSimulator.Deploy.0 = Release|Any CPU
		{77BB2C1B-8FAA-4441-9033-D4C1D69D3773}.Ad-Hoc|x64.ActiveCfg = Release|Any CPU
		{77BB2C1B-8FAA-4441-9033-D4C1D69D3773}.Ad-Hoc|x64.Build.0 = Release|Any CPU
		{77BB2C1B-8FAA-4441-9033-D4C1D69D3773}.Ad-Hoc|x64.Deploy.0 = Release|Any CPU
		{77BB2C1B-8FAA-4441-9033-D4C1D69D3773}.Ad-Hoc|x86.ActiveCfg = Release|x86
		{77BB2C1B-8FAA-4441-9033-D4C1D69D3773}.Ad-Hoc|x86.Build.0 = Release|x86
		{77BB2C1B-8FAA-4441-9033-D4C1D69D3773}.Ad-Hoc|x86.Deploy.0 = Release|x86
		{77BB2C1B-8FAA-4441-9033-D4C1D69D3773}.AppStore|Any CPU.ActiveCfg = Release|Any CPU
		{77BB2C1B-8FAA-4441-9033-D4C1D69D3773}.AppStore|Any CPU.Build.0 = Release|Any CPU
		{77BB2C1B-8FAA-4441-9033-D4C1D69D3773}.AppStore|Any CPU.Deploy.0 = Release|Any CPU
		{77BB2C1B-8FAA-4441-9033-D4C1D69D3773}.AppStore|ARM.ActiveCfg = Release|ARM
		{77BB2C1B-8FAA-4441-9033-D4C1D69D3773}.AppStore|ARM.Build.0 = Release|ARM
		{77BB2C1B-8FAA-4441-9033-D4C1D69D3773}.AppStore|ARM.Deploy.0 = Release|ARM
		{77BB2C1B-8FAA-4441-9033-D4C1D69D3773}.AppStore|iPhone.ActiveCfg = Release|Any CPU
		{77BB2C1B-8FAA-4441-9033-D4C1D69D3773}.AppStore|iPhone.Build.0 = Release|Any CPU
		{77BB2C1B-8FAA-4441-9033-D4C1D69D3773}.AppStore|iPhone.Deploy.0 = Release|Any CPU
		{77BB2C1B-8FAA-4441-9033-D4C1D69D3773}.AppStore|iPhoneSimulator.ActiveCfg = Release|Any CPU
		{77BB2C1B-8FAA-4441-9033-D4C1D69D3773}.AppStore|iPhoneSimulator.Build.0 = Release|Any CPU
		{77BB2C1B-8FAA-4441-9033-D4C1D69D3773}.AppStore|iPhoneSimulator.Deploy.0 = Release|Any CPU
		{77BB2C1B-8FAA-4441-9033-D4C1D69D3773}.AppStore|x64.ActiveCfg = Release|Any CPU
		{77BB2C1B-8FAA-4441-9033-D4C1D69D3773}.AppStore|x64.Build.0 = Release|Any CPU
		{77BB2C1B-8FAA-4441-9033-D4C1D69D3773}.AppStore|x64.Deploy.0 = Release|Any CPU
		{77BB2C1B-8FAA-4441-9033-D4C1D69D3773}.AppStore|x86.ActiveCfg = Release|x86
		{77BB2C1B-8FAA-4441-9033-D4C1D69D3773}.AppStore|x86.Build.0 = Release|x86
		{77BB2C1B-8FAA-4441-9033-D4C1D69D3773}.AppStore|x86.Deploy.0 = Release|x86
		{77BB2C1B-8FAA-4441-9033-D4C1D69D3773}.Debug|Any CPU.ActiveCfg = Debug|Any CPU
		{77BB2C1B-8FAA-4441-9033-D4C1D69D3773}.Debug|Any CPU.Build.0 = Debug|Any CPU
		{77BB2C1B-8FAA-4441-9033-D4C1D69D3773}.Debug|Any CPU.Deploy.0 = Debug|Any CPU
		{77BB2C1B-8FAA-4441-9033-D4C1D69D3773}.Debug|ARM.ActiveCfg = Debug|ARM
		{77BB2C1B-8FAA-4441-9033-D4C1D69D3773}.Debug|ARM.Build.0 = Debug|ARM
		{77BB2C1B-8FAA-4441-9033-D4C1D69D3773}.Debug|ARM.Deploy.0 = Debug|ARM
		{77BB2C1B-8FAA-4441-9033-D4C1D69D3773}.Debug|iPhone.ActiveCfg = Debug|Any CPU
		{77BB2C1B-8FAA-4441-9033-D4C1D69D3773}.Debug|iPhone.Build.0 = Debug|Any CPU
		{77BB2C1B-8FAA-4441-9033-D4C1D69D3773}.Debug|iPhone.Deploy.0 = Debug|Any CPU
		{77BB2C1B-8FAA-4441-9033-D4C1D69D3773}.Debug|iPhoneSimulator.ActiveCfg = Debug|Any CPU
		{77BB2C1B-8FAA-4441-9033-D4C1D69D3773}.Debug|iPhoneSimulator.Build.0 = Debug|Any CPU
		{77BB2C1B-8FAA-4441-9033-D4C1D69D3773}.Debug|iPhoneSimulator.Deploy.0 = Debug|Any CPU
		{77BB2C1B-8FAA-4441-9033-D4C1D69D3773}.Debug|x64.ActiveCfg = Debug|Any CPU
		{77BB2C1B-8FAA-4441-9033-D4C1D69D3773}.Debug|x64.Build.0 = Debug|Any CPU
		{77BB2C1B-8FAA-4441-9033-D4C1D69D3773}.Debug|x64.Deploy.0 = Debug|Any CPU
		{77BB2C1B-8FAA-4441-9033-D4C1D69D3773}.Debug|x86.ActiveCfg = Debug|x86
		{77BB2C1B-8FAA-4441-9033-D4C1D69D3773}.Debug|x86.Build.0 = Debug|x86
		{77BB2C1B-8FAA-4441-9033-D4C1D69D3773}.Debug|x86.Deploy.0 = Debug|x86
		{77BB2C1B-8FAA-4441-9033-D4C1D69D3773}.Release|Any CPU.ActiveCfg = Release|Any CPU
		{77BB2C1B-8FAA-4441-9033-D4C1D69D3773}.Release|Any CPU.Build.0 = Release|Any CPU
		{77BB2C1B-8FAA-4441-9033-D4C1D69D3773}.Release|Any CPU.Deploy.0 = Release|Any CPU
		{77BB2C1B-8FAA-4441-9033-D4C1D69D3773}.Release|ARM.ActiveCfg = Release|ARM
		{77BB2C1B-8FAA-4441-9033-D4C1D69D3773}.Release|ARM.Build.0 = Release|ARM
		{77BB2C1B-8FAA-4441-9033-D4C1D69D3773}.Release|ARM.Deploy.0 = Release|ARM
		{77BB2C1B-8FAA-4441-9033-D4C1D69D3773}.Release|iPhone.ActiveCfg = Release|Any CPU
		{77BB2C1B-8FAA-4441-9033-D4C1D69D3773}.Release|iPhone.Build.0 = Release|Any CPU
		{77BB2C1B-8FAA-4441-9033-D4C1D69D3773}.Release|iPhone.Deploy.0 = Release|Any CPU
		{77BB2C1B-8FAA-4441-9033-D4C1D69D3773}.Release|iPhoneSimulator.ActiveCfg = Release|Any CPU
		{77BB2C1B-8FAA-4441-9033-D4C1D69D3773}.Release|iPhoneSimulator.Build.0 = Release|Any CPU
		{77BB2C1B-8FAA-4441-9033-D4C1D69D3773}.Release|iPhoneSimulator.Deploy.0 = Release|Any CPU
		{77BB2C1B-8FAA-4441-9033-D4C1D69D3773}.Release|x64.ActiveCfg = Release|Any CPU
		{77BB2C1B-8FAA-4441-9033-D4C1D69D3773}.Release|x64.Build.0 = Release|Any CPU
		{77BB2C1B-8FAA-4441-9033-D4C1D69D3773}.Release|x64.Deploy.0 = Release|Any CPU
		{77BB2C1B-8FAA-4441-9033-D4C1D69D3773}.Release|x86.ActiveCfg = Release|x86
		{77BB2C1B-8FAA-4441-9033-D4C1D69D3773}.Release|x86.Build.0 = Release|x86
		{77BB2C1B-8FAA-4441-9033-D4C1D69D3773}.Release|x86.Deploy.0 = Release|x86
		{120B1103-CCEB-4AE3-85C7-F3727BDA162D}.Ad-Hoc|Any CPU.ActiveCfg = Release|Any CPU
		{120B1103-CCEB-4AE3-85C7-F3727BDA162D}.Ad-Hoc|Any CPU.Build.0 = Release|Any CPU
		{120B1103-CCEB-4AE3-85C7-F3727BDA162D}.Ad-Hoc|ARM.ActiveCfg = Release|Any CPU
		{120B1103-CCEB-4AE3-85C7-F3727BDA162D}.Ad-Hoc|ARM.Build.0 = Release|Any CPU
		{120B1103-CCEB-4AE3-85C7-F3727BDA162D}.Ad-Hoc|iPhone.ActiveCfg = Release|Any CPU
		{120B1103-CCEB-4AE3-85C7-F3727BDA162D}.Ad-Hoc|iPhone.Build.0 = Release|Any CPU
		{120B1103-CCEB-4AE3-85C7-F3727BDA162D}.Ad-Hoc|iPhoneSimulator.ActiveCfg = Release|Any CPU
		{120B1103-CCEB-4AE3-85C7-F3727BDA162D}.Ad-Hoc|iPhoneSimulator.Build.0 = Release|Any CPU
		{120B1103-CCEB-4AE3-85C7-F3727BDA162D}.Ad-Hoc|x64.ActiveCfg = Release|Any CPU
		{120B1103-CCEB-4AE3-85C7-F3727BDA162D}.Ad-Hoc|x64.Build.0 = Release|Any CPU
		{120B1103-CCEB-4AE3-85C7-F3727BDA162D}.Ad-Hoc|x86.ActiveCfg = Release|Any CPU
		{120B1103-CCEB-4AE3-85C7-F3727BDA162D}.Ad-Hoc|x86.Build.0 = Release|Any CPU
		{120B1103-CCEB-4AE3-85C7-F3727BDA162D}.AppStore|Any CPU.ActiveCfg = Release|Any CPU
		{120B1103-CCEB-4AE3-85C7-F3727BDA162D}.AppStore|Any CPU.Build.0 = Release|Any CPU
		{120B1103-CCEB-4AE3-85C7-F3727BDA162D}.AppStore|ARM.ActiveCfg = Release|Any CPU
		{120B1103-CCEB-4AE3-85C7-F3727BDA162D}.AppStore|ARM.Build.0 = Release|Any CPU
		{120B1103-CCEB-4AE3-85C7-F3727BDA162D}.AppStore|iPhone.ActiveCfg = Release|Any CPU
		{120B1103-CCEB-4AE3-85C7-F3727BDA162D}.AppStore|iPhone.Build.0 = Release|Any CPU
		{120B1103-CCEB-4AE3-85C7-F3727BDA162D}.AppStore|iPhoneSimulator.ActiveCfg = Release|Any CPU
		{120B1103-CCEB-4AE3-85C7-F3727BDA162D}.AppStore|iPhoneSimulator.Build.0 = Release|Any CPU
		{120B1103-CCEB-4AE3-85C7-F3727BDA162D}.AppStore|x64.ActiveCfg = Release|Any CPU
		{120B1103-CCEB-4AE3-85C7-F3727BDA162D}.AppStore|x64.Build.0 = Release|Any CPU
		{120B1103-CCEB-4AE3-85C7-F3727BDA162D}.AppStore|x86.ActiveCfg = Release|Any CPU
		{120B1103-CCEB-4AE3-85C7-F3727BDA162D}.AppStore|x86.Build.0 = Release|Any CPU
		{120B1103-CCEB-4AE3-85C7-F3727BDA162D}.Debug|Any CPU.ActiveCfg = Debug|Any CPU
		{120B1103-CCEB-4AE3-85C7-F3727BDA162D}.Debug|Any CPU.Build.0 = Debug|Any CPU
		{120B1103-CCEB-4AE3-85C7-F3727BDA162D}.Debug|ARM.ActiveCfg = Debug|Any CPU
		{120B1103-CCEB-4AE3-85C7-F3727BDA162D}.Debug|ARM.Build.0 = Debug|Any CPU
		{120B1103-CCEB-4AE3-85C7-F3727BDA162D}.Debug|iPhone.ActiveCfg = Debug|Any CPU
		{120B1103-CCEB-4AE3-85C7-F3727BDA162D}.Debug|iPhone.Build.0 = Debug|Any CPU
		{120B1103-CCEB-4AE3-85C7-F3727BDA162D}.Debug|iPhoneSimulator.ActiveCfg = Debug|Any CPU
		{120B1103-CCEB-4AE3-85C7-F3727BDA162D}.Debug|iPhoneSimulator.Build.0 = Debug|Any CPU
		{120B1103-CCEB-4AE3-85C7-F3727BDA162D}.Debug|x64.ActiveCfg = Debug|Any CPU
		{120B1103-CCEB-4AE3-85C7-F3727BDA162D}.Debug|x64.Build.0 = Debug|Any CPU
		{120B1103-CCEB-4AE3-85C7-F3727BDA162D}.Debug|x86.ActiveCfg = Debug|Any CPU
		{120B1103-CCEB-4AE3-85C7-F3727BDA162D}.Debug|x86.Build.0 = Debug|Any CPU
		{120B1103-CCEB-4AE3-85C7-F3727BDA162D}.Release|Any CPU.ActiveCfg = Release|Any CPU
		{120B1103-CCEB-4AE3-85C7-F3727BDA162D}.Release|Any CPU.Build.0 = Release|Any CPU
		{120B1103-CCEB-4AE3-85C7-F3727BDA162D}.Release|ARM.ActiveCfg = Release|Any CPU
		{120B1103-CCEB-4AE3-85C7-F3727BDA162D}.Release|ARM.Build.0 = Release|Any CPU
		{120B1103-CCEB-4AE3-85C7-F3727BDA162D}.Release|iPhone.ActiveCfg = Release|Any CPU
		{120B1103-CCEB-4AE3-85C7-F3727BDA162D}.Release|iPhone.Build.0 = Release|Any CPU
		{120B1103-CCEB-4AE3-85C7-F3727BDA162D}.Release|iPhoneSimulator.ActiveCfg = Release|Any CPU
		{120B1103-CCEB-4AE3-85C7-F3727BDA162D}.Release|iPhoneSimulator.Build.0 = Release|Any CPU
		{120B1103-CCEB-4AE3-85C7-F3727BDA162D}.Release|x64.ActiveCfg = Release|Any CPU
		{120B1103-CCEB-4AE3-85C7-F3727BDA162D}.Release|x64.Build.0 = Release|Any CPU
		{120B1103-CCEB-4AE3-85C7-F3727BDA162D}.Release|x86.ActiveCfg = Release|Any CPU
		{120B1103-CCEB-4AE3-85C7-F3727BDA162D}.Release|x86.Build.0 = Release|Any CPU
		{5199DAA9-8EBC-4FA4-9D90-BE704EC78477}.Ad-Hoc|Any CPU.ActiveCfg = Release|Any CPU
		{5199DAA9-8EBC-4FA4-9D90-BE704EC78477}.Ad-Hoc|Any CPU.Build.0 = Release|Any CPU
		{5199DAA9-8EBC-4FA4-9D90-BE704EC78477}.Ad-Hoc|Any CPU.Deploy.0 = Release|Any CPU
		{5199DAA9-8EBC-4FA4-9D90-BE704EC78477}.Ad-Hoc|ARM.ActiveCfg = Release|Any CPU
		{5199DAA9-8EBC-4FA4-9D90-BE704EC78477}.Ad-Hoc|ARM.Build.0 = Release|Any CPU
		{5199DAA9-8EBC-4FA4-9D90-BE704EC78477}.Ad-Hoc|ARM.Deploy.0 = Release|Any CPU
		{5199DAA9-8EBC-4FA4-9D90-BE704EC78477}.Ad-Hoc|iPhone.ActiveCfg = Release|Any CPU
		{5199DAA9-8EBC-4FA4-9D90-BE704EC78477}.Ad-Hoc|iPhone.Build.0 = Release|Any CPU
		{5199DAA9-8EBC-4FA4-9D90-BE704EC78477}.Ad-Hoc|iPhone.Deploy.0 = Release|Any CPU
		{5199DAA9-8EBC-4FA4-9D90-BE704EC78477}.Ad-Hoc|iPhoneSimulator.ActiveCfg = Release|Any CPU
		{5199DAA9-8EBC-4FA4-9D90-BE704EC78477}.Ad-Hoc|iPhoneSimulator.Build.0 = Release|Any CPU
		{5199DAA9-8EBC-4FA4-9D90-BE704EC78477}.Ad-Hoc|iPhoneSimulator.Deploy.0 = Release|Any CPU
		{5199DAA9-8EBC-4FA4-9D90-BE704EC78477}.Ad-Hoc|x64.ActiveCfg = Release|Any CPU
		{5199DAA9-8EBC-4FA4-9D90-BE704EC78477}.Ad-Hoc|x64.Build.0 = Release|Any CPU
		{5199DAA9-8EBC-4FA4-9D90-BE704EC78477}.Ad-Hoc|x64.Deploy.0 = Release|Any CPU
		{5199DAA9-8EBC-4FA4-9D90-BE704EC78477}.Ad-Hoc|x86.ActiveCfg = Release|Any CPU
		{5199DAA9-8EBC-4FA4-9D90-BE704EC78477}.Ad-Hoc|x86.Build.0 = Release|Any CPU
		{5199DAA9-8EBC-4FA4-9D90-BE704EC78477}.Ad-Hoc|x86.Deploy.0 = Release|Any CPU
		{5199DAA9-8EBC-4FA4-9D90-BE704EC78477}.AppStore|Any CPU.ActiveCfg = Release|Any CPU
		{5199DAA9-8EBC-4FA4-9D90-BE704EC78477}.AppStore|Any CPU.Build.0 = Release|Any CPU
		{5199DAA9-8EBC-4FA4-9D90-BE704EC78477}.AppStore|Any CPU.Deploy.0 = Release|Any CPU
		{5199DAA9-8EBC-4FA4-9D90-BE704EC78477}.AppStore|ARM.ActiveCfg = Release|Any CPU
		{5199DAA9-8EBC-4FA4-9D90-BE704EC78477}.AppStore|ARM.Build.0 = Release|Any CPU
		{5199DAA9-8EBC-4FA4-9D90-BE704EC78477}.AppStore|ARM.Deploy.0 = Release|Any CPU
		{5199DAA9-8EBC-4FA4-9D90-BE704EC78477}.AppStore|iPhone.ActiveCfg = Release|Any CPU
		{5199DAA9-8EBC-4FA4-9D90-BE704EC78477}.AppStore|iPhone.Build.0 = Release|Any CPU
		{5199DAA9-8EBC-4FA4-9D90-BE704EC78477}.AppStore|iPhone.Deploy.0 = Release|Any CPU
		{5199DAA9-8EBC-4FA4-9D90-BE704EC78477}.AppStore|iPhoneSimulator.ActiveCfg = Release|Any CPU
		{5199DAA9-8EBC-4FA4-9D90-BE704EC78477}.AppStore|iPhoneSimulator.Build.0 = Release|Any CPU
		{5199DAA9-8EBC-4FA4-9D90-BE704EC78477}.AppStore|iPhoneSimulator.Deploy.0 = Release|Any CPU
		{5199DAA9-8EBC-4FA4-9D90-BE704EC78477}.AppStore|x64.ActiveCfg = Release|Any CPU
		{5199DAA9-8EBC-4FA4-9D90-BE704EC78477}.AppStore|x64.Build.0 = Release|Any CPU
		{5199DAA9-8EBC-4FA4-9D90-BE704EC78477}.AppStore|x64.Deploy.0 = Release|Any CPU
		{5199DAA9-8EBC-4FA4-9D90-BE704EC78477}.AppStore|x86.ActiveCfg = Release|Any CPU
		{5199DAA9-8EBC-4FA4-9D90-BE704EC78477}.AppStore|x86.Build.0 = Release|Any CPU
		{5199DAA9-8EBC-4FA4-9D90-BE704EC78477}.AppStore|x86.Deploy.0 = Release|Any CPU
		{5199DAA9-8EBC-4FA4-9D90-BE704EC78477}.Debug|Any CPU.ActiveCfg = Debug|Any CPU
		{5199DAA9-8EBC-4FA4-9D90-BE704EC78477}.Debug|Any CPU.Build.0 = Debug|Any CPU
		{5199DAA9-8EBC-4FA4-9D90-BE704EC78477}.Debug|Any CPU.Deploy.0 = Debug|Any CPU
		{5199DAA9-8EBC-4FA4-9D90-BE704EC78477}.Debug|ARM.ActiveCfg = Debug|Any CPU
		{5199DAA9-8EBC-4FA4-9D90-BE704EC78477}.Debug|ARM.Build.0 = Debug|Any CPU
		{5199DAA9-8EBC-4FA4-9D90-BE704EC78477}.Debug|ARM.Deploy.0 = Debug|Any CPU
		{5199DAA9-8EBC-4FA4-9D90-BE704EC78477}.Debug|iPhone.ActiveCfg = Debug|Any CPU
		{5199DAA9-8EBC-4FA4-9D90-BE704EC78477}.Debug|iPhone.Build.0 = Debug|Any CPU
		{5199DAA9-8EBC-4FA4-9D90-BE704EC78477}.Debug|iPhone.Deploy.0 = Debug|Any CPU
		{5199DAA9-8EBC-4FA4-9D90-BE704EC78477}.Debug|iPhoneSimulator.ActiveCfg = Debug|Any CPU
		{5199DAA9-8EBC-4FA4-9D90-BE704EC78477}.Debug|iPhoneSimulator.Build.0 = Debug|Any CPU
		{5199DAA9-8EBC-4FA4-9D90-BE704EC78477}.Debug|iPhoneSimulator.Deploy.0 = Debug|Any CPU
		{5199DAA9-8EBC-4FA4-9D90-BE704EC78477}.Debug|x64.ActiveCfg = Debug|Any CPU
		{5199DAA9-8EBC-4FA4-9D90-BE704EC78477}.Debug|x64.Build.0 = Debug|Any CPU
		{5199DAA9-8EBC-4FA4-9D90-BE704EC78477}.Debug|x64.Deploy.0 = Debug|Any CPU
		{5199DAA9-8EBC-4FA4-9D90-BE704EC78477}.Debug|x86.ActiveCfg = Debug|Any CPU
		{5199DAA9-8EBC-4FA4-9D90-BE704EC78477}.Debug|x86.Build.0 = Debug|Any CPU
		{5199DAA9-8EBC-4FA4-9D90-BE704EC78477}.Debug|x86.Deploy.0 = Debug|Any CPU
		{5199DAA9-8EBC-4FA4-9D90-BE704EC78477}.Release|Any CPU.ActiveCfg = Release|Any CPU
		{5199DAA9-8EBC-4FA4-9D90-BE704EC78477}.Release|Any CPU.Build.0 = Release|Any CPU
		{5199DAA9-8EBC-4FA4-9D90-BE704EC78477}.Release|Any CPU.Deploy.0 = Release|Any CPU
		{5199DAA9-8EBC-4FA4-9D90-BE704EC78477}.Release|ARM.ActiveCfg = Release|Any CPU
		{5199DAA9-8EBC-4FA4-9D90-BE704EC78477}.Release|ARM.Build.0 = Release|Any CPU
		{5199DAA9-8EBC-4FA4-9D90-BE704EC78477}.Release|ARM.Deploy.0 = Release|Any CPU
		{5199DAA9-8EBC-4FA4-9D90-BE704EC78477}.Release|iPhone.ActiveCfg = Release|Any CPU
		{5199DAA9-8EBC-4FA4-9D90-BE704EC78477}.Release|iPhone.Build.0 = Release|Any CPU
		{5199DAA9-8EBC-4FA4-9D90-BE704EC78477}.Release|iPhone.Deploy.0 = Release|Any CPU
		{5199DAA9-8EBC-4FA4-9D90-BE704EC78477}.Release|iPhoneSimulator.ActiveCfg = Release|Any CPU
		{5199DAA9-8EBC-4FA4-9D90-BE704EC78477}.Release|iPhoneSimulator.Build.0 = Release|Any CPU
		{5199DAA9-8EBC-4FA4-9D90-BE704EC78477}.Release|iPhoneSimulator.Deploy.0 = Release|Any CPU
		{5199DAA9-8EBC-4FA4-9D90-BE704EC78477}.Release|x64.ActiveCfg = Release|Any CPU
		{5199DAA9-8EBC-4FA4-9D90-BE704EC78477}.Release|x64.Build.0 = Release|Any CPU
		{5199DAA9-8EBC-4FA4-9D90-BE704EC78477}.Release|x64.Deploy.0 = Release|Any CPU
		{5199DAA9-8EBC-4FA4-9D90-BE704EC78477}.Release|x86.ActiveCfg = Release|Any CPU
		{5199DAA9-8EBC-4FA4-9D90-BE704EC78477}.Release|x86.Build.0 = Release|Any CPU
		{5199DAA9-8EBC-4FA4-9D90-BE704EC78477}.Release|x86.Deploy.0 = Release|Any CPU
		{16B91E45-B397-4057-9BF1-6142487722DF}.Ad-Hoc|Any CPU.ActiveCfg = Ad-Hoc|iPhone
		{16B91E45-B397-4057-9BF1-6142487722DF}.Ad-Hoc|ARM.ActiveCfg = Ad-Hoc|iPhone
		{16B91E45-B397-4057-9BF1-6142487722DF}.Ad-Hoc|iPhone.ActiveCfg = Ad-Hoc|iPhone
		{16B91E45-B397-4057-9BF1-6142487722DF}.Ad-Hoc|iPhone.Build.0 = Ad-Hoc|iPhone
		{16B91E45-B397-4057-9BF1-6142487722DF}.Ad-Hoc|iPhoneSimulator.ActiveCfg = Ad-Hoc|iPhoneSimulator
		{16B91E45-B397-4057-9BF1-6142487722DF}.Ad-Hoc|iPhoneSimulator.Build.0 = Ad-Hoc|iPhoneSimulator
		{16B91E45-B397-4057-9BF1-6142487722DF}.Ad-Hoc|x64.ActiveCfg = Ad-Hoc|iPhone
		{16B91E45-B397-4057-9BF1-6142487722DF}.Ad-Hoc|x86.ActiveCfg = Ad-Hoc|iPhone
		{16B91E45-B397-4057-9BF1-6142487722DF}.AppStore|Any CPU.ActiveCfg = AppStore|iPhone
		{16B91E45-B397-4057-9BF1-6142487722DF}.AppStore|ARM.ActiveCfg = AppStore|iPhone
		{16B91E45-B397-4057-9BF1-6142487722DF}.AppStore|iPhone.ActiveCfg = AppStore|iPhone
		{16B91E45-B397-4057-9BF1-6142487722DF}.AppStore|iPhone.Build.0 = AppStore|iPhone
		{16B91E45-B397-4057-9BF1-6142487722DF}.AppStore|iPhoneSimulator.ActiveCfg = AppStore|iPhoneSimulator
		{16B91E45-B397-4057-9BF1-6142487722DF}.AppStore|iPhoneSimulator.Build.0 = AppStore|iPhoneSimulator
		{16B91E45-B397-4057-9BF1-6142487722DF}.AppStore|x64.ActiveCfg = AppStore|iPhone
		{16B91E45-B397-4057-9BF1-6142487722DF}.AppStore|x86.ActiveCfg = AppStore|iPhone
		{16B91E45-B397-4057-9BF1-6142487722DF}.Debug|Any CPU.ActiveCfg = Debug|iPhone
		{16B91E45-B397-4057-9BF1-6142487722DF}.Debug|ARM.ActiveCfg = Debug|iPhone
		{16B91E45-B397-4057-9BF1-6142487722DF}.Debug|iPhone.ActiveCfg = Debug|iPhone
		{16B91E45-B397-4057-9BF1-6142487722DF}.Debug|iPhone.Build.0 = Debug|iPhone
		{16B91E45-B397-4057-9BF1-6142487722DF}.Debug|iPhoneSimulator.ActiveCfg = Debug|iPhoneSimulator
		{16B91E45-B397-4057-9BF1-6142487722DF}.Debug|iPhoneSimulator.Build.0 = Debug|iPhoneSimulator
		{16B91E45-B397-4057-9BF1-6142487722DF}.Debug|x64.ActiveCfg = Debug|iPhone
		{16B91E45-B397-4057-9BF1-6142487722DF}.Debug|x86.ActiveCfg = Debug|iPhone
		{16B91E45-B397-4057-9BF1-6142487722DF}.Release|Any CPU.ActiveCfg = Release|iPhone
		{16B91E45-B397-4057-9BF1-6142487722DF}.Release|ARM.ActiveCfg = Release|iPhone
		{16B91E45-B397-4057-9BF1-6142487722DF}.Release|iPhone.ActiveCfg = Release|iPhone
		{16B91E45-B397-4057-9BF1-6142487722DF}.Release|iPhone.Build.0 = Release|iPhone
		{16B91E45-B397-4057-9BF1-6142487722DF}.Release|iPhoneSimulator.ActiveCfg = Release|iPhoneSimulator
		{16B91E45-B397-4057-9BF1-6142487722DF}.Release|iPhoneSimulator.Build.0 = Release|iPhoneSimulator
		{16B91E45-B397-4057-9BF1-6142487722DF}.Release|x64.ActiveCfg = Release|iPhone
		{16B91E45-B397-4057-9BF1-6142487722DF}.Release|x86.ActiveCfg = Release|iPhone
	EndGlobalSection
	GlobalSection(SolutionProperties) = preSolution
		HideSolutionNode = FALSE
	EndGlobalSection
	GlobalSection(ExtensibilityGlobals) = postSolution
		SolutionGuid = {E2B5B115-425F-4EA5-A052-22C2235132F3}
	EndGlobalSection
EndGlobal
