
Microsoft Visual Studio Solution File, Format Version 12.00
# Visual Studio 2013
VisualStudioVersion = 12.0.40629.0
MinimumVisualStudioVersion = 10.0.40219.1
Project("{8BC9CEB8-8B4A-11D0-8D11-00A0C91BC942}") = "UDP_Test", "UDP_Test.vcxproj", "{7416AA10-698F-4372-A29D-6F0B3966552B}"
	ProjectSection(ProjectDependencies) = postProject
		{23DE4F53-96A4-44A2-9A16-FFC6CCB25311} = {23DE4F53-96A4-44A2-9A16-FFC6CCB25311}
	EndProjectSection
EndProject
Project("{8BC9CEB8-8B4A-11D0-8D11-00A0C91BC942}") = "rx_common_lib", "..\rx_common_lib\rx_common_lib.vcxproj", "{23DE4F53-96A4-44A2-9A16-FFC6CCB25311}"
EndProject
Global
	GlobalSection(SolutionConfigurationPlatforms) = preSolution
		Debug|Win32 = Debug|Win32
		Debug|x64 = Debug|x64
		Debug-baw|Win32 = Debug-baw|Win32
		Debug-baw|x64 = Debug-baw|x64
		Debug-lx|Win32 = Debug-lx|Win32
		Debug-lx|x64 = Debug-lx|x64
		Debug-Remote|Win32 = Debug-Remote|Win32
		Debug-Remote|x64 = Debug-Remote|x64
		Debug-soc|Win32 = Debug-soc|Win32
		Debug-soc|x64 = Debug-soc|x64
		Release|Win32 = Release|Win32
		Release|x64 = Release|x64
		Release-baw|Win32 = Release-baw|Win32
		Release-baw|x64 = Release-baw|x64
		Release-lx|Win32 = Release-lx|Win32
		Release-lx|x64 = Release-lx|x64
		Release-soc|Win32 = Release-soc|Win32
		Release-soc|x64 = Release-soc|x64
	EndGlobalSection
	GlobalSection(ProjectConfigurationPlatforms) = postSolution
		{7416AA10-698F-4372-A29D-6F0B3966552B}.Debug|Win32.ActiveCfg = Debug|Win32
		{7416AA10-698F-4372-A29D-6F0B3966552B}.Debug|Win32.Build.0 = Debug|Win32
		{7416AA10-698F-4372-A29D-6F0B3966552B}.Debug|x64.ActiveCfg = Debug|Win32
		{7416AA10-698F-4372-A29D-6F0B3966552B}.Debug-baw|Win32.ActiveCfg = Debug|Win32
		{7416AA10-698F-4372-A29D-6F0B3966552B}.Debug-baw|Win32.Build.0 = Debug|Win32
		{7416AA10-698F-4372-A29D-6F0B3966552B}.Debug-baw|x64.ActiveCfg = Debug|Win32
		{7416AA10-698F-4372-A29D-6F0B3966552B}.Debug-lx|Win32.ActiveCfg = Debug-lx|Win32
		{7416AA10-698F-4372-A29D-6F0B3966552B}.Debug-lx|Win32.Build.0 = Debug-lx|Win32
		{7416AA10-698F-4372-A29D-6F0B3966552B}.Debug-lx|x64.ActiveCfg = Debug-lx|x64
		{7416AA10-698F-4372-A29D-6F0B3966552B}.Debug-lx|x64.Build.0 = Debug-lx|x64
		{7416AA10-698F-4372-A29D-6F0B3966552B}.Debug-Remote|Win32.ActiveCfg = Debug-Remote|Win32
		{7416AA10-698F-4372-A29D-6F0B3966552B}.Debug-Remote|Win32.Build.0 = Debug-Remote|Win32
		{7416AA10-698F-4372-A29D-6F0B3966552B}.Debug-Remote|x64.ActiveCfg = Debug-Remote|x64
		{7416AA10-698F-4372-A29D-6F0B3966552B}.Debug-Remote|x64.Build.0 = Debug-Remote|x64
		{7416AA10-698F-4372-A29D-6F0B3966552B}.Debug-soc|Win32.ActiveCfg = Debug|Win32
		{7416AA10-698F-4372-A29D-6F0B3966552B}.Debug-soc|Win32.Build.0 = Debug|Win32
		{7416AA10-698F-4372-A29D-6F0B3966552B}.Debug-soc|x64.ActiveCfg = Debug|Win32
		{7416AA10-698F-4372-A29D-6F0B3966552B}.Release|Win32.ActiveCfg = Release|Win32
		{7416AA10-698F-4372-A29D-6F0B3966552B}.Release|Win32.Build.0 = Release|Win32
		{7416AA10-698F-4372-A29D-6F0B3966552B}.Release|x64.ActiveCfg = Release|x64
		{7416AA10-698F-4372-A29D-6F0B3966552B}.Release|x64.Build.0 = Release|x64
		{7416AA10-698F-4372-A29D-6F0B3966552B}.Release-baw|Win32.ActiveCfg = Release|Win32
		{7416AA10-698F-4372-A29D-6F0B3966552B}.Release-baw|Win32.Build.0 = Release|Win32
		{7416AA10-698F-4372-A29D-6F0B3966552B}.Release-baw|x64.ActiveCfg = Release|Win32
		{7416AA10-698F-4372-A29D-6F0B3966552B}.Release-lx|Win32.ActiveCfg = Release|Win32
		{7416AA10-698F-4372-A29D-6F0B3966552B}.Release-lx|Win32.Build.0 = Release|Win32
		{7416AA10-698F-4372-A29D-6F0B3966552B}.Release-lx|x64.ActiveCfg = Release|Win32
		{7416AA10-698F-4372-A29D-6F0B3966552B}.Release-soc|Win32.ActiveCfg = Release|Win32
		{7416AA10-698F-4372-A29D-6F0B3966552B}.Release-soc|Win32.Build.0 = Release|Win32
		{7416AA10-698F-4372-A29D-6F0B3966552B}.Release-soc|x64.ActiveCfg = Release|Win32
		{23DE4F53-96A4-44A2-9A16-FFC6CCB25311}.Debug|Win32.ActiveCfg = Debug|Win32
		{23DE4F53-96A4-44A2-9A16-FFC6CCB25311}.Debug|Win32.Build.0 = Debug|Win32
		{23DE4F53-96A4-44A2-9A16-FFC6CCB25311}.Debug|x64.ActiveCfg = Debug|x64
		{23DE4F53-96A4-44A2-9A16-FFC6CCB25311}.Debug|x64.Build.0 = Debug|x64
		{23DE4F53-96A4-44A2-9A16-FFC6CCB25311}.Debug-baw|Win32.ActiveCfg = Debug-baw|Win32
		{23DE4F53-96A4-44A2-9A16-FFC6CCB25311}.Debug-baw|Win32.Build.0 = Debug-baw|Win32
		{23DE4F53-96A4-44A2-9A16-FFC6CCB25311}.Debug-baw|x64.ActiveCfg = Debug-baw|x64
		{23DE4F53-96A4-44A2-9A16-FFC6CCB25311}.Debug-baw|x64.Build.0 = Debug-baw|x64
		{23DE4F53-96A4-44A2-9A16-FFC6CCB25311}.Debug-lx|Win32.ActiveCfg = Debug-lx|Win32
		{23DE4F53-96A4-44A2-9A16-FFC6CCB25311}.Debug-lx|Win32.Build.0 = Debug-lx|Win32
		{23DE4F53-96A4-44A2-9A16-FFC6CCB25311}.Debug-lx|x64.ActiveCfg = Debug-lx|x64
		{23DE4F53-96A4-44A2-9A16-FFC6CCB25311}.Debug-lx|x64.Build.0 = Debug-lx|x64
		{23DE4F53-96A4-44A2-9A16-FFC6CCB25311}.Debug-Remote|Win32.ActiveCfg = Debug-Remote|Win32
		{23DE4F53-96A4-44A2-9A16-FFC6CCB25311}.Debug-Remote|Win32.Build.0 = Debug-Remote|Win32
		{23DE4F53-96A4-44A2-9A16-FFC6CCB25311}.Debug-Remote|x64.ActiveCfg = Debug-Remote|x64
		{23DE4F53-96A4-44A2-9A16-FFC6CCB25311}.Debug-Remote|x64.Build.0 = Debug-Remote|x64
		{23DE4F53-96A4-44A2-9A16-FFC6CCB25311}.Debug-soc|Win32.ActiveCfg = Debug-soc|Win32
		{23DE4F53-96A4-44A2-9A16-FFC6CCB25311}.Debug-soc|Win32.Build.0 = Debug-soc|Win32
		{23DE4F53-96A4-44A2-9A16-FFC6CCB25311}.Debug-soc|x64.ActiveCfg = Debug-soc|x64
		{23DE4F53-96A4-44A2-9A16-FFC6CCB25311}.Debug-soc|x64.Build.0 = Debug-soc|x64
		{23DE4F53-96A4-44A2-9A16-FFC6CCB25311}.Release|Win32.ActiveCfg = Release|Win32
		{23DE4F53-96A4-44A2-9A16-FFC6CCB25311}.Release|Win32.Build.0 = Release|Win32
		{23DE4F53-96A4-44A2-9A16-FFC6CCB25311}.Release|x64.ActiveCfg = Release|x64
		{23DE4F53-96A4-44A2-9A16-FFC6CCB25311}.Release|x64.Build.0 = Release|x64
		{23DE4F53-96A4-44A2-9A16-FFC6CCB25311}.Release-baw|Win32.ActiveCfg = Release-baw|Win32
		{23DE4F53-96A4-44A2-9A16-FFC6CCB25311}.Release-baw|Win32.Build.0 = Release-baw|Win32
		{23DE4F53-96A4-44A2-9A16-FFC6CCB25311}.Release-baw|x64.ActiveCfg = Release-baw|x64
		{23DE4F53-96A4-44A2-9A16-FFC6CCB25311}.Release-baw|x64.Build.0 = Release-baw|x64
		{23DE4F53-96A4-44A2-9A16-FFC6CCB25311}.Release-lx|Win32.ActiveCfg = Release-lx|Win32
		{23DE4F53-96A4-44A2-9A16-FFC6CCB25311}.Release-lx|Win32.Build.0 = Release-lx|Win32
		{23DE4F53-96A4-44A2-9A16-FFC6CCB25311}.Release-lx|x64.ActiveCfg = Release-lx|x64
		{23DE4F53-96A4-44A2-9A16-FFC6CCB25311}.Release-lx|x64.Build.0 = Release-lx|x64
		{23DE4F53-96A4-44A2-9A16-FFC6CCB25311}.Release-soc|Win32.ActiveCfg = Release-soc|Win32
		{23DE4F53-96A4-44A2-9A16-FFC6CCB25311}.Release-soc|Win32.Build.0 = Release-soc|Win32
		{23DE4F53-96A4-44A2-9A16-FFC6CCB25311}.Release-soc|x64.ActiveCfg = Release-soc|x64
		{23DE4F53-96A4-44A2-9A16-FFC6CCB25311}.Release-soc|x64.Build.0 = Release-soc|x64
	EndGlobalSection
	GlobalSection(SolutionProperties) = preSolution
		HideSolutionNode = FALSE
	EndGlobalSection
EndGlobal
