<?xml version="1.0" encoding="utf-8"?>
<Project ToolsVersion="4.0" xmlns="http://schemas.microsoft.com/developer/msbuild/2003">
  <ItemGroup>
    <Filter Include="Source files">
      <UniqueIdentifier>{0090ef0d-430a-4d5f-8c64-064b262e8157}</UniqueIdentifier>
      <Extensions>cpp;c;cc;cxx;def;odl;idl;hpj;bat;asm;asmx</Extensions>
    </Filter>
    <Filter Include="Header files">
      <UniqueIdentifier>{3dac5476-1716-4e2b-90b6-6cbf4144d33d}</UniqueIdentifier>
      <Extensions>h;hpp;hxx;hm;inl;inc;xsd</Extensions>
    </Filter>
    <Filter Include="Resource files">
      <UniqueIdentifier>{4ea1248f-cfe2-4156-ad0a-883f4d1fc85e}</UniqueIdentifier>
      <Extensions>rc;ico;cur;bmp;dlg;rc2;rct;bin;rgs;gif;jpg;jpeg;jpe;resx;tiff;tif;png;wav</Extensions>
    </Filter>
    <Filter Include="VisualGDB settings">
      <UniqueIdentifier>{fc4f3832-8201-4d14-b831-9e229f36c200}</UniqueIdentifier>
      <Extensions>*.vgdbsettings</Extensions>
    </Filter>
  </ItemGroup>
  <ItemGroup>
    <None Include="rx_fluid_nios-Debug.vgdbsettings">
      <Filter>VisualGDB settings</Filter>
    </None>
    <None Include="rx_fluid_nios-Release.vgdbsettings">
      <Filter>VisualGDB settings</Filter>
    </None>
  </ItemGroup>
</Project>