<?xml version="1.0" encoding="utf-8"?>
<Project ToolsVersion="4.0" xmlns="http://schemas.microsoft.com/developer/msbuild/2003">
  <ItemGroup>
    <Filter Include="Source Files">
      <UniqueIdentifier>{4FC737F1-C7A5-4376-A066-2A32D752A2FF}</UniqueIdentifier>
      <Extensions>cpp;c;cc;cxx;def;odl;idl;hpj;bat;asm;asmx</Extensions>
    </Filter>
    <Filter Include="Header Files">
      <UniqueIdentifier>{93995380-89BD-4b04-88EB-625FBE52EBFB}</UniqueIdentifier>
      <Extensions>h;hpp;hxx;hm;inl;inc;xsd</Extensions>
    </Filter>
    <Filter Include="Resource Files">
      <UniqueIdentifier>{67DA6AB6-F800-4c08-8B7A-83BB121AAD01}</UniqueIdentifier>
      <Extensions>rc;ico;cur;bmp;dlg;rc2;rct;bin;rgs;gif;jpg;jpeg;jpe;resx;tiff;tif;png;wav;mfcribbon-ms</Extensions>
    </Filter>
    <Filter Include="FreeType">
      <UniqueIdentifier>{8c37861c-e192-48cf-9501-e0e1b7904196}</UniqueIdentifier>
    </Filter>
    <Filter Include="FreeType\sfnt">
      <UniqueIdentifier>{8e51cc77-a505-43c2-80a6-fe69106613bf}</UniqueIdentifier>
    </Filter>
    <Filter Include="FreeType\base">
      <UniqueIdentifier>{39cf1285-8ebf-4082-acd6-a161700e8551}</UniqueIdentifier>
    </Filter>
    <Filter Include="FreeType\raster">
      <UniqueIdentifier>{94ff69bb-cf99-40cc-a2b9-07cc7fd7572f}</UniqueIdentifier>
    </Filter>
    <Filter Include="FreeType\TrueType">
      <UniqueIdentifier>{6b2bf459-80a0-479b-82ed-8c4408993934}</UniqueIdentifier>
    </Filter>
    <Filter Include="FreeType\gzip">
      <UniqueIdentifier>{4bd6d9f3-40a9-4d47-a47c-f4cc6108e20a}</UniqueIdentifier>
    </Filter>
    <Filter Include="Make Files">
      <UniqueIdentifier>{ab79838a-6b12-40ee-a06d-3e3cd075b2e2}</UniqueIdentifier>
    </Filter>
  </ItemGroup>
  <ItemGroup>
    <ClCompile Include="stdafx.cpp">
      <Filter>Source Files</Filter>
    </ClCompile>
    <ClCompile Include="..\Externals\FreeType\src\base\ftbitmap.c">
      <Filter>FreeType\base</Filter>
    </ClCompile>
    <ClCompile Include="..\Externals\FreeType\src\base\ftcalc.c">
      <Filter>FreeType\base</Filter>
    </ClCompile>
    <ClCompile Include="..\Externals\FreeType\src\base\ftgloadr.c">
      <Filter>FreeType\base</Filter>
    </ClCompile>
    <ClCompile Include="..\Externals\FreeType\src\base\ftglyph.c">
      <Filter>FreeType\base</Filter>
    </ClCompile>
    <ClCompile Include="..\Externals\FreeType\src\base\ftinit.c">
      <Filter>FreeType\base</Filter>
    </ClCompile>
    <ClCompile Include="..\Externals\FreeType\src\base\ftobjs.c">
      <Filter>FreeType\base</Filter>
    </ClCompile>
    <ClCompile Include="..\Externals\FreeType\src\base\ftoutln.c">
      <Filter>FreeType\base</Filter>
    </ClCompile>
    <ClCompile Include="..\Externals\FreeType\src\base\ftrfork.c">
      <Filter>FreeType\base</Filter>
    </ClCompile>
    <ClCompile Include="..\Externals\FreeType\src\base\ftstream.c">
      <Filter>FreeType\base</Filter>
    </ClCompile>
    <ClCompile Include="..\Externals\FreeType\src\base\ftsystem.c">
      <Filter>FreeType\base</Filter>
    </ClCompile>
    <ClCompile Include="..\Externals\FreeType\src\base\fttrigon.c">
      <Filter>FreeType\base</Filter>
    </ClCompile>
    <ClCompile Include="..\Externals\FreeType\src\base\ftutil.c">
      <Filter>FreeType\base</Filter>
    </ClCompile>
    <ClCompile Include="..\Externals\FreeType\src\gzip\ftgzip.c">
      <Filter>FreeType\gzip</Filter>
    </ClCompile>
    <ClCompile Include="..\Externals\FreeType\src\raster\ftraster.c">
      <Filter>FreeType\raster</Filter>
    </ClCompile>
    <ClCompile Include="..\Externals\FreeType\src\raster\ftrend1.c">
      <Filter>FreeType\raster</Filter>
    </ClCompile>
    <ClCompile Include="..\Externals\FreeType\src\sfnt\pngshim.c">
      <Filter>FreeType\sfnt</Filter>
    </ClCompile>
    <ClCompile Include="..\Externals\FreeType\src\sfnt\sfdriver.c">
      <Filter>FreeType\sfnt</Filter>
    </ClCompile>
    <ClCompile Include="..\Externals\FreeType\src\sfnt\sfntpic.c">
      <Filter>FreeType\sfnt</Filter>
    </ClCompile>
    <ClCompile Include="..\Externals\FreeType\src\sfnt\sfobjs.c">
      <Filter>FreeType\sfnt</Filter>
    </ClCompile>
    <ClCompile Include="..\Externals\FreeType\src\sfnt\ttbdf.c">
      <Filter>FreeType\sfnt</Filter>
    </ClCompile>
    <ClCompile Include="..\Externals\FreeType\src\sfnt\ttcmap.c">
      <Filter>FreeType\sfnt</Filter>
    </ClCompile>
    <ClCompile Include="..\Externals\FreeType\src\sfnt\ttkern.c">
      <Filter>FreeType\sfnt</Filter>
    </ClCompile>
    <ClCompile Include="..\Externals\FreeType\src\sfnt\ttload.c">
      <Filter>FreeType\sfnt</Filter>
    </ClCompile>
    <ClCompile Include="..\Externals\FreeType\src\sfnt\ttmtx.c">
      <Filter>FreeType\sfnt</Filter>
    </ClCompile>
    <ClCompile Include="..\Externals\FreeType\src\sfnt\ttpost.c">
      <Filter>FreeType\sfnt</Filter>
    </ClCompile>
    <ClCompile Include="..\Externals\FreeType\src\sfnt\ttsbit.c">
      <Filter>FreeType\sfnt</Filter>
    </ClCompile>
    <ClCompile Include="..\Externals\FreeType\src\TrueType\ttdriver.c">
      <Filter>FreeType\TrueType</Filter>
    </ClCompile>
    <ClCompile Include="..\Externals\FreeType\src\TrueType\ttgload.c">
      <Filter>FreeType\TrueType</Filter>
    </ClCompile>
    <ClCompile Include="..\Externals\FreeType\src\TrueType\ttgxvar.c">
      <Filter>FreeType\TrueType</Filter>
    </ClCompile>
    <ClCompile Include="..\Externals\FreeType\src\TrueType\ttinterp.c">
      <Filter>FreeType\TrueType</Filter>
    </ClCompile>
    <ClCompile Include="..\Externals\FreeType\src\TrueType\ttobjs.c">
      <Filter>FreeType\TrueType</Filter>
    </ClCompile>
    <ClCompile Include="..\Externals\FreeType\src\TrueType\ttpic.c">
      <Filter>FreeType\TrueType</Filter>
    </ClCompile>
    <ClCompile Include="..\Externals\FreeType\src\TrueType\ttpload.c">
      <Filter>FreeType\TrueType</Filter>
    </ClCompile>
    <ClCompile Include="..\Externals\FreeType\src\TrueType\ttsubpix.c">
      <Filter>FreeType\TrueType</Filter>
    </ClCompile>
    <ClCompile Include="dllmain.cpp">
      <Filter>Source Files</Filter>
    </ClCompile>
    <ClCompile Include="..\Externals\FreeType\src\rx_dummies.c">
      <Filter>FreeType</Filter>
    </ClCompile>
    <ClCompile Include="rx_rip_lib.cpp">
      <Filter>Source Files</Filter>
    </ClCompile>
    <ClCompile Include="rx_counter.cpp">
      <Filter>Source Files</Filter>
    </ClCompile>
    <ClCompile Include="rx_data.cpp">
      <Filter>Source Files</Filter>
    </ClCompile>
    <ClCompile Include="rip.cpp">
      <Filter>Source Files</Filter>
    </ClCompile>
    <ClCompile Include="rx_barcodes.cpp">
      <Filter>Source Files</Filter>
    </ClCompile>
    <ClCompile Include="rx_free_type.cpp">
      <Filter>Source Files</Filter>
    </ClCompile>
    <ClCompile Include="test_data.cpp">
      <Filter>Source Files</Filter>
    </ClCompile>
    <ClCompile Include="rx_embrip_lib.cpp">
      <Filter>Source Files</Filter>
    </ClCompile>
    <ClCompile Include="SimuTecIt.c">
      <Filter>Source Files</Filter>
    </ClCompile>
  </ItemGroup>
  <ItemGroup>
    <ClInclude Include="stdafx.h">
      <Filter>Header Files</Filter>
    </ClInclude>
    <ClInclude Include="..\Externals\TinyXML\tinystr.h">
      <Filter>Header Files</Filter>
    </ClInclude>
    <ClInclude Include="..\Externals\TinyXML\tinyxml.h">
      <Filter>Header Files</Filter>
    </ClInclude>
    <ClInclude Include="..\Externals\FreeType\include\freetype.h">
      <Filter>FreeType\base</Filter>
    </ClInclude>
    <ClInclude Include="..\Externals\FreeType\src\gzip\zconf.h">
      <Filter>FreeType\gzip</Filter>
    </ClInclude>
    <ClInclude Include="..\Externals\FreeType\src\gzip\zlib.h">
      <Filter>FreeType\gzip</Filter>
    </ClInclude>
    <ClInclude Include="..\Externals\FreeType\src\gzip\zutil.h">
      <Filter>FreeType\gzip</Filter>
    </ClInclude>
    <ClInclude Include="..\Externals\FreeType\src\raster\ftraster.h">
      <Filter>FreeType\raster</Filter>
    </ClInclude>
    <ClInclude Include="..\Externals\FreeType\src\raster\ftrend1.h">
      <Filter>FreeType\raster</Filter>
    </ClInclude>
    <ClInclude Include="..\Externals\FreeType\src\sfnt\pngshim.h">
      <Filter>FreeType\sfnt</Filter>
    </ClInclude>
    <ClInclude Include="..\Externals\FreeType\src\sfnt\sfdriver.h">
      <Filter>FreeType\sfnt</Filter>
    </ClInclude>
    <ClInclude Include="..\Externals\FreeType\src\sfnt\sferrors.h">
      <Filter>FreeType\sfnt</Filter>
    </ClInclude>
    <ClInclude Include="..\Externals\FreeType\src\sfnt\sfntpic.h">
      <Filter>FreeType\sfnt</Filter>
    </ClInclude>
    <ClInclude Include="..\Externals\FreeType\src\sfnt\sfobjs.h">
      <Filter>FreeType\sfnt</Filter>
    </ClInclude>
    <ClInclude Include="..\Externals\FreeType\src\sfnt\ttbdf.h">
      <Filter>FreeType\sfnt</Filter>
    </ClInclude>
    <ClInclude Include="..\Externals\FreeType\src\sfnt\ttcmap.h">
      <Filter>FreeType\sfnt</Filter>
    </ClInclude>
    <ClInclude Include="..\Externals\FreeType\src\sfnt\ttcmapc.h">
      <Filter>FreeType\sfnt</Filter>
    </ClInclude>
    <ClInclude Include="..\Externals\FreeType\src\sfnt\ttkern.h">
      <Filter>FreeType\sfnt</Filter>
    </ClInclude>
    <ClInclude Include="..\Externals\FreeType\src\sfnt\ttload.h">
      <Filter>FreeType\sfnt</Filter>
    </ClInclude>
    <ClInclude Include="..\Externals\FreeType\src\sfnt\ttmtx.h">
      <Filter>FreeType\sfnt</Filter>
    </ClInclude>
    <ClInclude Include="..\Externals\FreeType\src\sfnt\ttpost.h">
      <Filter>FreeType\sfnt</Filter>
    </ClInclude>
    <ClInclude Include="..\Externals\FreeType\src\sfnt\ttsbit.h">
      <Filter>FreeType\sfnt</Filter>
    </ClInclude>
    <ClInclude Include="..\Externals\FreeType\src\TrueType\ttdriver.h">
      <Filter>FreeType\TrueType</Filter>
    </ClInclude>
    <ClInclude Include="..\Externals\FreeType\src\TrueType\tterrors.h">
      <Filter>FreeType\TrueType</Filter>
    </ClInclude>
    <ClInclude Include="..\Externals\FreeType\src\TrueType\ttgload.h">
      <Filter>FreeType\TrueType</Filter>
    </ClInclude>
    <ClInclude Include="..\Externals\FreeType\src\TrueType\ttgxvar.h">
      <Filter>FreeType\TrueType</Filter>
    </ClInclude>
    <ClInclude Include="..\Externals\FreeType\src\TrueType\ttinterp.h">
      <Filter>FreeType\TrueType</Filter>
    </ClInclude>
    <ClInclude Include="..\Externals\FreeType\src\TrueType\ttobjs.h">
      <Filter>FreeType\TrueType</Filter>
    </ClInclude>
    <ClInclude Include="..\Externals\FreeType\src\TrueType\ttpic.h">
      <Filter>FreeType\TrueType</Filter>
    </ClInclude>
    <ClInclude Include="..\Externals\FreeType\src\TrueType\ttpload.h">
      <Filter>FreeType\TrueType</Filter>
    </ClInclude>
    <ClInclude Include="..\Externals\FreeType\src\TrueType\ttsubpix.h">
      <Filter>FreeType\TrueType</Filter>
    </ClInclude>
    <ClInclude Include="..\Externals\FreeType\include\config\ftmodule.h">
      <Filter>FreeType</Filter>
    </ClInclude>
    <ClInclude Include="export.h">
      <Filter>Header Files</Filter>
    </ClInclude>
    <ClInclude Include="..\rx_common_lib\fastlz.h">
      <Filter>Header Files</Filter>
    </ClInclude>
    <ClInclude Include="rx_barcodes.h">
      <Filter>Header Files</Filter>
    </ClInclude>
    <ClInclude Include="rip.h">
      <Filter>Header Files</Filter>
    </ClInclude>
    <ClInclude Include="rx_counter.h">
      <Filter>Header Files</Filter>
    </ClInclude>
    <ClInclude Include="rx_free_type.h">
      <Filter>Header Files</Filter>
    </ClInclude>
    <ClInclude Include="rx_rip_lib.h">
      <Filter>Header Files</Filter>
    </ClInclude>
    <ClInclude Include="rx_data.h">
      <Filter>Header Files</Filter>
    </ClInclude>
    <ClInclude Include="rx_embrip_lib.h">
      <Filter>Header Files</Filter>
    </ClInclude>
  </ItemGroup>
  <ItemGroup>
    <None Include="Makefile">
      <Filter>Make Files</Filter>
    </None>
    <None Include="debug-lx.mak">
      <Filter>Make Files</Filter>
    </None>
    <None Include="release-lx.mak">
      <Filter>Make Files</Filter>
    </None>
    <None Include="rx_rip_lib-Debug-lx.vgdbsettings">
      <Filter>Make Files</Filter>
    </None>
    <None Include="rx_rip_lib-Release-lx.vgdbsettings">
      <Filter>Make Files</Filter>
    </None>
  </ItemGroup>
</Project>