
Microsoft Visual Studio Solution File, Format Version 12.00
# Visual Studio 2013
VisualStudioVersion = 12.0.21005.1
MinimumVisualStudioVersion = 10.0.40219.1
Project("{8BC9CEB8-8B4A-11D0-8D11-00A0C91BC942}") = "csv_txt", "csv_txt\csv_txt.vcxproj", "{A7BB0BC5-E896-4480-AE13-59A495B306DA}"
EndProject
Project("{8BC9CEB8-8B4A-11D0-8D11-00A0C91BC942}") = "VersionUpdate", "VersionUpdate\VersionUpdate.vcxproj", "{0EF475F1-2B72-44A9-81CE-48F00A81AD34}"
EndProject
Project("{FAE04EC0-301F-11D3-BF4B-00C04F79EFBC}") = "rx_common_lib_cs", "..\rx_common_lib_cs\rx_common_lib_cs.csproj", "{97412D0E-6CD1-4E4E-92F9-1460DEEDB44A}"
EndProject
Project("{8BC9CEB8-8B4A-11D0-8D11-00A0C91BC942}") = "rx_rip_lib", "..\rx_rip_lib\rx_rip_lib.vcxproj", "{67C98FEC-CEAA-4CF0-B8D2-D2941276E9F3}"
	ProjectSection(ProjectDependencies) = postProject
		{23DE4F53-96A4-44A2-9A16-FFC6CCB25311} = {23DE4F53-96A4-44A2-9A16-FFC6CCB25311}
		{531D50FB-5C99-4DF6-B152-8A0CFB84D4C7} = {531D50FB-5C99-4DF6-B152-8A0CFB84D4C7}
	EndProjectSection
EndProject
Project("{8BC9CEB8-8B4A-11D0-8D11-00A0C91BC942}") = "TinyXML", "..\Externals\TinyXML\TinyXML.vcxproj", "{531D50FB-5C99-4DF6-B152-8A0CFB84D4C7}"
EndProject
Project("{FAE04EC0-301F-11D3-BF4B-00C04F79EFBC}") = "rx_rip_gui", "..\rx_rip_gui\rx_rip_gui.csproj", "{9B1F3F26-48A5-4A6F-A21D-4461BAF22EA8}"
	ProjectSection(ProjectDependencies) = postProject
		{67C98FEC-CEAA-4CF0-B8D2-D2941276E9F3} = {67C98FEC-CEAA-4CF0-B8D2-D2941276E9F3}
		{531D50FB-5C99-4DF6-B152-8A0CFB84D4C7} = {531D50FB-5C99-4DF6-B152-8A0CFB84D4C7}
	EndProjectSection
EndProject
Project("{FAE04EC0-301F-11D3-BF4B-00C04F79EFBC}") = "rx_digiprint_gui", "rx_digiprint_gui.csproj", "{310AEC03-B35E-4E08-9A77-6CFF0597BC46}"
EndProject
Project("{8BC9CEB8-8B4A-11D0-8D11-00A0C91BC942}") = "rx_common_lib", "..\rx_common_lib\rx_common_lib.vcxproj", "{23DE4F53-96A4-44A2-9A16-FFC6CCB25311}"
EndProject
Global
	GlobalSection(SolutionConfigurationPlatforms) = preSolution
		Debug|Any CPU = Debug|Any CPU
		Debug|Mixed Platforms = Debug|Mixed Platforms
		Debug|Win32 = Debug|Win32
		Debug|x64 = Debug|x64
		Debug|x86 = Debug|x86
		Debug-Remote|Any CPU = Debug-Remote|Any CPU
		Debug-Remote|Mixed Platforms = Debug-Remote|Mixed Platforms
		Debug-Remote|Win32 = Debug-Remote|Win32
		Debug-Remote|x64 = Debug-Remote|x64
		Debug-Remote|x86 = Debug-Remote|x86
		Release|Any CPU = Release|Any CPU
		Release|Mixed Platforms = Release|Mixed Platforms
		Release|Win32 = Release|Win32
		Release|x64 = Release|x64
		Release|x86 = Release|x86
	EndGlobalSection
	GlobalSection(ProjectConfigurationPlatforms) = postSolution
		{A7BB0BC5-E896-4480-AE13-59A495B306DA}.Debug|Any CPU.ActiveCfg = Debug|Win32
		{A7BB0BC5-E896-4480-AE13-59A495B306DA}.Debug|Mixed Platforms.ActiveCfg = Debug|Win32
		{A7BB0BC5-E896-4480-AE13-59A495B306DA}.Debug|Win32.ActiveCfg = Debug|Win32
		{A7BB0BC5-E896-4480-AE13-59A495B306DA}.Debug|Win32.Build.0 = Debug|Win32
		{A7BB0BC5-E896-4480-AE13-59A495B306DA}.Debug|x64.ActiveCfg = Debug|Win32
		{A7BB0BC5-E896-4480-AE13-59A495B306DA}.Debug|x86.ActiveCfg = Debug|Win32
		{A7BB0BC5-E896-4480-AE13-59A495B306DA}.Debug|x86.Build.0 = Debug|Win32
		{A7BB0BC5-E896-4480-AE13-59A495B306DA}.Debug-Remote|Any CPU.ActiveCfg = Debug|Win32
		{A7BB0BC5-E896-4480-AE13-59A495B306DA}.Debug-Remote|Mixed Platforms.ActiveCfg = Debug|Win32
		{A7BB0BC5-E896-4480-AE13-59A495B306DA}.Debug-Remote|Win32.ActiveCfg = Debug|Win32
		{A7BB0BC5-E896-4480-AE13-59A495B306DA}.Debug-Remote|x64.ActiveCfg = Debug|Win32
		{A7BB0BC5-E896-4480-AE13-59A495B306DA}.Debug-Remote|x86.ActiveCfg = Debug|Win32
		{A7BB0BC5-E896-4480-AE13-59A495B306DA}.Release|Any CPU.ActiveCfg = Release|Win32
		{A7BB0BC5-E896-4480-AE13-59A495B306DA}.Release|Mixed Platforms.ActiveCfg = Release|Win32
		{A7BB0BC5-E896-4480-AE13-59A495B306DA}.Release|Win32.ActiveCfg = Release|Win32
		{A7BB0BC5-E896-4480-AE13-59A495B306DA}.Release|x64.ActiveCfg = Release|Win32
		{A7BB0BC5-E896-4480-AE13-59A495B306DA}.Release|x86.ActiveCfg = Release|Win32
		{A7BB0BC5-E896-4480-AE13-59A495B306DA}.Release|x86.Build.0 = Release|Win32
		{0EF475F1-2B72-44A9-81CE-48F00A81AD34}.Debug|Any CPU.ActiveCfg = Debug|Win32
		{0EF475F1-2B72-44A9-81CE-48F00A81AD34}.Debug|Mixed Platforms.ActiveCfg = Debug|Win32
		{0EF475F1-2B72-44A9-81CE-48F00A81AD34}.Debug|Win32.ActiveCfg = Debug|Win32
		{0EF475F1-2B72-44A9-81CE-48F00A81AD34}.Debug|Win32.Build.0 = Debug|Win32
		{0EF475F1-2B72-44A9-81CE-48F00A81AD34}.Debug|x64.ActiveCfg = Debug|Win32
		{0EF475F1-2B72-44A9-81CE-48F00A81AD34}.Debug|x86.ActiveCfg = Debug|Win32
		{0EF475F1-2B72-44A9-81CE-48F00A81AD34}.Debug-Remote|Any CPU.ActiveCfg = Debug|Win32
		{0EF475F1-2B72-44A9-81CE-48F00A81AD34}.Debug-Remote|Mixed Platforms.ActiveCfg = Debug|Win32
		{0EF475F1-2B72-44A9-81CE-48F00A81AD34}.Debug-Remote|Win32.ActiveCfg = Debug|Win32
		{0EF475F1-2B72-44A9-81CE-48F00A81AD34}.Debug-Remote|x64.ActiveCfg = Debug|Win32
		{0EF475F1-2B72-44A9-81CE-48F00A81AD34}.Debug-Remote|x86.ActiveCfg = Debug|Win32
		{0EF475F1-2B72-44A9-81CE-48F00A81AD34}.Release|Any CPU.ActiveCfg = Release|Win32
		{0EF475F1-2B72-44A9-81CE-48F00A81AD34}.Release|Mixed Platforms.ActiveCfg = Release|Win32
		{0EF475F1-2B72-44A9-81CE-48F00A81AD34}.Release|Win32.ActiveCfg = Release|Win32
		{0EF475F1-2B72-44A9-81CE-48F00A81AD34}.Release|x64.ActiveCfg = Release|Win32
		{0EF475F1-2B72-44A9-81CE-48F00A81AD34}.Release|x86.ActiveCfg = Release|Win32
		{0EF475F1-2B72-44A9-81CE-48F00A81AD34}.Release|x86.Build.0 = Release|Win32
		{97412D0E-6CD1-4E4E-92F9-1460DEEDB44A}.Debug|Any CPU.ActiveCfg = Debug|Any CPU
		{97412D0E-6CD1-4E4E-92F9-1460DEEDB44A}.Debug|Any CPU.Build.0 = Debug|Any CPU
		{97412D0E-6CD1-4E4E-92F9-1460DEEDB44A}.Debug|Mixed Platforms.ActiveCfg = Debug|Any CPU
		{97412D0E-6CD1-4E4E-92F9-1460DEEDB44A}.Debug|Mixed Platforms.Build.0 = Debug|Any CPU
		{97412D0E-6CD1-4E4E-92F9-1460DEEDB44A}.Debug|Win32.ActiveCfg = Debug|x86
		{97412D0E-6CD1-4E4E-92F9-1460DEEDB44A}.Debug|Win32.Build.0 = Debug|x86
		{97412D0E-6CD1-4E4E-92F9-1460DEEDB44A}.Debug|x64.ActiveCfg = Debug|x64
		{97412D0E-6CD1-4E4E-92F9-1460DEEDB44A}.Debug|x64.Build.0 = Debug|x64
		{97412D0E-6CD1-4E4E-92F9-1460DEEDB44A}.Debug|x86.ActiveCfg = Debug|x86
		{97412D0E-6CD1-4E4E-92F9-1460DEEDB44A}.Debug|x86.Build.0 = Debug|x86
		{97412D0E-6CD1-4E4E-92F9-1460DEEDB44A}.Debug-Remote|Any CPU.ActiveCfg = Debug|Any CPU
		{97412D0E-6CD1-4E4E-92F9-1460DEEDB44A}.Debug-Remote|Any CPU.Build.0 = Debug|Any CPU
		{97412D0E-6CD1-4E4E-92F9-1460DEEDB44A}.Debug-Remote|Mixed Platforms.ActiveCfg = Debug-Remote|Any CPU
		{97412D0E-6CD1-4E4E-92F9-1460DEEDB44A}.Debug-Remote|Mixed Platforms.Build.0 = Debug-Remote|Any CPU
		{97412D0E-6CD1-4E4E-92F9-1460DEEDB44A}.Debug-Remote|Win32.ActiveCfg = Debug-Remote|x86
		{97412D0E-6CD1-4E4E-92F9-1460DEEDB44A}.Debug-Remote|Win32.Build.0 = Debug-Remote|x86
		{97412D0E-6CD1-4E4E-92F9-1460DEEDB44A}.Debug-Remote|x64.ActiveCfg = Debug-Remote|x64
		{97412D0E-6CD1-4E4E-92F9-1460DEEDB44A}.Debug-Remote|x64.Build.0 = Debug-Remote|x64
		{97412D0E-6CD1-4E4E-92F9-1460DEEDB44A}.Debug-Remote|x86.ActiveCfg = Debug-Remote|x86
		{97412D0E-6CD1-4E4E-92F9-1460DEEDB44A}.Debug-Remote|x86.Build.0 = Debug-Remote|x86
		{97412D0E-6CD1-4E4E-92F9-1460DEEDB44A}.Release|Any CPU.ActiveCfg = Release|Any CPU
		{97412D0E-6CD1-4E4E-92F9-1460DEEDB44A}.Release|Any CPU.Build.0 = Release|Any CPU
		{97412D0E-6CD1-4E4E-92F9-1460DEEDB44A}.Release|Mixed Platforms.ActiveCfg = Release|Any CPU
		{97412D0E-6CD1-4E4E-92F9-1460DEEDB44A}.Release|Mixed Platforms.Build.0 = Release|Any CPU
		{97412D0E-6CD1-4E4E-92F9-1460DEEDB44A}.Release|Win32.ActiveCfg = Release|x86
		{97412D0E-6CD1-4E4E-92F9-1460DEEDB44A}.Release|Win32.Build.0 = Release|x86
		{97412D0E-6CD1-4E4E-92F9-1460DEEDB44A}.Release|x64.ActiveCfg = Release|x64
		{97412D0E-6CD1-4E4E-92F9-1460DEEDB44A}.Release|x64.Build.0 = Release|x64
		{97412D0E-6CD1-4E4E-92F9-1460DEEDB44A}.Release|x86.ActiveCfg = Release|Any CPU
		{67C98FEC-CEAA-4CF0-B8D2-D2941276E9F3}.Debug|Any CPU.ActiveCfg = Debug|Win32
		{67C98FEC-CEAA-4CF0-B8D2-D2941276E9F3}.Debug|Mixed Platforms.ActiveCfg = Debug|Win32
		{67C98FEC-CEAA-4CF0-B8D2-D2941276E9F3}.Debug|Mixed Platforms.Build.0 = Debug|Win32
		{67C98FEC-CEAA-4CF0-B8D2-D2941276E9F3}.Debug|Win32.ActiveCfg = Debug|Win32
		{67C98FEC-CEAA-4CF0-B8D2-D2941276E9F3}.Debug|Win32.Build.0 = Debug|Win32
		{67C98FEC-CEAA-4CF0-B8D2-D2941276E9F3}.Debug|x64.ActiveCfg = Debug|x64
		{67C98FEC-CEAA-4CF0-B8D2-D2941276E9F3}.Debug|x64.Build.0 = Debug|x64
		{67C98FEC-CEAA-4CF0-B8D2-D2941276E9F3}.Debug|x86.ActiveCfg = Debug|Win32
		{67C98FEC-CEAA-4CF0-B8D2-D2941276E9F3}.Debug|x86.Build.0 = Debug|Win32
		{67C98FEC-CEAA-4CF0-B8D2-D2941276E9F3}.Debug-Remote|Any CPU.ActiveCfg = Debug-Remote|Win32
		{67C98FEC-CEAA-4CF0-B8D2-D2941276E9F3}.Debug-Remote|Mixed Platforms.ActiveCfg = Debug-Remote|Win32
		{67C98FEC-CEAA-4CF0-B8D2-D2941276E9F3}.Debug-Remote|Mixed Platforms.Build.0 = Debug-Remote|Win32
		{67C98FEC-CEAA-4CF0-B8D2-D2941276E9F3}.Debug-Remote|Win32.ActiveCfg = Debug-Remote|Win32
		{67C98FEC-CEAA-4CF0-B8D2-D2941276E9F3}.Debug-Remote|Win32.Build.0 = Debug-Remote|Win32
		{67C98FEC-CEAA-4CF0-B8D2-D2941276E9F3}.Debug-Remote|x64.ActiveCfg = Debug-Remote|x64
		{67C98FEC-CEAA-4CF0-B8D2-D2941276E9F3}.Debug-Remote|x64.Build.0 = Debug-Remote|x64
		{67C98FEC-CEAA-4CF0-B8D2-D2941276E9F3}.Debug-Remote|x86.ActiveCfg = Debug-Remote|Win32
		{67C98FEC-CEAA-4CF0-B8D2-D2941276E9F3}.Debug-Remote|x86.Build.0 = Debug-Remote|Win32
		{67C98FEC-CEAA-4CF0-B8D2-D2941276E9F3}.Release|Any CPU.ActiveCfg = Release|Win32
		{67C98FEC-CEAA-4CF0-B8D2-D2941276E9F3}.Release|Mixed Platforms.ActiveCfg = Release|Win32
		{67C98FEC-CEAA-4CF0-B8D2-D2941276E9F3}.Release|Mixed Platforms.Build.0 = Release|Win32
		{67C98FEC-CEAA-4CF0-B8D2-D2941276E9F3}.Release|Win32.ActiveCfg = Release|Win32
		{67C98FEC-CEAA-4CF0-B8D2-D2941276E9F3}.Release|Win32.Build.0 = Release|Win32
		{67C98FEC-CEAA-4CF0-B8D2-D2941276E9F3}.Release|x64.ActiveCfg = Release|x64
		{67C98FEC-CEAA-4CF0-B8D2-D2941276E9F3}.Release|x64.Build.0 = Release|x64
		{67C98FEC-CEAA-4CF0-B8D2-D2941276E9F3}.Release|x86.ActiveCfg = Release|Win32
		{67C98FEC-CEAA-4CF0-B8D2-D2941276E9F3}.Release|x86.Build.0 = Release|Win32
		{531D50FB-5C99-4DF6-B152-8A0CFB84D4C7}.Debug|Any CPU.ActiveCfg = Debug|Win32
		{531D50FB-5C99-4DF6-B152-8A0CFB84D4C7}.Debug|Mixed Platforms.ActiveCfg = Debug|Win32
		{531D50FB-5C99-4DF6-B152-8A0CFB84D4C7}.Debug|Mixed Platforms.Build.0 = Debug|Win32
		{531D50FB-5C99-4DF6-B152-8A0CFB84D4C7}.Debug|Win32.ActiveCfg = Debug|Win32
		{531D50FB-5C99-4DF6-B152-8A0CFB84D4C7}.Debug|Win32.Build.0 = Debug|Win32
		{531D50FB-5C99-4DF6-B152-8A0CFB84D4C7}.Debug|x64.ActiveCfg = Debug|x64
		{531D50FB-5C99-4DF6-B152-8A0CFB84D4C7}.Debug|x64.Build.0 = Debug|x64
		{531D50FB-5C99-4DF6-B152-8A0CFB84D4C7}.Debug|x86.ActiveCfg = Debug|Win32
		{531D50FB-5C99-4DF6-B152-8A0CFB84D4C7}.Debug|x86.Build.0 = Debug|Win32
		{531D50FB-5C99-4DF6-B152-8A0CFB84D4C7}.Debug-Remote|Any CPU.ActiveCfg = Debug-Remote|Win32
		{531D50FB-5C99-4DF6-B152-8A0CFB84D4C7}.Debug-Remote|Mixed Platforms.ActiveCfg = Debug-Remote|Win32
		{531D50FB-5C99-4DF6-B152-8A0CFB84D4C7}.Debug-Remote|Mixed Platforms.Build.0 = Debug-Remote|Win32
		{531D50FB-5C99-4DF6-B152-8A0CFB84D4C7}.Debug-Remote|Win32.ActiveCfg = Debug-Remote|Win32
		{531D50FB-5C99-4DF6-B152-8A0CFB84D4C7}.Debug-Remote|Win32.Build.0 = Debug-Remote|Win32
		{531D50FB-5C99-4DF6-B152-8A0CFB84D4C7}.Debug-Remote|x64.ActiveCfg = Debug-Remote|x64
		{531D50FB-5C99-4DF6-B152-8A0CFB84D4C7}.Debug-Remote|x64.Build.0 = Debug-Remote|x64
		{531D50FB-5C99-4DF6-B152-8A0CFB84D4C7}.Debug-Remote|x86.ActiveCfg = Debug-Remote|Win32
		{531D50FB-5C99-4DF6-B152-8A0CFB84D4C7}.Debug-Remote|x86.Build.0 = Debug-Remote|Win32
		{531D50FB-5C99-4DF6-B152-8A0CFB84D4C7}.Release|Any CPU.ActiveCfg = Release|Win32
		{531D50FB-5C99-4DF6-B152-8A0CFB84D4C7}.Release|Mixed Platforms.ActiveCfg = Release|Win32
		{531D50FB-5C99-4DF6-B152-8A0CFB84D4C7}.Release|Mixed Platforms.Build.0 = Release|Win32
		{531D50FB-5C99-4DF6-B152-8A0CFB84D4C7}.Release|Win32.ActiveCfg = Release|Win32
		{531D50FB-5C99-4DF6-B152-8A0CFB84D4C7}.Release|Win32.Build.0 = Release|Win32
		{531D50FB-5C99-4DF6-B152-8A0CFB84D4C7}.Release|x64.ActiveCfg = Release|x64
		{531D50FB-5C99-4DF6-B152-8A0CFB84D4C7}.Release|x64.Build.0 = Release|x64
		{531D50FB-5C99-4DF6-B152-8A0CFB84D4C7}.Release|x86.ActiveCfg = Release|Win32
		{531D50FB-5C99-4DF6-B152-8A0CFB84D4C7}.Release|x86.Build.0 = Release|Win32
		{9B1F3F26-48A5-4A6F-A21D-4461BAF22EA8}.Debug|Any CPU.ActiveCfg = Debug|Any CPU
		{9B1F3F26-48A5-4A6F-A21D-4461BAF22EA8}.Debug|Any CPU.Build.0 = Debug|Any CPU
		{9B1F3F26-48A5-4A6F-A21D-4461BAF22EA8}.Debug|Mixed Platforms.ActiveCfg = Debug|Any CPU
		{9B1F3F26-48A5-4A6F-A21D-4461BAF22EA8}.Debug|Mixed Platforms.Build.0 = Debug|Any CPU
		{9B1F3F26-48A5-4A6F-A21D-4461BAF22EA8}.Debug|Win32.ActiveCfg = Debug|x86
		{9B1F3F26-48A5-4A6F-A21D-4461BAF22EA8}.Debug|Win32.Build.0 = Debug|x86
		{9B1F3F26-48A5-4A6F-A21D-4461BAF22EA8}.Debug|x64.ActiveCfg = Debug|x64
		{9B1F3F26-48A5-4A6F-A21D-4461BAF22EA8}.Debug|x64.Build.0 = Debug|x64
		{9B1F3F26-48A5-4A6F-A21D-4461BAF22EA8}.Debug|x86.ActiveCfg = Debug|x86
		{9B1F3F26-48A5-4A6F-A21D-4461BAF22EA8}.Debug|x86.Build.0 = Debug|x86
		{9B1F3F26-48A5-4A6F-A21D-4461BAF22EA8}.Debug-Remote|Any CPU.ActiveCfg = Debug|Any CPU
		{9B1F3F26-48A5-4A6F-A21D-4461BAF22EA8}.Debug-Remote|Any CPU.Build.0 = Debug|Any CPU
		{9B1F3F26-48A5-4A6F-A21D-4461BAF22EA8}.Debug-Remote|Mixed Platforms.ActiveCfg = Debug-Remote|Any CPU
		{9B1F3F26-48A5-4A6F-A21D-4461BAF22EA8}.Debug-Remote|Mixed Platforms.Build.0 = Debug-Remote|Any CPU
		{9B1F3F26-48A5-4A6F-A21D-4461BAF22EA8}.Debug-Remote|Win32.ActiveCfg = Debug|Any CPU
		{9B1F3F26-48A5-4A6F-A21D-4461BAF22EA8}.Debug-Remote|x64.ActiveCfg = Debug-Remote|x64
		{9B1F3F26-48A5-4A6F-A21D-4461BAF22EA8}.Debug-Remote|x64.Build.0 = Debug-Remote|x64
		{9B1F3F26-48A5-4A6F-A21D-4461BAF22EA8}.Debug-Remote|x86.ActiveCfg = Debug|Any CPU
		{9B1F3F26-48A5-4A6F-A21D-4461BAF22EA8}.Release|Any CPU.ActiveCfg = Release|Any CPU
		{9B1F3F26-48A5-4A6F-A21D-4461BAF22EA8}.Release|Any CPU.Build.0 = Release|Any CPU
		{9B1F3F26-48A5-4A6F-A21D-4461BAF22EA8}.Release|Mixed Platforms.ActiveCfg = Release|Any CPU
		{9B1F3F26-48A5-4A6F-A21D-4461BAF22EA8}.Release|Mixed Platforms.Build.0 = Release|Any CPU
		{9B1F3F26-48A5-4A6F-A21D-4461BAF22EA8}.Release|Win32.ActiveCfg = Release|Any CPU
		{9B1F3F26-48A5-4A6F-A21D-4461BAF22EA8}.Release|x64.ActiveCfg = Release|x64
		{9B1F3F26-48A5-4A6F-A21D-4461BAF22EA8}.Release|x64.Build.0 = Release|x64
		{9B1F3F26-48A5-4A6F-A21D-4461BAF22EA8}.Release|x86.ActiveCfg = Release|Any CPU
		{310AEC03-B35E-4E08-9A77-6CFF0597BC46}.Debug|Any CPU.ActiveCfg = Debug|Any CPU
		{310AEC03-B35E-4E08-9A77-6CFF0597BC46}.Debug|Any CPU.Build.0 = Debug|Any CPU
		{310AEC03-B35E-4E08-9A77-6CFF0597BC46}.Debug|Mixed Platforms.ActiveCfg = Debug|x86
		{310AEC03-B35E-4E08-9A77-6CFF0597BC46}.Debug|Mixed Platforms.Build.0 = Debug|x86
		{310AEC03-B35E-4E08-9A77-6CFF0597BC46}.Debug|Win32.ActiveCfg = Debug|x86
		{310AEC03-B35E-4E08-9A77-6CFF0597BC46}.Debug|Win32.Build.0 = Debug|x86
		{310AEC03-B35E-4E08-9A77-6CFF0597BC46}.Debug|x64.ActiveCfg = Debug|x64
		{310AEC03-B35E-4E08-9A77-6CFF0597BC46}.Debug|x64.Build.0 = Debug|x64
		{310AEC03-B35E-4E08-9A77-6CFF0597BC46}.Debug|x86.ActiveCfg = Debug|x86
		{310AEC03-B35E-4E08-9A77-6CFF0597BC46}.Debug|x86.Build.0 = Debug|x86
		{310AEC03-B35E-4E08-9A77-6CFF0597BC46}.Debug-Remote|Any CPU.ActiveCfg = Debug-Remote|Any CPU
		{310AEC03-B35E-4E08-9A77-6CFF0597BC46}.Debug-Remote|Any CPU.Build.0 = Debug-Remote|Any CPU
		{310AEC03-B35E-4E08-9A77-6CFF0597BC46}.Debug-Remote|Mixed Platforms.ActiveCfg = Debug-Remote|x86
		{310AEC03-B35E-4E08-9A77-6CFF0597BC46}.Debug-Remote|Mixed Platforms.Build.0 = Debug-Remote|x86
		{310AEC03-B35E-4E08-9A77-6CFF0597BC46}.Debug-Remote|Win32.ActiveCfg = Debug-Remote|x86
		{310AEC03-B35E-4E08-9A77-6CFF0597BC46}.Debug-Remote|Win32.Build.0 = Debug-Remote|x86
		{310AEC03-B35E-4E08-9A77-6CFF0597BC46}.Debug-Remote|x64.ActiveCfg = Debug-Remote|x64
		{310AEC03-B35E-4E08-9A77-6CFF0597BC46}.Debug-Remote|x64.Build.0 = Debug-Remote|x64
		{310AEC03-B35E-4E08-9A77-6CFF0597BC46}.Debug-Remote|x86.ActiveCfg = Debug-Remote|x86
		{310AEC03-B35E-4E08-9A77-6CFF0597BC46}.Debug-Remote|x86.Build.0 = Debug-Remote|x86
		{310AEC03-B35E-4E08-9A77-6CFF0597BC46}.Release|Any CPU.ActiveCfg = Release|Any CPU
		{310AEC03-B35E-4E08-9A77-6CFF0597BC46}.Release|Any CPU.Build.0 = Release|Any CPU
		{310AEC03-B35E-4E08-9A77-6CFF0597BC46}.Release|Mixed Platforms.ActiveCfg = Release|x86
		{310AEC03-B35E-4E08-9A77-6CFF0597BC46}.Release|Mixed Platforms.Build.0 = Release|x86
		{310AEC03-B35E-4E08-9A77-6CFF0597BC46}.Release|Win32.ActiveCfg = Release|x86
		{310AEC03-B35E-4E08-9A77-6CFF0597BC46}.Release|Win32.Build.0 = Release|x86
		{310AEC03-B35E-4E08-9A77-6CFF0597BC46}.Release|x64.ActiveCfg = Release|x64
		{310AEC03-B35E-4E08-9A77-6CFF0597BC46}.Release|x64.Build.0 = Release|x64
		{310AEC03-B35E-4E08-9A77-6CFF0597BC46}.Release|x86.ActiveCfg = Release|x86
		{310AEC03-B35E-4E08-9A77-6CFF0597BC46}.Release|x86.Build.0 = Release|x86
		{23DE4F53-96A4-44A2-9A16-FFC6CCB25311}.Debug|Any CPU.ActiveCfg = Debug|Win32
		{23DE4F53-96A4-44A2-9A16-FFC6CCB25311}.Debug|Mixed Platforms.ActiveCfg = Debug|Win32
		{23DE4F53-96A4-44A2-9A16-FFC6CCB25311}.Debug|Mixed Platforms.Build.0 = Debug|Win32
		{23DE4F53-96A4-44A2-9A16-FFC6CCB25311}.Debug|Win32.ActiveCfg = Debug|Win32
		{23DE4F53-96A4-44A2-9A16-FFC6CCB25311}.Debug|Win32.Build.0 = Debug|Win32
		{23DE4F53-96A4-44A2-9A16-FFC6CCB25311}.Debug|x64.ActiveCfg = Debug|x64
		{23DE4F53-96A4-44A2-9A16-FFC6CCB25311}.Debug|x64.Build.0 = Debug|x64
		{23DE4F53-96A4-44A2-9A16-FFC6CCB25311}.Debug|x86.ActiveCfg = Debug|Win32
		{23DE4F53-96A4-44A2-9A16-FFC6CCB25311}.Debug|x86.Build.0 = Debug|Win32
		{23DE4F53-96A4-44A2-9A16-FFC6CCB25311}.Debug-Remote|Any CPU.ActiveCfg = Debug-Remote|Win32
		{23DE4F53-96A4-44A2-9A16-FFC6CCB25311}.Debug-Remote|Mixed Platforms.ActiveCfg = Debug-Remote|Win32
		{23DE4F53-96A4-44A2-9A16-FFC6CCB25311}.Debug-Remote|Mixed Platforms.Build.0 = Debug-Remote|Win32
		{23DE4F53-96A4-44A2-9A16-FFC6CCB25311}.Debug-Remote|Win32.ActiveCfg = Debug-Remote|Win32
		{23DE4F53-96A4-44A2-9A16-FFC6CCB25311}.Debug-Remote|Win32.Build.0 = Debug-Remote|Win32
		{23DE4F53-96A4-44A2-9A16-FFC6CCB25311}.Debug-Remote|x64.ActiveCfg = Debug-Remote|x64
		{23DE4F53-96A4-44A2-9A16-FFC6CCB25311}.Debug-Remote|x64.Build.0 = Debug-Remote|x64
		{23DE4F53-96A4-44A2-9A16-FFC6CCB25311}.Debug-Remote|x86.ActiveCfg = Debug-Remote|Win32
		{23DE4F53-96A4-44A2-9A16-FFC6CCB25311}.Debug-Remote|x86.Build.0 = Debug-Remote|Win32
		{23DE4F53-96A4-44A2-9A16-FFC6CCB25311}.Release|Any CPU.ActiveCfg = Release|Win32
		{23DE4F53-96A4-44A2-9A16-FFC6CCB25311}.Release|Mixed Platforms.ActiveCfg = Release|Win32
		{23DE4F53-96A4-44A2-9A16-FFC6CCB25311}.Release|Mixed Platforms.Build.0 = Release|Win32
		{23DE4F53-96A4-44A2-9A16-FFC6CCB25311}.Release|Win32.ActiveCfg = Release|Win32
		{23DE4F53-96A4-44A2-9A16-FFC6CCB25311}.Release|Win32.Build.0 = Release|Win32
		{23DE4F53-96A4-44A2-9A16-FFC6CCB25311}.Release|x64.ActiveCfg = Release|x64
		{23DE4F53-96A4-44A2-9A16-FFC6CCB25311}.Release|x64.Build.0 = Release|x64
		{23DE4F53-96A4-44A2-9A16-FFC6CCB25311}.Release|x86.ActiveCfg = Release|Win32
		{23DE4F53-96A4-44A2-9A16-FFC6CCB25311}.Release|x86.Build.0 = Release|Win32
	EndGlobalSection
	GlobalSection(SolutionProperties) = preSolution
		HideSolutionNode = FALSE
	EndGlobalSection
EndGlobal
