<?xml version="1.0" encoding="utf-8"?>
<Project ToolsVersion="4.0" xmlns="http://schemas.microsoft.com/developer/msbuild/2003">
  <ItemGroup>
    <Filter Include="Source files">
      <UniqueIdentifier>{54b951e6-fd77-4bee-b30a-098f79dbb537}</UniqueIdentifier>
      <Extensions>cpp;c;cc;cxx;def;odl;idl;hpj;bat;asm;asmx</Extensions>
    </Filter>
    <Filter Include="Header files">
      <UniqueIdentifier>{98b0f332-bd6e-48f9-818e-7697527fdde9}</UniqueIdentifier>
      <Extensions>h;hpp;hxx;hm;inl;inc;xsd</Extensions>
    </Filter>
    <Filter Include="Resource files">
      <UniqueIdentifier>{5e49026d-7711-4ce3-89af-f66eb8ad4a68}</UniqueIdentifier>
      <Extensions>rc;ico;cur;bmp;dlg;rc2;rct;bin;rgs;gif;jpg;jpeg;jpe;resx;tiff;tif;png;wav</Extensions>
    </Filter>
    <Filter Include="VisualGDB settings">
      <UniqueIdentifier>{e4cb9a57-8578-4355-9fed-edc04345b4e2}</UniqueIdentifier>
      <Extensions>*.vgdbsettings</Extensions>
    </Filter>
    <Filter Include="Make files">
      <UniqueIdentifier>{15567f35-fb34-4960-8d82-1946c454d492}</UniqueIdentifier>
      <Extensions>*.mak</Extensions>
    </Filter>
  </ItemGroup>
  <ItemGroup>
    <None Include="rx_head_nios-Debug.vgdbsettings">
      <Filter>VisualGDB settings</Filter>
    </None>
    <None Include="rx_head_nios-Release.vgdbsettings">
      <Filter>VisualGDB settings</Filter>
    </None>
    <None Include="software\rx_head_nios\Makefile" />
    <None Include="software\rx_head_nios\release.mak">
      <Filter>Make files</Filter>
    </None>
    <None Include="software\rx_head_nios\cond_def_head.h.bak">
      <Filter>Header files</Filter>
    </None>
    <None Include="..\Externals\altera\build_nios_from_vs.bat">
      <Filter>Make files</Filter>
    </None>
  </ItemGroup>
  <ItemGroup>
    <ClCompile Include="software\rx_head_nios\AD9102.c">
      <Filter>Source files</Filter>
    </ClCompile>
    <ClCompile Include="software\rx_head_nios\adc_thermistor.c">
      <Filter>Source files</Filter>
    </ClCompile>
    <ClCompile Include="software\rx_head_nios\AMC7891.c">
      <Filter>Source files</Filter>
    </ClCompile>
    <ClCompile Include="software\rx_head_nios\average.c">
      <Filter>Source files</Filter>
    </ClCompile>
    <ClCompile Include="software\rx_head_nios\comm.c">
      <Filter>Source files</Filter>
    </ClCompile>
    <ClCompile Include="software\rx_head_nios\conditioner_bootloader.c">
      <Filter>Source files</Filter>
    </ClCompile>
    <ClCompile Include="software\rx_head_nios\cooler.c">
      <Filter>Source files</Filter>
    </ClCompile>
    <ClCompile Include="software\rx_head_nios\crc_calc.c">
      <Filter>Source files</Filter>
    </ClCompile>
    <ClCompile Include="software\rx_head_nios\fifo.c">
      <Filter>Source files</Filter>
    </ClCompile>
    <ClCompile Include="software\rx_head_nios\head_eeprom.c">
      <Filter>Source files</Filter>
    </ClCompile>
    <ClCompile Include="software\rx_head_nios\i2c.c">
      <Filter>Source files</Filter>
    </ClCompile>
    <ClCompile Include="software\rx_head_nios\main.c">
      <Filter>Source files</Filter>
    </ClCompile>
    <ClCompile Include="software\rx_head_nios\nios_def_head.c">
      <Filter>Source files</Filter>
    </ClCompile>
    <ClCompile Include="software\rx_head_nios\pid.c">
      <Filter>Source files</Filter>
    </ClCompile>
    <ClCompile Include="software\rx_head_nios\power.c">
      <Filter>Source files</Filter>
    </ClCompile>
    <ClCompile Include="software\rx_head_nios\pres.c">
      <Filter>Source files</Filter>
    </ClCompile>
    <ClCompile Include="software\rx_head_nios\rx_ink_common.c">
      <Filter>Source files</Filter>
    </ClCompile>
    <ClCompile Include="software\rx_head_nios\rx_mem.c">
      <Filter>Source files</Filter>
    </ClCompile>
    <ClCompile Include="software\rx_head_nios\timer.c">
      <Filter>Source files</Filter>
    </ClCompile>
    <ClCompile Include="software\rx_head_nios\tmp007.c">
      <Filter>Source files</Filter>
    </ClCompile>
    <ClCompile Include="software\rx_head_nios\trprintf.c">
      <Filter>Source files</Filter>
    </ClCompile>
    <ClCompile Include="software\rx_head_nios\TSEConfig.c">
      <Filter>Source files</Filter>
    </ClCompile>
    <ClCompile Include="software\rx_head_nios\uart.c">
      <Filter>Source files</Filter>
    </ClCompile>
    <ClCompile Include="software\rx_head_nios\version.c">
      <Filter>Source files</Filter>
    </ClCompile>
    <ClCompile Include="software\rx_head_nios\watchdog.c">
      <Filter>Source files</Filter>
    </ClCompile>
  </ItemGroup>
  <ItemGroup>
    <ClInclude Include="software\rx_head_nios\AD9102.h">
      <Filter>Header files</Filter>
    </ClInclude>
    <ClInclude Include="software\rx_head_nios\adc_thermistor.h">
      <Filter>Header files</Filter>
    </ClInclude>
    <ClInclude Include="software\rx_head_nios\AMC7891.h">
      <Filter>Header files</Filter>
    </ClInclude>
    <ClInclude Include="software\rx_head_nios\average.h">
      <Filter>Header files</Filter>
    </ClInclude>
    <ClInclude Include="software\rx_head_nios\balance_def.h">
      <Filter>Header files</Filter>
    </ClInclude>
    <ClInclude Include="software\rx_head_nios\balance_def_1.h">
      <Filter>Header files</Filter>
    </ClInclude>
    <ClInclude Include="software\rx_head_nios\comm.h">
      <Filter>Header files</Filter>
    </ClInclude>
    <ClInclude Include="software\rx_head_nios\cond_def_head.h">
      <Filter>Header files</Filter>
    </ClInclude>
    <ClInclude Include="software\rx_head_nios\conditioner_bootloader.h">
      <Filter>Header files</Filter>
    </ClInclude>
    <ClInclude Include="software\rx_head_nios\cooler.h">
      <Filter>Header files</Filter>
    </ClInclude>
    <ClInclude Include="software\rx_head_nios\crc_calc.h">
      <Filter>Header files</Filter>
    </ClInclude>
    <ClInclude Include="software\rx_head_nios\fifo.h">
      <Filter>Header files</Filter>
    </ClInclude>
    <ClInclude Include="software\rx_head_nios\fpga_def_fluid.h">
      <Filter>Header files</Filter>
    </ClInclude>
    <ClInclude Include="software\rx_head_nios\head_eeprom.h">
      <Filter>Header files</Filter>
    </ClInclude>
    <ClInclude Include="software\rx_head_nios\i2c.h">
      <Filter>Header files</Filter>
    </ClInclude>
    <ClInclude Include="software\rx_head_nios\main.h">
      <Filter>Header files</Filter>
    </ClInclude>
    <ClInclude Include="software\rx_head_nios\nios_def_fluid.h">
      <Filter>Header files</Filter>
    </ClInclude>
    <ClInclude Include="software\rx_head_nios\nios_def_head.h">
      <Filter>Header files</Filter>
    </ClInclude>
    <ClInclude Include="software\rx_head_nios\pid.h">
      <Filter>Header files</Filter>
    </ClInclude>
    <ClInclude Include="software\rx_head_nios\power.h">
      <Filter>Header files</Filter>
    </ClInclude>
    <ClInclude Include="software\rx_head_nios\pres.h">
      <Filter>Header files</Filter>
    </ClInclude>
    <ClInclude Include="software\rx_head_nios\rx_ink_common.h">
      <Filter>Header files</Filter>
    </ClInclude>
    <ClInclude Include="software\rx_head_nios\rx_mem.h">
      <Filter>Header files</Filter>
    </ClInclude>
    <ClInclude Include="software\rx_head_nios\timer.h">
      <Filter>Header files</Filter>
    </ClInclude>
    <ClInclude Include="software\rx_head_nios\tmp007.h">
      <Filter>Header files</Filter>
    </ClInclude>
    <ClInclude Include="software\rx_head_nios\trprintf.h">
      <Filter>Header files</Filter>
    </ClInclude>
    <ClInclude Include="software\rx_head_nios\TSEConfig.h">
      <Filter>Header files</Filter>
    </ClInclude>
    <ClInclude Include="software\rx_head_nios\uart.h">
      <Filter>Header files</Filter>
    </ClInclude>
    <ClInclude Include="software\rx_head_nios\version.h">
      <Filter>Header files</Filter>
    </ClInclude>
    <ClInclude Include="software\rx_head_nios\watchdog.h">
      <Filter>Header files</Filter>
    </ClInclude>
  </ItemGroup>
</Project>