<?xml version="1.0" encoding="utf-8"?>
<Project ToolsVersion="4.0" xmlns="http://schemas.microsoft.com/developer/msbuild/2003">
  <ItemGroup>
    <Filter Include="Source Files">
      <UniqueIdentifier>{4FC737F1-C7A5-4376-A066-2A32D752A2FF}</UniqueIdentifier>
      <Extensions>cpp;c;cc;cxx;def;odl;idl;hpj;bat;asm;asmx</Extensions>
    </Filter>
    <Filter Include="Header Files">
      <UniqueIdentifier>{93995380-89BD-4b04-88EB-625FBE52EBFB}</UniqueIdentifier>
      <Extensions>h;hh;hpp;hxx;hm;inl;inc;xsd</Extensions>
    </Filter>
    <Filter Include="Resource Files">
      <UniqueIdentifier>{67DA6AB6-F800-4c08-8B7A-83BB121AAD01}</UniqueIdentifier>
      <Extensions>rc;ico;cur;bmp;dlg;rc2;rct;bin;rgs;gif;jpg;jpeg;jpe;resx;tiff;tif;png;wav;mfcribbon-ms</Extensions>
    </Filter>
    <Filter Include="Make files">
      <UniqueIdentifier>{950456f1-6a71-4546-916d-8ea9cc66b255}</UniqueIdentifier>
    </Filter>
    <Filter Include="Linux Scripts">
      <UniqueIdentifier>{bb573b54-a0cb-42f3-b217-09bd266fd8a3}</UniqueIdentifier>
    </Filter>
    <Filter Include="mlpi">
      <UniqueIdentifier>{d33647aa-2ce4-4869-8e34-05c4b6ca98c2}</UniqueIdentifier>
    </Filter>
    <Filter Include="ftplib">
      <UniqueIdentifier>{9ad7330e-9879-4efc-8d71-bae66a070b22}</UniqueIdentifier>
    </Filter>
    <Filter Include="rx_ink_lib">
      <UniqueIdentifier>{0020ed97-8433-4d7c-a5db-b097896712e7}</UniqueIdentifier>
    </Filter>
  </ItemGroup>
  <ItemGroup>
    <ClInclude Include="boot_svr.h">
      <Filter>Header Files</Filter>
    </ClInclude>
    <ClInclude Include="ctrl_msg.h">
      <Filter>Header Files</Filter>
    </ClInclude>
    <ClInclude Include="ctrl_svr.h">
      <Filter>Header Files</Filter>
    </ClInclude>
    <ClInclude Include="gui_msg.h">
      <Filter>Header Files</Filter>
    </ClInclude>
    <ClInclude Include="gui_svr.h">
      <Filter>Header Files</Filter>
    </ClInclude>
    <ClInclude Include="network.h">
      <Filter>Header Files</Filter>
    </ClInclude>
    <ClInclude Include="print_ctrl.h">
      <Filter>Header Files</Filter>
    </ClInclude>
    <ClInclude Include="print_queue.h">
      <Filter>Header Files</Filter>
    </ClInclude>
    <ClInclude Include="rfs.h">
      <Filter>Header Files</Filter>
    </ClInclude>
    <ClInclude Include="setup.h">
      <Filter>Header Files</Filter>
    </ClInclude>
    <ClInclude Include="spool_svr.h">
      <Filter>Header Files</Filter>
    </ClInclude>
    <ClInclude Include="gcc_Debug-lx.h">
      <Filter>Header Files</Filter>
    </ClInclude>
    <ClInclude Include="es_rip.h">
      <Filter>Header Files</Filter>
    </ClInclude>
    <ClInclude Include="plc_ctrl.h">
      <Filter>Header Files</Filter>
    </ClInclude>
    <ClInclude Include="label.h">
      <Filter>Header Files</Filter>
    </ClInclude>
    <ClInclude Include="rip_clnt.h">
      <Filter>Header Files</Filter>
    </ClInclude>
    <ClInclude Include="matrix.h">
      <Filter>Header Files</Filter>
    </ClInclude>
    <ClInclude Include="rx_rexroth_lib\lc.h">
      <Filter>mlpi</Filter>
    </ClInclude>
    <ClInclude Include="rx_rexroth_lib\mlpi.h">
      <Filter>mlpi</Filter>
    </ClInclude>
    <ClInclude Include="rx_rexroth_lib\par.h">
      <Filter>mlpi</Filter>
    </ClInclude>
    <ClInclude Include="enc_ctrl.h">
      <Filter>Header Files</Filter>
    </ClInclude>
    <ClInclude Include="args.h">
      <Filter>Header Files</Filter>
    </ClInclude>
    <ClInclude Include="fluid_ctrl.h">
      <Filter>Header Files</Filter>
    </ClInclude>
    <ClInclude Include="machine_ctrl.h">
      <Filter>Header Files</Filter>
    </ClInclude>
    <ClInclude Include="datalogic.h">
      <Filter>Header Files</Filter>
    </ClInclude>
    <ClInclude Include="rx_rexroth_lib\rx_rexroth.h">
      <Filter>mlpi</Filter>
    </ClInclude>
    <ClInclude Include="step_ctrl.h">
      <Filter>Header Files</Filter>
    </ClInclude>
    <ClInclude Include="step_std.h">
      <Filter>Header Files</Filter>
    </ClInclude>
    <ClInclude Include="step_cleaf.h">
      <Filter>Header Files</Filter>
    </ClInclude>
    <ClInclude Include="..\rx_ink_lib\rx_ink_common.h">
      <Filter>rx_ink_lib</Filter>
    </ClInclude>
    <ClInclude Include="chiller.h">
      <Filter>Header Files</Filter>
    </ClInclude>
    <ClInclude Include="step_tx.h">
      <Filter>Header Files</Filter>
    </ClInclude>
    <ClInclude Include="step_lb.h">
      <Filter>Header Files</Filter>
    </ClInclude>
    <ClInclude Include="step_test.h">
      <Filter>Header Files</Filter>
    </ClInclude>
    <ClInclude Include="pe_main.h">
      <Filter>Header Files</Filter>
    </ClInclude>
    <ClInclude Include="cleaf_orders.h">
      <Filter>Header Files</Filter>
    </ClInclude>
    <ClInclude Include="ctr.h">
      <Filter>Header Files</Filter>
    </ClInclude>
    <ClInclude Include="prod_log.h">
      <Filter>Header Files</Filter>
    </ClInclude>
    <ClInclude Include="step_dp.h">
      <Filter>Header Files</Filter>
    </ClInclude>
    <ClInclude Include="siemens_ctrl.h">
      <Filter>Header Files</Filter>
    </ClInclude>
    <ClInclude Include="tcp_ip_bobst.h">
      <Filter>Header Files</Filter>
    </ClInclude>
  </ItemGroup>
  <ItemGroup>
    <ClCompile Include="boot_svr.c">
      <Filter>Source Files</Filter>
    </ClCompile>
    <ClCompile Include="ctrl_msg.c">
      <Filter>Source Files</Filter>
    </ClCompile>
    <ClCompile Include="ctrl_svr.c">
      <Filter>Source Files</Filter>
    </ClCompile>
    <ClCompile Include="gui_msg.c">
      <Filter>Source Files</Filter>
    </ClCompile>
    <ClCompile Include="gui_svr.c">
      <Filter>Source Files</Filter>
    </ClCompile>
    <ClCompile Include="network.c">
      <Filter>Source Files</Filter>
    </ClCompile>
    <ClCompile Include="print_ctrl.c">
      <Filter>Source Files</Filter>
    </ClCompile>
    <ClCompile Include="print_queue.c">
      <Filter>Source Files</Filter>
    </ClCompile>
    <ClCompile Include="rfs.c">
      <Filter>Source Files</Filter>
    </ClCompile>
    <ClCompile Include="setup.c">
      <Filter>Source Files</Filter>
    </ClCompile>
    <ClCompile Include="rx_main_ctrl.c">
      <Filter>Source Files</Filter>
    </ClCompile>
    <ClCompile Include="version.c">
      <Filter>Source Files</Filter>
    </ClCompile>
    <ClCompile Include="plc_ctrl.c">
      <Filter>Source Files</Filter>
    </ClCompile>
    <ClCompile Include="label.c">
      <Filter>Source Files</Filter>
    </ClCompile>
    <ClCompile Include="rx_rexroth_lib\app.cpp">
      <Filter>mlpi</Filter>
    </ClCompile>
    <ClCompile Include="rx_rexroth_lib\lc.cpp">
      <Filter>mlpi</Filter>
    </ClCompile>
    <ClCompile Include="rx_rexroth_lib\mlpi.cpp">
      <Filter>mlpi</Filter>
    </ClCompile>
    <ClCompile Include="rx_rexroth_lib\par.cpp">
      <Filter>mlpi</Filter>
    </ClCompile>
    <ClCompile Include="rx_rexroth_lib\sys.cpp">
      <Filter>mlpi</Filter>
    </ClCompile>
    <ClCompile Include="enc_ctrl.c">
      <Filter>Source Files</Filter>
    </ClCompile>
    <ClCompile Include="args.c">
      <Filter>Source Files</Filter>
    </ClCompile>
    <ClCompile Include="fluid_ctrl.c">
      <Filter>Source Files</Filter>
    </ClCompile>
    <ClCompile Include="rx_rexroth_lib\ftplib\ftp.c">
      <Filter>ftplib</Filter>
    </ClCompile>
    <ClCompile Include="rx_rexroth_lib\ftplib\ftplib.c">
      <Filter>ftplib</Filter>
    </ClCompile>
    <ClCompile Include="machine_ctrl.c">
      <Filter>Source Files</Filter>
    </ClCompile>
    <ClCompile Include="datalogic.c">
      <Filter>Source Files</Filter>
    </ClCompile>
    <ClCompile Include="step_ctrl.c">
      <Filter>Source Files</Filter>
    </ClCompile>
    <ClCompile Include="step_std.c">
      <Filter>Source Files</Filter>
    </ClCompile>
    <ClCompile Include="step_cleaf.c">
      <Filter>Source Files</Filter>
    </ClCompile>
    <ClCompile Include="..\rx_ink_lib\rx_ink_common.c">
      <Filter>rx_ink_lib</Filter>
    </ClCompile>
    <ClCompile Include="chiller.c">
      <Filter>Source Files</Filter>
    </ClCompile>
    <ClCompile Include="step_tx.c">
      <Filter>Source Files</Filter>
    </ClCompile>
    <ClCompile Include="step_lb.c">
      <Filter>Source Files</Filter>
    </ClCompile>
    <ClCompile Include="step_test.c">
      <Filter>Source Files</Filter>
    </ClCompile>
    <ClCompile Include="pe_main.c">
      <Filter>Source Files</Filter>
    </ClCompile>
    <ClCompile Include="cleaf_orders.c">
      <Filter>Source Files</Filter>
    </ClCompile>
    <ClCompile Include="spool_svr.c">
      <Filter>Source Files</Filter>
    </ClCompile>
    <ClCompile Include="ctr.c">
      <Filter>Source Files</Filter>
    </ClCompile>
    <ClCompile Include="prod_log.c">
      <Filter>Source Files</Filter>
    </ClCompile>
    <ClCompile Include="step_dp.c">
      <Filter>Source Files</Filter>
    </ClCompile>
    <ClCompile Include="siemens_ctrl.c">
      <Filter>Source Files</Filter>
    </ClCompile>
  </ItemGroup>
  <ItemGroup>
    <None Include="debug-lx.mak">
      <Filter>Make files</Filter>
    </None>
    <None Include="release-lx.mak">
      <Filter>Make files</Filter>
    </None>
    <None Include="RxMainCtrl.sh">
      <Filter>Linux Scripts</Filter>
    </None>
    <None Include="..\DebugRemote.props" />
    <None Include="Makefile">
      <Filter>Make files</Filter>
    </None>
    <None Include="rx_main_ctrl-Debug-lx.vgdbsettings">
      <Filter>Make files</Filter>
    </None>
    <None Include="rx_main_ctrl-Release-lx.vgdbsettings">
      <Filter>Make files</Filter>
    </None>
  </ItemGroup>
</Project>